// !$*UTF8*$!
{
	archiveVersion = 1;
	classes = {
	};
	objectVersion = 48;
	objects = {

/* Begin PBXBuildFile section */
		27075D61225786A400AD13AA /* SHReminderDTO.h in Headers */ = {isa = PBXBuildFile; fileRef = 27075D5F225786A400AD13AA /* SHReminderDTO.h */; settings = {ATTRIBUTES = (Public, ); }; };
		27075D62225786A400AD13AA /* SHReminderDTO.m in Sources */ = {isa = PBXBuildFile; fileRef = 27075D60225786A400AD13AA /* SHReminderDTO.m */; };
		27075D652259308800AD13AA /* SHHeroDTO.h in Headers */ = {isa = PBXBuildFile; fileRef = 27075D632259308800AD13AA /* SHHeroDTO.h */; settings = {ATTRIBUTES = (Public, ); }; };
		27075D662259308800AD13AA /* SHHeroDTO.m in Sources */ = {isa = PBXBuildFile; fileRef = 27075D642259308800AD13AA /* SHHeroDTO.m */; };
		27075D692259313B00AD13AA /* SHSectorDTO.h in Headers */ = {isa = PBXBuildFile; fileRef = 27075D672259313B00AD13AA /* SHSectorDTO.h */; settings = {ATTRIBUTES = (Public, ); }; };
		27075D6A2259313B00AD13AA /* SHSectorDTO.m in Sources */ = {isa = PBXBuildFile; fileRef = 27075D682259313B00AD13AA /* SHSectorDTO.m */; };
		27075D6D225963A700AD13AA /* SHMonsterDTO.h in Headers */ = {isa = PBXBuildFile; fileRef = 27075D6B225963A700AD13AA /* SHMonsterDTO.h */; settings = {ATTRIBUTES = (Public, ); }; };
		27075D6E225963A700AD13AA /* SHMonsterDTO.m in Sources */ = {isa = PBXBuildFile; fileRef = 27075D6C225963A700AD13AA /* SHMonsterDTO.m */; };
		27075D71225A695300AD13AA /* SHConfigDTO.h in Headers */ = {isa = PBXBuildFile; fileRef = 27075D6F225A695300AD13AA /* SHConfigDTO.h */; settings = {ATTRIBUTES = (Public, ); }; };
		27075D72225A695300AD13AA /* SHConfigDTO.m in Sources */ = {isa = PBXBuildFile; fileRef = 27075D70225A695300AD13AA /* SHConfigDTO.m */; };
		27300A002249BAD2006E419C /* SHMonster_Medium.h in Headers */ = {isa = PBXBuildFile; fileRef = 273009FE2249BAD2006E419C /* SHMonster_Medium.h */; settings = {ATTRIBUTES = (Public, ); }; };
		27300A012249BAD2006E419C /* SHMonster_Medium.m in Sources */ = {isa = PBXBuildFile; fileRef = 273009FF2249BAD2006E419C /* SHMonster_Medium.m */; };
		27300A04224AE713006E419C /* SHDaily_Medium.h in Headers */ = {isa = PBXBuildFile; fileRef = 27300A02224AE713006E419C /* SHDaily_Medium.h */; settings = {ATTRIBUTES = (Public, ); }; };
		27300A05224AE713006E419C /* SHDaily_Medium.m in Sources */ = {isa = PBXBuildFile; fileRef = 27300A03224AE713006E419C /* SHDaily_Medium.m */; };
		2733D212229065830090B7F1 /* SHDailyValidation.h in Headers */ = {isa = PBXBuildFile; fileRef = 2733D210229065830090B7F1 /* SHDailyValidation.h */; settings = {ATTRIBUTES = (Public, ); }; };
		2733D213229065830090B7F1 /* SHDailyValidation.c in Sources */ = {isa = PBXBuildFile; fileRef = 2733D211229065830090B7F1 /* SHDailyValidation.c */; };
		2736A6CA2214D7FC006CB907 /* SHSector_Medium.h in Headers */ = {isa = PBXBuildFile; fileRef = 2736A6C82214D7FC006CB907 /* SHSector_Medium.h */; settings = {ATTRIBUTES = (Public, ); }; };
		2736A6CB2214D7FC006CB907 /* SHSector_Medium.m in Sources */ = {isa = PBXBuildFile; fileRef = 2736A6C92214D7FC006CB907 /* SHSector_Medium.m */; };
		27397348226C09AD001590C6 /* libSHCore_C.a in Frameworks */ = {isa = PBXBuildFile; fileRef = 27397347226C09AD001590C6 /* libSHCore_C.a */; };
		2740A877226CE91B00ACD777 /* SHModels.postbuild.sh in Resources */ = {isa = PBXBuildFile; fileRef = 2740A876226CE91B00ACD777 /* SHModels.postbuild.sh */; };
		2740A88D226EB49800ACD777 /* SHTransaction_Medium.h in Headers */ = {isa = PBXBuildFile; fileRef = 2740A88B226EB49800ACD777 /* SHTransaction_Medium.h */; settings = {ATTRIBUTES = (Public, ); }; };
		2740A88E226EB49800ACD777 /* SHTransaction_Medium.m in Sources */ = {isa = PBXBuildFile; fileRef = 2740A88C226EB49800ACD777 /* SHTransaction_Medium.m */; };
		2740A894226FE38D00ACD777 /* SHTransaction.h in Headers */ = {isa = PBXBuildFile; fileRef = 2740A892226FE38D00ACD777 /* SHTransaction.h */; settings = {ATTRIBUTES = (Public, ); }; };
		2740A895226FE38D00ACD777 /* SHTransaction.m in Sources */ = {isa = PBXBuildFile; fileRef = 2740A893226FE38D00ACD777 /* SHTransaction.m */; };
		2747C2EF2043ADE000FB5669 /* SHModels.h in Headers */ = {isa = PBXBuildFile; fileRef = 2747C2ED2043ADE000FB5669 /* SHModels.h */; settings = {ATTRIBUTES = (Public, ); }; };
		2747C3AA2043B51300FB5669 /* SHDueDateItemProtocol.h in Headers */ = {isa = PBXBuildFile; fileRef = 2747C3A92043B51300FB5669 /* SHDueDateItemProtocol.h */; settings = {ATTRIBUTES = (Public, ); }; };
		2747C3BD2043B67200FB5669 /* SHRateTypeHelper.m in Sources */ = {isa = PBXBuildFile; fileRef = 2747C3BB2043B67200FB5669 /* SHRateTypeHelper.m */; };
		2747C3BE2043B67200FB5669 /* SHRateTypeHelper.h in Headers */ = {isa = PBXBuildFile; fileRef = 2747C3BC2043B67200FB5669 /* SHRateTypeHelper.h */; settings = {ATTRIBUTES = (Public, ); }; };
		2747C3C62043B83C00FB5669 /* SHStoryItemProtocol.h in Headers */ = {isa = PBXBuildFile; fileRef = 2747C3C52043B83C00FB5669 /* SHStoryItemProtocol.h */; settings = {ATTRIBUTES = (Public, ); }; };
		2747C3CE2043BACB00FB5669 /* SHMonsterInfoDictionary.m in Sources */ = {isa = PBXBuildFile; fileRef = 2747C3CA2043BACA00FB5669 /* SHMonsterInfoDictionary.m */; };
		2747C3CF2043BACB00FB5669 /* SHMonsterInfoDictionary.h in Headers */ = {isa = PBXBuildFile; fileRef = 2747C3CB2043BACA00FB5669 /* SHMonsterInfoDictionary.h */; settings = {ATTRIBUTES = (Public, ); }; };
		2747C3D02043BACB00FB5669 /* SHSectorInfoDictionary.m in Sources */ = {isa = PBXBuildFile; fileRef = 2747C3CC2043BACA00FB5669 /* SHSectorInfoDictionary.m */; };
		2747C3D12043BACB00FB5669 /* SHSectorInfoDictionary.h in Headers */ = {isa = PBXBuildFile; fileRef = 2747C3CD2043BACB00FB5669 /* SHSectorInfoDictionary.h */; settings = {ATTRIBUTES = (Public, ); }; };
		2747C4652046320E00FB5669 /* SHModelConstants.h in Headers */ = {isa = PBXBuildFile; fileRef = 2747C4632046320E00FB5669 /* SHModelConstants.h */; settings = {ATTRIBUTES = (Public, ); }; };
		2747C4662046320E00FB5669 /* SHModelConstants.m in Sources */ = {isa = PBXBuildFile; fileRef = 2747C4642046320E00FB5669 /* SHModelConstants.m */; };
		2747C4CE2048D8FE00FB5669 /* SectorInfo.plist in Resources */ = {isa = PBXBuildFile; fileRef = 2747C4CD2048D8FE00FB5669 /* SectorInfo.plist */; };
		2747C4D02048D90700FB5669 /* MonsterInfo.plist in Resources */ = {isa = PBXBuildFile; fileRef = 2747C4CF2048D90700FB5669 /* MonsterInfo.plist */; };
		2747C513204A471D00FB5669 /* SuffixList.plist in Resources */ = {isa = PBXBuildFile; fileRef = 2747C512204A471D00FB5669 /* SuffixList.plist */; };
		2748EE3A226B99B100514110 /* Model.xcdatamodeld in Sources */ = {isa = PBXBuildFile; fileRef = 275EB497226A668B00012784 /* Model.xcdatamodeld */; };
		274EFB66204E462E00CB3C4C /* SHModelTools.h in Headers */ = {isa = PBXBuildFile; fileRef = 274EFB64204E462E00CB3C4C /* SHModelTools.h */; settings = {ATTRIBUTES = (Public, ); }; };
		274EFB67204E462E00CB3C4C /* SHModelTools.m in Sources */ = {isa = PBXBuildFile; fileRef = 274EFB65204E462E00CB3C4C /* SHModelTools.m */; };
		275EB495226A613200012784 /* SHBundleKey.h in Headers */ = {isa = PBXBuildFile; fileRef = 275EB493226A613100012784 /* SHBundleKey.h */; settings = {ATTRIBUTES = (Public, ); }; };
		275EB496226A613200012784 /* SHBundleKey.m in Sources */ = {isa = PBXBuildFile; fileRef = 275EB494226A613100012784 /* SHBundleKey.m */; };
		2769C0B4227FD7C900217480 /* SHListRateItem.m in Sources */ = {isa = PBXBuildFile; fileRef = 2769C0B2227FD7C900217480 /* SHListRateItem.m */; };
		2769C0B7227FD86900217480 /* SHListRateItemCollection.h in Headers */ = {isa = PBXBuildFile; fileRef = 2769C0B5227FD86900217480 /* SHListRateItemCollection.h */; settings = {ATTRIBUTES = (Public, ); }; };
		2769C0B8227FD86900217480 /* SHListRateItemCollection.m in Sources */ = {isa = PBXBuildFile; fileRef = 2769C0B6227FD86900217480 /* SHListRateItemCollection.m */; };
		2769C0BA227FEB5C00217480 /* SHListRateItem.h in Headers */ = {isa = PBXBuildFile; fileRef = 2769C0B9227FEB5B00217480 /* SHListRateItem.h */; settings = {ATTRIBUTES = (Public, ); }; };
		2769C0FF2286106000217480 /* SHRangeRateItem.h in Headers */ = {isa = PBXBuildFile; fileRef = 2769C0FD2286106000217480 /* SHRangeRateItem.h */; settings = {ATTRIBUTES = (Public, ); }; };
		2769C1002286106000217480 /* SHRangeRateItem.m in Sources */ = {isa = PBXBuildFile; fileRef = 2769C0FE2286106000217480 /* SHRangeRateItem.m */; };
		2769C1022286347A00217480 /* libSHDatetime.a in Frameworks */ = {isa = PBXBuildFile; fileRef = 2769C1012286347A00217480 /* libSHDatetime.a */; };
		2769C117228E305500217480 /* SHDailyActiveDays.h in Headers */ = {isa = PBXBuildFile; fileRef = 2769C115228E305500217480 /* SHDailyActiveDays.h */; settings = {ATTRIBUTES = (Public, ); }; };
		2769C118228E305500217480 /* SHDailyActiveDays.m in Sources */ = {isa = PBXBuildFile; fileRef = 2769C116228E305500217480 /* SHDailyActiveDays.m */; };
		2781552E217D706F005C5279 /* StoryItems.plist in Resources */ = {isa = PBXBuildFile; fileRef = 2781552D217D706F005C5279 /* StoryItems.plist */; };
		27815533217D721C005C5279 /* SHInfoDictionary.h in Headers */ = {isa = PBXBuildFile; fileRef = 27815531217D721C005C5279 /* SHInfoDictionary.h */; settings = {ATTRIBUTES = (Public, ); }; };
		27815534217D721C005C5279 /* SHInfoDictionary.m in Sources */ = {isa = PBXBuildFile; fileRef = 27815532217D721C005C5279 /* SHInfoDictionary.m */; };
		2781553721805C88005C5279 /* SHStoryItemDictionary.h in Headers */ = {isa = PBXBuildFile; fileRef = 2781553521805C88005C5279 /* SHStoryItemDictionary.h */; settings = {ATTRIBUTES = (Public, ); }; };
		2781553821805C88005C5279 /* SHStoryItemDictionary.m in Sources */ = {isa = PBXBuildFile; fileRef = 2781553621805C88005C5279 /* SHStoryItemDictionary.m */; };
		2787044522729F77009C9DD6 /* SHModelError.h in Headers */ = {isa = PBXBuildFile; fileRef = 2787044322729F77009C9DD6 /* SHModelError.h */; settings = {ATTRIBUTES = (Public, ); }; };
		2787044622729F77009C9DD6 /* SHModelError.m in Sources */ = {isa = PBXBuildFile; fileRef = 2787044422729F77009C9DD6 /* SHModelError.m */; };
		2789889622F77B64007231E0 /* SHDailyMaxDaysBeforeSpanCalculator.h in Headers */ = {isa = PBXBuildFile; fileRef = 2789889422F77B64007231E0 /* SHDailyMaxDaysBeforeSpanCalculator.h */; settings = {ATTRIBUTES = (Public, ); }; };
		2789889722F77B64007231E0 /* SHDailyMaxDaysBeforeSpanCalculator.m in Sources */ = {isa = PBXBuildFile; fileRef = 2789889522F77B64007231E0 /* SHDailyMaxDaysBeforeSpanCalculator.m */; };
		27B15A9F20524B4F0045B226 /* SHCommon.framework in Frameworks */ = {isa = PBXBuildFile; fileRef = 27B15A9E20524B4F0045B226 /* SHCommon.framework */; };
		27B15AA120524B5D0045B226 /* SHData.framework in Frameworks */ = {isa = PBXBuildFile; fileRef = 27B15AA020524B5D0045B226 /* SHData.framework */; };
		27B15AA320524B6B0045B226 /* SHGlobal.framework in Frameworks */ = {isa = PBXBuildFile; fileRef = 27B15AA220524B6B0045B226 /* SHGlobal.framework */; };
		27B2B31C22FFA5F300663644 /* SHTitleProtocol.h in Headers */ = {isa = PBXBuildFile; fileRef = 27B2B31B22FFA5F300663644 /* SHTitleProtocol.h */; settings = {ATTRIBUTES = (Public, ); }; };
		27BF501E22F77139005096BA /* SHDailyNextDueDateCalculator.h in Headers */ = {isa = PBXBuildFile; fileRef = 27BF501C22F77139005096BA /* SHDailyNextDueDateCalculator.h */; settings = {ATTRIBUTES = (Public, ); }; };
		27BF501F22F77139005096BA /* SHDailyNextDueDateCalculator.m in Sources */ = {isa = PBXBuildFile; fileRef = 27BF501D22F77139005096BA /* SHDailyNextDueDateCalculator.m */; };
		27CA863A22627D3D00AE8FDB /* SHDailyDTO.h in Headers */ = {isa = PBXBuildFile; fileRef = 27CA863822627D3D00AE8FDB /* SHDailyDTO.h */; settings = {ATTRIBUTES = (Public, ); }; };
		27CA863B22627D3D00AE8FDB /* SHDailyDTO.m in Sources */ = {isa = PBXBuildFile; fileRef = 27CA863922627D3D00AE8FDB /* SHDailyDTO.m */; };
		27CA868D2264207A00AE8FDB /* SHDailySubTask.h in Headers */ = {isa = PBXBuildFile; fileRef = 27CA86412264207A00AE8FDB /* SHDailySubTask.h */; settings = {ATTRIBUTES = (Public, ); }; };
		27CA868F2264207A00AE8FDB /* SHDaily.m in Sources */ = {isa = PBXBuildFile; fileRef = 27CA86432264207A00AE8FDB /* SHDaily.m */; };
		27CA86912264207A00AE8FDB /* SHHero.h in Headers */ = {isa = PBXBuildFile; fileRef = 27CA86452264207A00AE8FDB /* SHHero.h */; settings = {ATTRIBUTES = (Public, ); }; };
		27CA86962264207A00AE8FDB /* SHReminder.m in Sources */ = {isa = PBXBuildFile; fileRef = 27CA864A2264207A00AE8FDB /* SHReminder.m */; };
		27CA869A2264207A00AE8FDB /* SHSuffix.m in Sources */ = {isa = PBXBuildFile; fileRef = 27CA864E2264207A00AE8FDB /* SHSuffix.m */; };
		27CA869B2264207A00AE8FDB /* SHCategory.m in Sources */ = {isa = PBXBuildFile; fileRef = 27CA864F2264207A00AE8FDB /* SHCategory.m */; };
		27CA869D2264207A00AE8FDB /* SHConfig.m in Sources */ = {isa = PBXBuildFile; fileRef = 27CA86512264207A00AE8FDB /* SHConfig.m */; };
		27CA869F2264207A00AE8FDB /* SHSector.h in Headers */ = {isa = PBXBuildFile; fileRef = 27CA86532264207A00AE8FDB /* SHSector.h */; settings = {ATTRIBUTES = (Public, ); }; };
		27CA86A22264207A00AE8FDB /* SHTeapot.h in Headers */ = {isa = PBXBuildFile; fileRef = 27CA86562264207A00AE8FDB /* SHTeapot.h */; settings = {ATTRIBUTES = (Public, ); }; };
		27CA86A42264207A00AE8FDB /* SHCounter.m in Sources */ = {isa = PBXBuildFile; fileRef = 27CA86582264207A00AE8FDB /* SHCounter.m */; };
		27CA86A92264207A00AE8FDB /* SHTodo.h in Headers */ = {isa = PBXBuildFile; fileRef = 27CA865D2264207A00AE8FDB /* SHTodo.h */; settings = {ATTRIBUTES = (Public, ); }; };
		27CA86AB2264207A00AE8FDB /* SHItem.h in Headers */ = {isa = PBXBuildFile; fileRef = 27CA865F2264207A00AE8FDB /* SHItem.h */; settings = {ATTRIBUTES = (Public, ); }; };
		27CA86AD2264207A00AE8FDB /* SHMonster.h in Headers */ = {isa = PBXBuildFile; fileRef = 27CA86612264207A00AE8FDB /* SHMonster.h */; settings = {ATTRIBUTES = (Public, ); }; };
		27CA86B42264207A00AE8FDB /* SHHero.m in Sources */ = {isa = PBXBuildFile; fileRef = 27CA86682264207A00AE8FDB /* SHHero.m */; };
		27CA86B62264207A00AE8FDB /* SHDaily.h in Headers */ = {isa = PBXBuildFile; fileRef = 27CA866A2264207A00AE8FDB /* SHDaily.h */; settings = {ATTRIBUTES = (Public, ); }; };
		27CA86B82264207A00AE8FDB /* SHDailySubTask.m in Sources */ = {isa = PBXBuildFile; fileRef = 27CA866C2264207A00AE8FDB /* SHDailySubTask.m */; };
		27CA86BA2264207A00AE8FDB /* SHSuffix.h in Headers */ = {isa = PBXBuildFile; fileRef = 27CA866E2264207A00AE8FDB /* SHSuffix.h */; settings = {ATTRIBUTES = (Public, ); }; };
		27CA86BB2264207A00AE8FDB /* SHCategory.h in Headers */ = {isa = PBXBuildFile; fileRef = 27CA866F2264207A00AE8FDB /* SHCategory.h */; settings = {ATTRIBUTES = (Public, ); }; };
		27CA86BF2264207A00AE8FDB /* SHReminder.h in Headers */ = {isa = PBXBuildFile; fileRef = 27CA86732264207A00AE8FDB /* SHReminder.h */; settings = {ATTRIBUTES = (Public, ); }; };
		27CA86C52264207A00AE8FDB /* SHCounter.h in Headers */ = {isa = PBXBuildFile; fileRef = 27CA86792264207A00AE8FDB /* SHCounter.h */; settings = {ATTRIBUTES = (Public, ); }; };
		27CA86C72264207A00AE8FDB /* SHTeapot.m in Sources */ = {isa = PBXBuildFile; fileRef = 27CA867B2264207A00AE8FDB /* SHTeapot.m */; };
		27CA86CA2264207A00AE8FDB /* SHSector.m in Sources */ = {isa = PBXBuildFile; fileRef = 27CA867E2264207A00AE8FDB /* SHSector.m */; };
		27CA86CC2264207A00AE8FDB /* SHConfig.h in Headers */ = {isa = PBXBuildFile; fileRef = 27CA86802264207A00AE8FDB /* SHConfig.h */; settings = {ATTRIBUTES = (Public, ); }; };
		27CA86D22264207A00AE8FDB /* SHMonster.m in Sources */ = {isa = PBXBuildFile; fileRef = 27CA86862264207A00AE8FDB /* SHMonster.m */; };
		27CA86D42264207A00AE8FDB /* SHTodo.m in Sources */ = {isa = PBXBuildFile; fileRef = 27CA86882264207A00AE8FDB /* SHTodo.m */; };
		27CA86D62264207A00AE8FDB /* SHItem.m in Sources */ = {isa = PBXBuildFile; fileRef = 27CA868A2264207A00AE8FDB /* SHItem.m */; };
/* End PBXBuildFile section */

/* Begin PBXCopyFilesBuildPhase section */
		27A34620226B9BFE0013859C /* CopyFiles */ = {
			isa = PBXCopyFilesBuildPhase;
			buildActionMask = 2147483647;
			dstPath = "";
			dstSubfolderSpec = 7;
			files = (
			);
			runOnlyForDeploymentPostprocessing = 0;
		};
/* End PBXCopyFilesBuildPhase section */

/* Begin PBXFileReference section */
		27075D5F225786A400AD13AA /* SHReminderDTO.h */ = {isa = PBXFileReference; lastKnownFileType = sourcecode.c.h; path = SHReminderDTO.h; sourceTree = "<group>"; };
		27075D60225786A400AD13AA /* SHReminderDTO.m */ = {isa = PBXFileReference; lastKnownFileType = sourcecode.c.objc; path = SHReminderDTO.m; sourceTree = "<group>"; };
		27075D632259308800AD13AA /* SHHeroDTO.h */ = {isa = PBXFileReference; lastKnownFileType = sourcecode.c.h; path = SHHeroDTO.h; sourceTree = "<group>"; };
		27075D642259308800AD13AA /* SHHeroDTO.m */ = {isa = PBXFileReference; lastKnownFileType = sourcecode.c.objc; path = SHHeroDTO.m; sourceTree = "<group>"; };
		27075D672259313B00AD13AA /* SHSectorDTO.h */ = {isa = PBXFileReference; lastKnownFileType = sourcecode.c.h; path = SHSectorDTO.h; sourceTree = "<group>"; };
		27075D682259313B00AD13AA /* SHSectorDTO.m */ = {isa = PBXFileReference; lastKnownFileType = sourcecode.c.objc; path = SHSectorDTO.m; sourceTree = "<group>"; };
		27075D6B225963A700AD13AA /* SHMonsterDTO.h */ = {isa = PBXFileReference; lastKnownFileType = sourcecode.c.h; path = SHMonsterDTO.h; sourceTree = "<group>"; };
		27075D6C225963A700AD13AA /* SHMonsterDTO.m */ = {isa = PBXFileReference; lastKnownFileType = sourcecode.c.objc; path = SHMonsterDTO.m; sourceTree = "<group>"; };
		27075D6F225A695300AD13AA /* SHConfigDTO.h */ = {isa = PBXFileReference; lastKnownFileType = sourcecode.c.h; path = SHConfigDTO.h; sourceTree = "<group>"; };
		27075D70225A695300AD13AA /* SHConfigDTO.m */ = {isa = PBXFileReference; lastKnownFileType = sourcecode.c.objc; path = SHConfigDTO.m; sourceTree = "<group>"; };
		273009FE2249BAD2006E419C /* SHMonster_Medium.h */ = {isa = PBXFileReference; lastKnownFileType = sourcecode.c.h; path = SHMonster_Medium.h; sourceTree = "<group>"; };
		273009FF2249BAD2006E419C /* SHMonster_Medium.m */ = {isa = PBXFileReference; lastKnownFileType = sourcecode.c.objc; path = SHMonster_Medium.m; sourceTree = "<group>"; };
		27300A02224AE713006E419C /* SHDaily_Medium.h */ = {isa = PBXFileReference; lastKnownFileType = sourcecode.c.h; path = SHDaily_Medium.h; sourceTree = "<group>"; };
		27300A03224AE713006E419C /* SHDaily_Medium.m */ = {isa = PBXFileReference; lastKnownFileType = sourcecode.c.objc; path = SHDaily_Medium.m; sourceTree = "<group>"; };
		2733D210229065830090B7F1 /* SHDailyValidation.h */ = {isa = PBXFileReference; lastKnownFileType = sourcecode.c.h; path = SHDailyValidation.h; sourceTree = "<group>"; };
		2733D211229065830090B7F1 /* SHDailyValidation.c */ = {isa = PBXFileReference; lastKnownFileType = sourcecode.c.c; path = SHDailyValidation.c; sourceTree = "<group>"; };
		2736A6C82214D7FC006CB907 /* SHSector_Medium.h */ = {isa = PBXFileReference; lastKnownFileType = sourcecode.c.h; path = SHSector_Medium.h; sourceTree = "<group>"; };
		2736A6C92214D7FC006CB907 /* SHSector_Medium.m */ = {isa = PBXFileReference; lastKnownFileType = sourcecode.c.objc; path = SHSector_Medium.m; sourceTree = "<group>"; };
		27397347226C09AD001590C6 /* libSHCore_C.a */ = {isa = PBXFileReference; explicitFileType = archive.ar; path = libSHCore_C.a; sourceTree = BUILT_PRODUCTS_DIR; };
		2740A873226CE3CB00ACD777 /* SHModels.prebuild.sh */ = {isa = PBXFileReference; lastKnownFileType = text.script.sh; path = SHModels.prebuild.sh; sourceTree = "<group>"; };
		2740A876226CE91B00ACD777 /* SHModels.postbuild.sh */ = {isa = PBXFileReference; fileEncoding = 4; lastKnownFileType = text.script.sh; path = SHModels.postbuild.sh; sourceTree = "<group>"; };
		2740A88B226EB49800ACD777 /* SHTransaction_Medium.h */ = {isa = PBXFileReference; lastKnownFileType = sourcecode.c.h; path = SHTransaction_Medium.h; sourceTree = "<group>"; };
		2740A88C226EB49800ACD777 /* SHTransaction_Medium.m */ = {isa = PBXFileReference; lastKnownFileType = sourcecode.c.objc; path = SHTransaction_Medium.m; sourceTree = "<group>"; };
		2740A892226FE38D00ACD777 /* SHTransaction.h */ = {isa = PBXFileReference; lastKnownFileType = sourcecode.c.h; path = SHTransaction.h; sourceTree = "<group>"; };
		2740A893226FE38D00ACD777 /* SHTransaction.m */ = {isa = PBXFileReference; lastKnownFileType = sourcecode.c.objc; path = SHTransaction.m; sourceTree = "<group>"; };
		2747C2EA2043ADE000FB5669 /* SHModels.framework */ = {isa = PBXFileReference; explicitFileType = wrapper.framework; includeInIndex = 0; path = SHModels.framework; sourceTree = BUILT_PRODUCTS_DIR; };
		2747C2ED2043ADE000FB5669 /* SHModels.h */ = {isa = PBXFileReference; lastKnownFileType = sourcecode.c.h; path = SHModels.h; sourceTree = "<group>"; };
		2747C2EE2043ADE000FB5669 /* Info.plist */ = {isa = PBXFileReference; lastKnownFileType = text.plist.xml; path = Info.plist; sourceTree = "<group>"; };
		2747C3A92043B51300FB5669 /* SHDueDateItemProtocol.h */ = {isa = PBXFileReference; fileEncoding = 4; lastKnownFileType = sourcecode.c.h; path = SHDueDateItemProtocol.h; sourceTree = "<group>"; };
		2747C3BB2043B67200FB5669 /* SHRateTypeHelper.m */ = {isa = PBXFileReference; fileEncoding = 4; lastKnownFileType = sourcecode.c.objc; path = SHRateTypeHelper.m; sourceTree = "<group>"; };
		2747C3BC2043B67200FB5669 /* SHRateTypeHelper.h */ = {isa = PBXFileReference; fileEncoding = 4; lastKnownFileType = sourcecode.c.h; path = SHRateTypeHelper.h; sourceTree = "<group>"; };
		2747C3C52043B83C00FB5669 /* SHStoryItemProtocol.h */ = {isa = PBXFileReference; fileEncoding = 4; lastKnownFileType = sourcecode.c.h; path = SHStoryItemProtocol.h; sourceTree = "<group>"; };
		2747C3CA2043BACA00FB5669 /* SHMonsterInfoDictionary.m */ = {isa = PBXFileReference; fileEncoding = 4; lastKnownFileType = sourcecode.c.objc; path = SHMonsterInfoDictionary.m; sourceTree = "<group>"; };
		2747C3CB2043BACA00FB5669 /* SHMonsterInfoDictionary.h */ = {isa = PBXFileReference; fileEncoding = 4; lastKnownFileType = sourcecode.c.h; path = SHMonsterInfoDictionary.h; sourceTree = "<group>"; };
		2747C3CC2043BACA00FB5669 /* SHSectorInfoDictionary.m */ = {isa = PBXFileReference; fileEncoding = 4; lastKnownFileType = sourcecode.c.objc; path = SHSectorInfoDictionary.m; sourceTree = "<group>"; };
		2747C3CD2043BACB00FB5669 /* SHSectorInfoDictionary.h */ = {isa = PBXFileReference; fileEncoding = 4; lastKnownFileType = sourcecode.c.h; path = SHSectorInfoDictionary.h; sourceTree = "<group>"; };
		2747C4632046320E00FB5669 /* SHModelConstants.h */ = {isa = PBXFileReference; lastKnownFileType = sourcecode.c.h; path = SHModelConstants.h; sourceTree = "<group>"; };
		2747C4642046320E00FB5669 /* SHModelConstants.m */ = {isa = PBXFileReference; lastKnownFileType = sourcecode.c.objc; path = SHModelConstants.m; sourceTree = "<group>"; };
		2747C4CD2048D8FE00FB5669 /* SectorInfo.plist */ = {isa = PBXFileReference; fileEncoding = 4; lastKnownFileType = text.plist.xml; path = SectorInfo.plist; sourceTree = "<group>"; };
		2747C4CF2048D90700FB5669 /* MonsterInfo.plist */ = {isa = PBXFileReference; fileEncoding = 4; lastKnownFileType = text.plist.xml; path = MonsterInfo.plist; sourceTree = "<group>"; };
		2747C512204A471D00FB5669 /* SuffixList.plist */ = {isa = PBXFileReference; fileEncoding = 4; lastKnownFileType = text.plist.xml; path = SuffixList.plist; sourceTree = "<group>"; };
		274EFB64204E462E00CB3C4C /* SHModelTools.h */ = {isa = PBXFileReference; lastKnownFileType = sourcecode.c.h; path = SHModelTools.h; sourceTree = "<group>"; };
		274EFB65204E462E00CB3C4C /* SHModelTools.m */ = {isa = PBXFileReference; lastKnownFileType = sourcecode.c.objc; path = SHModelTools.m; sourceTree = "<group>"; };
		275EB493226A613100012784 /* SHBundleKey.h */ = {isa = PBXFileReference; lastKnownFileType = sourcecode.c.h; path = SHBundleKey.h; sourceTree = "<group>"; };
		275EB494226A613100012784 /* SHBundleKey.m */ = {isa = PBXFileReference; lastKnownFileType = sourcecode.c.objc; path = SHBundleKey.m; sourceTree = "<group>"; };
		275EB498226A668B00012784 /* Model 30.xcdatamodel */ = {isa = PBXFileReference; lastKnownFileType = wrapper.xcdatamodel; path = "Model 30.xcdatamodel"; sourceTree = "<group>"; };
		275EB499226A668B00012784 /* Model 33.xcdatamodel */ = {isa = PBXFileReference; lastKnownFileType = wrapper.xcdatamodel; path = "Model 33.xcdatamodel"; sourceTree = "<group>"; };
		275EB49A226A668B00012784 /* Model 31.xcdatamodel */ = {isa = PBXFileReference; lastKnownFileType = wrapper.xcdatamodel; path = "Model 31.xcdatamodel"; sourceTree = "<group>"; };
		275EB49B226A668B00012784 /* Model 32.xcdatamodel */ = {isa = PBXFileReference; lastKnownFileType = wrapper.xcdatamodel; path = "Model 32.xcdatamodel"; sourceTree = "<group>"; };
		275EB49C226A668B00012784 /* Model.xcdatamodel */ = {isa = PBXFileReference; lastKnownFileType = wrapper.xcdatamodel; path = Model.xcdatamodel; sourceTree = "<group>"; };
		2769C0B2227FD7C900217480 /* SHListRateItem.m */ = {isa = PBXFileReference; lastKnownFileType = sourcecode.c.objc; path = SHListRateItem.m; sourceTree = "<group>"; };
		2769C0B5227FD86900217480 /* SHListRateItemCollection.h */ = {isa = PBXFileReference; lastKnownFileType = sourcecode.c.h; path = SHListRateItemCollection.h; sourceTree = "<group>"; };
		2769C0B6227FD86900217480 /* SHListRateItemCollection.m */ = {isa = PBXFileReference; lastKnownFileType = sourcecode.c.objc; path = SHListRateItemCollection.m; sourceTree = "<group>"; };
		2769C0B9227FEB5B00217480 /* SHListRateItem.h */ = {isa = PBXFileReference; fileEncoding = 4; lastKnownFileType = sourcecode.c.h; path = SHListRateItem.h; sourceTree = "<group>"; };
		2769C0FD2286106000217480 /* SHRangeRateItem.h */ = {isa = PBXFileReference; lastKnownFileType = sourcecode.c.h; path = SHRangeRateItem.h; sourceTree = "<group>"; };
		2769C0FE2286106000217480 /* SHRangeRateItem.m */ = {isa = PBXFileReference; lastKnownFileType = sourcecode.c.objc; path = SHRangeRateItem.m; sourceTree = "<group>"; };
		2769C1012286347A00217480 /* libSHDatetime.a */ = {isa = PBXFileReference; explicitFileType = archive.ar; path = libSHDatetime.a; sourceTree = BUILT_PRODUCTS_DIR; };
		2769C115228E305500217480 /* SHDailyActiveDays.h */ = {isa = PBXFileReference; lastKnownFileType = sourcecode.c.h; path = SHDailyActiveDays.h; sourceTree = "<group>"; };
		2769C116228E305500217480 /* SHDailyActiveDays.m */ = {isa = PBXFileReference; lastKnownFileType = sourcecode.c.objc; path = SHDailyActiveDays.m; sourceTree = "<group>"; };
		2781552D217D706F005C5279 /* StoryItems.plist */ = {isa = PBXFileReference; lastKnownFileType = text.plist.xml; path = StoryItems.plist; sourceTree = "<group>"; };
		27815531217D721C005C5279 /* SHInfoDictionary.h */ = {isa = PBXFileReference; lastKnownFileType = sourcecode.c.h; path = SHInfoDictionary.h; sourceTree = "<group>"; };
		27815532217D721C005C5279 /* SHInfoDictionary.m */ = {isa = PBXFileReference; lastKnownFileType = sourcecode.c.objc; path = SHInfoDictionary.m; sourceTree = "<group>"; };
		2781553521805C88005C5279 /* SHStoryItemDictionary.h */ = {isa = PBXFileReference; lastKnownFileType = sourcecode.c.h; path = SHStoryItemDictionary.h; sourceTree = "<group>"; };
		2781553621805C88005C5279 /* SHStoryItemDictionary.m */ = {isa = PBXFileReference; lastKnownFileType = sourcecode.c.objc; path = SHStoryItemDictionary.m; sourceTree = "<group>"; };
		2787044322729F77009C9DD6 /* SHModelError.h */ = {isa = PBXFileReference; lastKnownFileType = sourcecode.c.h; path = SHModelError.h; sourceTree = "<group>"; };
		2787044422729F77009C9DD6 /* SHModelError.m */ = {isa = PBXFileReference; lastKnownFileType = sourcecode.c.objc; path = SHModelError.m; sourceTree = "<group>"; };
		2789889422F77B64007231E0 /* SHDailyMaxDaysBeforeSpanCalculator.h */ = {isa = PBXFileReference; lastKnownFileType = sourcecode.c.h; path = SHDailyMaxDaysBeforeSpanCalculator.h; sourceTree = "<group>"; };
		2789889522F77B64007231E0 /* SHDailyMaxDaysBeforeSpanCalculator.m */ = {isa = PBXFileReference; lastKnownFileType = sourcecode.c.objc; path = SHDailyMaxDaysBeforeSpanCalculator.m; sourceTree = "<group>"; };
		278FFDA5222B30FA00DAF985 /* SHModels.debug.xcconfig */ = {isa = PBXFileReference; lastKnownFileType = text.xcconfig; path = SHModels.debug.xcconfig; sourceTree = "<group>"; };
		27B0B1F42223A8E20028AF59 /* SHModels.base.xcconfig */ = {isa = PBXFileReference; lastKnownFileType = text.xcconfig; path = SHModels.base.xcconfig; sourceTree = "<group>"; };
		27B15A9E20524B4F0045B226 /* SHCommon.framework */ = {isa = PBXFileReference; lastKnownFileType = wrapper.framework; name = SHCommon.framework; path = "../../spacehabitrpg_output/Build/Products/Debug-iphoneos/SHCommon.framework"; sourceTree = "<group>"; };
		27B15AA020524B5D0045B226 /* SHData.framework */ = {isa = PBXFileReference; lastKnownFileType = wrapper.framework; name = SHData.framework; path = "../../spacehabitrpg_output/Build/Products/Debug-iphoneos/SHData.framework"; sourceTree = "<group>"; };
		27B15AA220524B6B0045B226 /* SHGlobal.framework */ = {isa = PBXFileReference; lastKnownFileType = wrapper.framework; name = SHGlobal.framework; path = "../../spacehabitrpg_output/Build/Products/Debug-iphoneos/SHGlobal.framework"; sourceTree = "<group>"; };
		27B2B31B22FFA5F300663644 /* SHTitleProtocol.h */ = {isa = PBXFileReference; lastKnownFileType = sourcecode.c.h; path = SHTitleProtocol.h; sourceTree = "<group>"; };
		27BF501C22F77139005096BA /* SHDailyNextDueDateCalculator.h */ = {isa = PBXFileReference; lastKnownFileType = sourcecode.c.h; path = SHDailyNextDueDateCalculator.h; sourceTree = "<group>"; };
		27BF501D22F77139005096BA /* SHDailyNextDueDateCalculator.m */ = {isa = PBXFileReference; lastKnownFileType = sourcecode.c.objc; path = SHDailyNextDueDateCalculator.m; sourceTree = "<group>"; };
		27CA863822627D3D00AE8FDB /* SHDailyDTO.h */ = {isa = PBXFileReference; lastKnownFileType = sourcecode.c.h; path = SHDailyDTO.h; sourceTree = "<group>"; };
		27CA863922627D3D00AE8FDB /* SHDailyDTO.m */ = {isa = PBXFileReference; lastKnownFileType = sourcecode.c.objc; path = SHDailyDTO.m; sourceTree = "<group>"; };
		27CA86412264207A00AE8FDB /* SHDailySubTask.h */ = {isa = PBXFileReference; fileEncoding = 4; lastKnownFileType = sourcecode.c.h; path = SHDailySubTask.h; sourceTree = "<group>"; };
		27CA86432264207A00AE8FDB /* SHDaily.m */ = {isa = PBXFileReference; fileEncoding = 4; lastKnownFileType = sourcecode.c.objc; path = SHDaily.m; sourceTree = "<group>"; };
		27CA86452264207A00AE8FDB /* SHHero.h */ = {isa = PBXFileReference; fileEncoding = 4; lastKnownFileType = sourcecode.c.h; path = SHHero.h; sourceTree = "<group>"; };
		27CA864A2264207A00AE8FDB /* SHReminder.m */ = {isa = PBXFileReference; fileEncoding = 4; lastKnownFileType = sourcecode.c.objc; path = SHReminder.m; sourceTree = "<group>"; };
		27CA864E2264207A00AE8FDB /* SHSuffix.m */ = {isa = PBXFileReference; fileEncoding = 4; lastKnownFileType = sourcecode.c.objc; path = SHSuffix.m; sourceTree = "<group>"; };
		27CA864F2264207A00AE8FDB /* SHCategory.m */ = {isa = PBXFileReference; fileEncoding = 4; lastKnownFileType = sourcecode.c.objc; path = SHCategory.m; sourceTree = "<group>"; };
		27CA86512264207A00AE8FDB /* SHConfig.m */ = {isa = PBXFileReference; fileEncoding = 4; lastKnownFileType = sourcecode.c.objc; path = SHConfig.m; sourceTree = "<group>"; };
		27CA86532264207A00AE8FDB /* SHSector.h */ = {isa = PBXFileReference; fileEncoding = 4; lastKnownFileType = sourcecode.c.h; path = SHSector.h; sourceTree = "<group>"; };
		27CA86562264207A00AE8FDB /* SHTeapot.h */ = {isa = PBXFileReference; fileEncoding = 4; lastKnownFileType = sourcecode.c.h; path = SHTeapot.h; sourceTree = "<group>"; };
		27CA86582264207A00AE8FDB /* SHCounter.m */ = {isa = PBXFileReference; fileEncoding = 4; lastKnownFileType = sourcecode.c.objc; path = SHCounter.m; sourceTree = "<group>"; };
		27CA865D2264207A00AE8FDB /* SHTodo.h */ = {isa = PBXFileReference; fileEncoding = 4; lastKnownFileType = sourcecode.c.h; path = SHTodo.h; sourceTree = "<group>"; };
		27CA865F2264207A00AE8FDB /* SHItem.h */ = {isa = PBXFileReference; fileEncoding = 4; lastKnownFileType = sourcecode.c.h; path = SHItem.h; sourceTree = "<group>"; };
		27CA86612264207A00AE8FDB /* SHMonster.h */ = {isa = PBXFileReference; fileEncoding = 4; lastKnownFileType = sourcecode.c.h; path = SHMonster.h; sourceTree = "<group>"; };
		27CA86682264207A00AE8FDB /* SHHero.m */ = {isa = PBXFileReference; fileEncoding = 4; lastKnownFileType = sourcecode.c.objc; path = SHHero.m; sourceTree = "<group>"; };
		27CA866A2264207A00AE8FDB /* SHDaily.h */ = {isa = PBXFileReference; fileEncoding = 4; lastKnownFileType = sourcecode.c.h; path = SHDaily.h; sourceTree = "<group>"; };
		27CA866C2264207A00AE8FDB /* SHDailySubTask.m */ = {isa = PBXFileReference; fileEncoding = 4; lastKnownFileType = sourcecode.c.objc; path = SHDailySubTask.m; sourceTree = "<group>"; };
		27CA866E2264207A00AE8FDB /* SHSuffix.h */ = {isa = PBXFileReference; fileEncoding = 4; lastKnownFileType = sourcecode.c.h; path = SHSuffix.h; sourceTree = "<group>"; };
		27CA866F2264207A00AE8FDB /* SHCategory.h */ = {isa = PBXFileReference; fileEncoding = 4; lastKnownFileType = sourcecode.c.h; path = SHCategory.h; sourceTree = "<group>"; };
		27CA86732264207A00AE8FDB /* SHReminder.h */ = {isa = PBXFileReference; fileEncoding = 4; lastKnownFileType = sourcecode.c.h; path = SHReminder.h; sourceTree = "<group>"; };
		27CA86792264207A00AE8FDB /* SHCounter.h */ = {isa = PBXFileReference; fileEncoding = 4; lastKnownFileType = sourcecode.c.h; path = SHCounter.h; sourceTree = "<group>"; };
		27CA867B2264207A00AE8FDB /* SHTeapot.m */ = {isa = PBXFileReference; fileEncoding = 4; lastKnownFileType = sourcecode.c.objc; path = SHTeapot.m; sourceTree = "<group>"; };
		27CA867E2264207A00AE8FDB /* SHSector.m */ = {isa = PBXFileReference; fileEncoding = 4; lastKnownFileType = sourcecode.c.objc; path = SHSector.m; sourceTree = "<group>"; };
		27CA86802264207A00AE8FDB /* SHConfig.h */ = {isa = PBXFileReference; fileEncoding = 4; lastKnownFileType = sourcecode.c.h; path = SHConfig.h; sourceTree = "<group>"; };
		27CA86862264207A00AE8FDB /* SHMonster.m */ = {isa = PBXFileReference; fileEncoding = 4; lastKnownFileType = sourcecode.c.objc; path = SHMonster.m; sourceTree = "<group>"; };
		27CA86882264207A00AE8FDB /* SHTodo.m */ = {isa = PBXFileReference; fileEncoding = 4; lastKnownFileType = sourcecode.c.objc; path = SHTodo.m; sourceTree = "<group>"; };
		27CA868A2264207A00AE8FDB /* SHItem.m */ = {isa = PBXFileReference; fileEncoding = 4; lastKnownFileType = sourcecode.c.objc; path = SHItem.m; sourceTree = "<group>"; };
/* End PBXFileReference section */

/* Begin PBXFrameworksBuildPhase section */
		2747C2E62043ADE000FB5669 /* Frameworks */ = {
			isa = PBXFrameworksBuildPhase;
			buildActionMask = 2147483647;
			files = (
				2769C1022286347A00217480 /* libSHDatetime.a in Frameworks */,
				27397348226C09AD001590C6 /* libSHCore_C.a in Frameworks */,
				27B15AA320524B6B0045B226 /* SHGlobal.framework in Frameworks */,
				27B15A9F20524B4F0045B226 /* SHCommon.framework in Frameworks */,
				27B15AA120524B5D0045B226 /* SHData.framework in Frameworks */,
			);
			runOnlyForDeploymentPostprocessing = 0;
		};
/* End PBXFrameworksBuildPhase section */

/* Begin PBXGroup section */
		27075D5822570BC500AD13AA /* DTOs */ = {
			isa = PBXGroup;
			children = (
				27075D5F225786A400AD13AA /* SHReminderDTO.h */,
				27075D60225786A400AD13AA /* SHReminderDTO.m */,
				27075D632259308800AD13AA /* SHHeroDTO.h */,
				27075D642259308800AD13AA /* SHHeroDTO.m */,
				27075D672259313B00AD13AA /* SHSectorDTO.h */,
				27075D682259313B00AD13AA /* SHSectorDTO.m */,
				27075D6B225963A700AD13AA /* SHMonsterDTO.h */,
				27075D6C225963A700AD13AA /* SHMonsterDTO.m */,
				27075D6F225A695300AD13AA /* SHConfigDTO.h */,
				27075D70225A695300AD13AA /* SHConfigDTO.m */,
			);
			path = DTOs;
			sourceTree = "<group>";
		};
		2740A872226CE37D00ACD777 /* Scripts */ = {
			isa = PBXGroup;
			children = (
				2740A873226CE3CB00ACD777 /* SHModels.prebuild.sh */,
				2740A876226CE91B00ACD777 /* SHModels.postbuild.sh */,
			);
			path = Scripts;
			sourceTree = "<group>";
		};
		2740A88F226FDB5D00ACD777 /* Transactions */ = {
			isa = PBXGroup;
			children = (
				2740A88B226EB49800ACD777 /* SHTransaction_Medium.h */,
				2740A88C226EB49800ACD777 /* SHTransaction_Medium.m */,
				2740A892226FE38D00ACD777 /* SHTransaction.h */,
				2740A893226FE38D00ACD777 /* SHTransaction.m */,
			);
			path = Transactions;
			sourceTree = "<group>";
		};
		2747C2E02043ADE000FB5669 = {
			isa = PBXGroup;
			children = (
				2740A88F226FDB5D00ACD777 /* Transactions */,
				2740A872226CE37D00ACD777 /* Scripts */,
				276E6D98222A531700CB36CB /* Configs */,
				2747C2EC2043ADE000FB5669 /* SHModels */,
				2747C2EB2043ADE000FB5669 /* Products */,
				2747C3B82043B59100FB5669 /* Frameworks */,
			);
			sourceTree = "<group>";
		};
		2747C2EB2043ADE000FB5669 /* Products */ = {
			isa = PBXGroup;
			children = (
				2747C2EA2043ADE000FB5669 /* SHModels.framework */,
			);
			name = Products;
			sourceTree = "<group>";
		};
		2747C2EC2043ADE000FB5669 /* SHModels */ = {
			isa = PBXGroup;
			children = (
				2787044322729F77009C9DD6 /* SHModelError.h */,
				2787044422729F77009C9DD6 /* SHModelError.m */,
				27075D5822570BC500AD13AA /* DTOs */,
				2747C4D32048DA8300FB5669 /* Monster+Extensions */,
				2747C45D2046304B00FB5669 /* Sector+Extensions */,
				2747C3AB2043B53100FB5669 /* Daily+Extensions */,
				27CA86402264207A00AE8FDB /* Models */,
				275EB497226A668B00012784 /* Model.xcdatamodeld */,
				2747C3BC2043B67200FB5669 /* SHRateTypeHelper.h */,
				2747C3BB2043B67200FB5669 /* SHRateTypeHelper.m */,
				2747C3A92043B51300FB5669 /* SHDueDateItemProtocol.h */,
				2747C3C52043B83C00FB5669 /* SHStoryItemProtocol.h */,
				2747C3CB2043BACA00FB5669 /* SHMonsterInfoDictionary.h */,
				2747C3CA2043BACA00FB5669 /* SHMonsterInfoDictionary.m */,
				2747C3CD2043BACB00FB5669 /* SHSectorInfoDictionary.h */,
				2747C3CC2043BACA00FB5669 /* SHSectorInfoDictionary.m */,
				2747C2EE2043ADE000FB5669 /* Info.plist */,
				2747C4632046320E00FB5669 /* SHModelConstants.h */,
				2747C4642046320E00FB5669 /* SHModelConstants.m */,
				2747C4CF2048D90700FB5669 /* MonsterInfo.plist */,
				2747C4CD2048D8FE00FB5669 /* SectorInfo.plist */,
				2747C512204A471D00FB5669 /* SuffixList.plist */,
				274EFB64204E462E00CB3C4C /* SHModelTools.h */,
				274EFB65204E462E00CB3C4C /* SHModelTools.m */,
				2747C2ED2043ADE000FB5669 /* SHModels.h */,
				2781552D217D706F005C5279 /* StoryItems.plist */,
				27815531217D721C005C5279 /* SHInfoDictionary.h */,
				27815532217D721C005C5279 /* SHInfoDictionary.m */,
				2781553521805C88005C5279 /* SHStoryItemDictionary.h */,
				2781553621805C88005C5279 /* SHStoryItemDictionary.m */,
				275EB493226A613100012784 /* SHBundleKey.h */,
				275EB494226A613100012784 /* SHBundleKey.m */,
				27B2B31B22FFA5F300663644 /* SHTitleProtocol.h */,
			);
			path = SHModels;
			sourceTree = "<group>";
		};
		2747C3AB2043B53100FB5669 /* Daily+Extensions */ = {
			isa = PBXGroup;
			children = (
				27300A02224AE713006E419C /* SHDaily_Medium.h */,
				27300A03224AE713006E419C /* SHDaily_Medium.m */,
			);
			path = "Daily+Extensions";
			sourceTree = "<group>";
		};
		2747C3B82043B59100FB5669 /* Frameworks */ = {
			isa = PBXGroup;
			children = (
				2769C1012286347A00217480 /* libSHDatetime.a */,
				27397347226C09AD001590C6 /* libSHCore_C.a */,
				27B15AA220524B6B0045B226 /* SHGlobal.framework */,
				27B15AA020524B5D0045B226 /* SHData.framework */,
				27B15A9E20524B4F0045B226 /* SHCommon.framework */,
			);
			name = Frameworks;
			sourceTree = "<group>";
		};
		2747C45D2046304B00FB5669 /* Sector+Extensions */ = {
			isa = PBXGroup;
			children = (
				2736A6C82214D7FC006CB907 /* SHSector_Medium.h */,
				2736A6C92214D7FC006CB907 /* SHSector_Medium.m */,
			);
			path = "Sector+Extensions";
			sourceTree = "<group>";
		};
		2747C4D32048DA8300FB5669 /* Monster+Extensions */ = {
			isa = PBXGroup;
			children = (
				273009FE2249BAD2006E419C /* SHMonster_Medium.h */,
				273009FF2249BAD2006E419C /* SHMonster_Medium.m */,
			);
			name = "Monster+Extensions";
			path = "SHModels/Monster+Extensions";
			sourceTree = SOURCE_ROOT;
		};
		276E6D98222A531700CB36CB /* Configs */ = {
			isa = PBXGroup;
			children = (
				27B0B1F42223A8E20028AF59 /* SHModels.base.xcconfig */,
				278FFDA5222B30FA00DAF985 /* SHModels.debug.xcconfig */,
			);
			path = Configs;
			sourceTree = "<group>";
		};
		27A430C82268DC0500773056 /* SHDailySubTask */ = {
			isa = PBXGroup;
			children = (
				27CA86412264207A00AE8FDB /* SHDailySubTask.h */,
				27CA866C2264207A00AE8FDB /* SHDailySubTask.m */,
			);
			path = SHDailySubTask;
			sourceTree = "<group>";
		};
		27A430C92268DC1700773056 /* SHDaily */ = {
			isa = PBXGroup;
			children = (
				27CA863822627D3D00AE8FDB /* SHDailyDTO.h */,
				27CA863922627D3D00AE8FDB /* SHDailyDTO.m */,
				27CA866A2264207A00AE8FDB /* SHDaily.h */,
				27CA86432264207A00AE8FDB /* SHDaily.m */,
				2769C0B9227FEB5B00217480 /* SHListRateItem.h */,
				2769C0B2227FD7C900217480 /* SHListRateItem.m */,
				2769C0B5227FD86900217480 /* SHListRateItemCollection.h */,
				2769C0B6227FD86900217480 /* SHListRateItemCollection.m */,
				2769C0FD2286106000217480 /* SHRangeRateItem.h */,
				2769C0FE2286106000217480 /* SHRangeRateItem.m */,
				2769C115228E305500217480 /* SHDailyActiveDays.h */,
				2769C116228E305500217480 /* SHDailyActiveDays.m */,
				2733D210229065830090B7F1 /* SHDailyValidation.h */,
				2733D211229065830090B7F1 /* SHDailyValidation.c */,
				27BF501C22F77139005096BA /* SHDailyNextDueDateCalculator.h */,
				27BF501D22F77139005096BA /* SHDailyNextDueDateCalculator.m */,
				2789889422F77B64007231E0 /* SHDailyMaxDaysBeforeSpanCalculator.h */,
				2789889522F77B64007231E0 /* SHDailyMaxDaysBeforeSpanCalculator.m */,
			);
			path = SHDaily;
			sourceTree = "<group>";
		};
		27A430CC2268DC8700773056 /* SHHero */ = {
			isa = PBXGroup;
			children = (
				27CA86452264207A00AE8FDB /* SHHero.h */,
				27CA86682264207A00AE8FDB /* SHHero.m */,
			);
			path = SHHero;
			sourceTree = "<group>";
		};
		27A430CF2268DCDB00773056 /* SHReminder */ = {
			isa = PBXGroup;
			children = (
				27CA86732264207A00AE8FDB /* SHReminder.h */,
				27CA864A2264207A00AE8FDB /* SHReminder.m */,
			);
			path = SHReminder;
			sourceTree = "<group>";
		};
		27A430D02268DCFB00773056 /* SHCategory */ = {
			isa = PBXGroup;
			children = (
				27CA866F2264207A00AE8FDB /* SHCategory.h */,
				27CA864F2264207A00AE8FDB /* SHCategory.m */,
			);
			path = SHCategory;
			sourceTree = "<group>";
		};
		27A430D12268DD0A00773056 /* SHCounter */ = {
			isa = PBXGroup;
			children = (
				27CA86792264207A00AE8FDB /* SHCounter.h */,
				27CA86582264207A00AE8FDB /* SHCounter.m */,
			);
			path = SHCounter;
			sourceTree = "<group>";
		};
		27A430D22268DD1D00773056 /* SHSuffix */ = {
			isa = PBXGroup;
			children = (
				27CA866E2264207A00AE8FDB /* SHSuffix.h */,
				27CA864E2264207A00AE8FDB /* SHSuffix.m */,
			);
			path = SHSuffix;
			sourceTree = "<group>";
		};
		27A430D42268DD5500773056 /* SHConfig */ = {
			isa = PBXGroup;
			children = (
				27CA86802264207A00AE8FDB /* SHConfig.h */,
				27CA86512264207A00AE8FDB /* SHConfig.m */,
			);
			path = SHConfig;
			sourceTree = "<group>";
		};
		27A430D52268DD6900773056 /* SHMonster */ = {
			isa = PBXGroup;
			children = (
				27CA86612264207A00AE8FDB /* SHMonster.h */,
				27CA86862264207A00AE8FDB /* SHMonster.m */,
			);
			path = SHMonster;
			sourceTree = "<group>";
		};
		27A430D62268DD8300773056 /* SHSector */ = {
			isa = PBXGroup;
			children = (
				27CA86532264207A00AE8FDB /* SHSector.h */,
				27CA867E2264207A00AE8FDB /* SHSector.m */,
			);
			path = SHSector;
			sourceTree = "<group>";
		};
		27A430D72268DD9600773056 /* SHTodo */ = {
			isa = PBXGroup;
			children = (
				27CA865D2264207A00AE8FDB /* SHTodo.h */,
				27CA86882264207A00AE8FDB /* SHTodo.m */,
			);
			path = SHTodo;
			sourceTree = "<group>";
		};
		27A430D82268DDAB00773056 /* SHTeapot */ = {
			isa = PBXGroup;
			children = (
				27CA86562264207A00AE8FDB /* SHTeapot.h */,
				27CA867B2264207A00AE8FDB /* SHTeapot.m */,
			);
			path = SHTeapot;
			sourceTree = "<group>";
		};
		27A430DA2268DE3A00773056 /* SHItem */ = {
			isa = PBXGroup;
			children = (
				27CA865F2264207A00AE8FDB /* SHItem.h */,
				27CA868A2264207A00AE8FDB /* SHItem.m */,
			);
			path = SHItem;
			sourceTree = "<group>";
		};
		27CA86402264207A00AE8FDB /* Models */ = {
			isa = PBXGroup;
			children = (
				27A430D02268DCFB00773056 /* SHCategory */,
				27A430D12268DD0A00773056 /* SHCounter */,
				27A430C92268DC1700773056 /* SHDaily */,
				27A430C82268DC0500773056 /* SHDailySubTask */,
				27A430CC2268DC8700773056 /* SHHero */,
				27A430DA2268DE3A00773056 /* SHItem */,
				27A430D52268DD6900773056 /* SHMonster */,
				27A430CF2268DCDB00773056 /* SHReminder */,
				27A430D62268DD8300773056 /* SHSector */,
				27A430D42268DD5500773056 /* SHConfig */,
				27A430D22268DD1D00773056 /* SHSuffix */,
				27A430D82268DDAB00773056 /* SHTeapot */,
				27A430D72268DD9600773056 /* SHTodo */,
			);
			path = Models;
			sourceTree = "<group>";
		};
/* End PBXGroup section */

/* Begin PBXHeadersBuildPhase section */
		2747C2E72043ADE000FB5669 /* Headers */ = {
			isa = PBXHeadersBuildPhase;
			buildActionMask = 2147483647;
			files = (
				27075D692259313B00AD13AA /* SHSectorDTO.h in Headers */,
				27B2B31C22FFA5F300663644 /* SHTitleProtocol.h in Headers */,
				2789889622F77B64007231E0 /* SHDailyMaxDaysBeforeSpanCalculator.h in Headers */,
				2787044522729F77009C9DD6 /* SHModelError.h in Headers */,
				27075D6D225963A700AD13AA /* SHMonsterDTO.h in Headers */,
				27CA863A22627D3D00AE8FDB /* SHDailyDTO.h in Headers */,
				27075D71225A695300AD13AA /* SHConfigDTO.h in Headers */,
				2747C3BE2043B67200FB5669 /* SHRateTypeHelper.h in Headers */,
				2747C3CF2043BACB00FB5669 /* SHMonsterInfoDictionary.h in Headers */,
				27CA86912264207A00AE8FDB /* SHHero.h in Headers */,
				27CA86BA2264207A00AE8FDB /* SHSuffix.h in Headers */,
				27CA86AD2264207A00AE8FDB /* SHMonster.h in Headers */,
				27CA86C52264207A00AE8FDB /* SHCounter.h in Headers */,
				27CA86AB2264207A00AE8FDB /* SHItem.h in Headers */,
				27CA86B62264207A00AE8FDB /* SHDaily.h in Headers */,
				27CA86A92264207A00AE8FDB /* SHTodo.h in Headers */,
				27CA868D2264207A00AE8FDB /* SHDailySubTask.h in Headers */,
				27CA86BF2264207A00AE8FDB /* SHReminder.h in Headers */,
				27CA86CC2264207A00AE8FDB /* SHConfig.h in Headers */,
				27CA86A22264207A00AE8FDB /* SHTeapot.h in Headers */,
				27CA869F2264207A00AE8FDB /* SHSector.h in Headers */,
				27CA86BB2264207A00AE8FDB /* SHCategory.h in Headers */,
				2747C4652046320E00FB5669 /* SHModelConstants.h in Headers */,
				2747C3C62043B83C00FB5669 /* SHStoryItemProtocol.h in Headers */,
				2747C3D12043BACB00FB5669 /* SHSectorInfoDictionary.h in Headers */,
				2747C3AA2043B51300FB5669 /* SHDueDateItemProtocol.h in Headers */,
				2747C2EF2043ADE000FB5669 /* SHModels.h in Headers */,
				2781553721805C88005C5279 /* SHStoryItemDictionary.h in Headers */,
				274EFB66204E462E00CB3C4C /* SHModelTools.h in Headers */,
				2736A6CA2214D7FC006CB907 /* SHSector_Medium.h in Headers */,
				27075D61225786A400AD13AA /* SHReminderDTO.h in Headers */,
				27300A002249BAD2006E419C /* SHMonster_Medium.h in Headers */,
				27300A04224AE713006E419C /* SHDaily_Medium.h in Headers */,
				275EB495226A613200012784 /* SHBundleKey.h in Headers */,
				2740A894226FE38D00ACD777 /* SHTransaction.h in Headers */,
				2740A88D226EB49800ACD777 /* SHTransaction_Medium.h in Headers */,
				2769C0B7227FD86900217480 /* SHListRateItemCollection.h in Headers */,
				27075D652259308800AD13AA /* SHHeroDTO.h in Headers */,
				2769C0FF2286106000217480 /* SHRangeRateItem.h in Headers */,
				2769C117228E305500217480 /* SHDailyActiveDays.h in Headers */,
				2769C0BA227FEB5C00217480 /* SHListRateItem.h in Headers */,
				27BF501E22F77139005096BA /* SHDailyNextDueDateCalculator.h in Headers */,
				2733D212229065830090B7F1 /* SHDailyValidation.h in Headers */,
				27815533217D721C005C5279 /* SHInfoDictionary.h in Headers */,
			);
			runOnlyForDeploymentPostprocessing = 0;
		};
/* End PBXHeadersBuildPhase section */

/* Begin PBXNativeTarget section */
		2747C2E92043ADE000FB5669 /* SHModels */ = {
			isa = PBXNativeTarget;
			buildConfigurationList = 2747C2F22043ADE000FB5669 /* Build configuration list for PBXNativeTarget "SHModels" */;
			buildPhases = (
				2740A871226CE30800ACD777 /* ShellScript */,
				2747C2E72043ADE000FB5669 /* Headers */,
				2747C2E52043ADE000FB5669 /* Sources */,
				2747C2E62043ADE000FB5669 /* Frameworks */,
				2747C2E82043ADE000FB5669 /* Resources */,
				27DF9C472094EC2400F98023 /* ShellScript */,
				27A34620226B9BFE0013859C /* CopyFiles */,
			);
			buildRules = (
			);
			dependencies = (
			);
			name = SHModels;
			productName = SHModels;
			productReference = 2747C2EA2043ADE000FB5669 /* SHModels.framework */;
			productType = "com.apple.product-type.framework";
		};
/* End PBXNativeTarget section */

/* Begin PBXProject section */
		2747C2E12043ADE000FB5669 /* Project object */ = {
			isa = PBXProject;
			attributes = {
				LastUpgradeCheck = 0940;
				ORGANIZATIONNAME = "Joel Gillette";
				TargetAttributes = {
					2747C2E92043ADE000FB5669 = {
						CreatedOnToolsVersion = 9.2;
						ProvisioningStyle = Automatic;
					};
				};
			};
			buildConfigurationList = 2747C2E42043ADE000FB5669 /* Build configuration list for PBXProject "SHModels" */;
			compatibilityVersion = "Xcode 8.0";
			developmentRegion = en;
			hasScannedForEncodings = 0;
			knownRegions = (
				en,
			);
			mainGroup = 2747C2E02043ADE000FB5669;
			productRefGroup = 2747C2EB2043ADE000FB5669 /* Products */;
			projectDirPath = "";
			projectRoot = "";
			targets = (
				2747C2E92043ADE000FB5669 /* SHModels */,
			);
		};
/* End PBXProject section */

/* Begin PBXResourcesBuildPhase section */
		2747C2E82043ADE000FB5669 /* Resources */ = {
			isa = PBXResourcesBuildPhase;
			buildActionMask = 2147483647;
			files = (
				2781552E217D706F005C5279 /* StoryItems.plist in Resources */,
				2747C4CE2048D8FE00FB5669 /* SectorInfo.plist in Resources */,
				2740A877226CE91B00ACD777 /* SHModels.postbuild.sh in Resources */,
				2747C4D02048D90700FB5669 /* MonsterInfo.plist in Resources */,
				2747C513204A471D00FB5669 /* SuffixList.plist in Resources */,
			);
			runOnlyForDeploymentPostprocessing = 0;
		};
/* End PBXResourcesBuildPhase section */

/* Begin PBXShellScriptBuildPhase section */
		2740A871226CE30800ACD777 /* ShellScript */ = {
			isa = PBXShellScriptBuildPhase;
			buildActionMask = 2147483647;
			files = (
			);
			inputFileListPaths = (
			);
			inputPaths = (
			);
			outputFileListPaths = (
			);
			outputPaths = (
			);
			runOnlyForDeploymentPostprocessing = 0;
			shellPath = /bin/sh;
			shellScript = "sh Scripts/SHModels.prebuild.sh\n";
			showEnvVarsInLog = 0;
		};
		27DF9C472094EC2400F98023 /* ShellScript */ = {
			isa = PBXShellScriptBuildPhase;
			buildActionMask = 2147483647;
			files = (
			);
			inputPaths = (
			);
			outputPaths = (
			);
			runOnlyForDeploymentPostprocessing = 0;
			shellPath = /bin/sh;
			shellScript = "sh Scripts/SHModels.postbuild.sh\n";
			showEnvVarsInLog = 0;
		};
/* End PBXShellScriptBuildPhase section */

/* Begin PBXSourcesBuildPhase section */
		2747C2E52043ADE000FB5669 /* Sources */ = {
			isa = PBXSourcesBuildPhase;
			buildActionMask = 2147483647;
			files = (
				2748EE3A226B99B100514110 /* Model.xcdatamodeld in Sources */,
				27CA86D22264207A00AE8FDB /* SHMonster.m in Sources */,
				27CA86D62264207A00AE8FDB /* SHItem.m in Sources */,
				27CA86B42264207A00AE8FDB /* SHHero.m in Sources */,
				2747C3CE2043BACB00FB5669 /* SHMonsterInfoDictionary.m in Sources */,
				27075D662259308800AD13AA /* SHHeroDTO.m in Sources */,
				2733D213229065830090B7F1 /* SHDailyValidation.c in Sources */,
				27CA869D2264207A00AE8FDB /* SHConfig.m in Sources */,
				2769C1002286106000217480 /* SHRangeRateItem.m in Sources */,
				275EB496226A613200012784 /* SHBundleKey.m in Sources */,
				27075D72225A695300AD13AA /* SHConfigDTO.m in Sources */,
				27CA86C72264207A00AE8FDB /* SHTeapot.m in Sources */,
				27BF501F22F77139005096BA /* SHDailyNextDueDateCalculator.m in Sources */,
				27075D6A2259313B00AD13AA /* SHSectorDTO.m in Sources */,
				27075D62225786A400AD13AA /* SHReminderDTO.m in Sources */,
				2747C3BD2043B67200FB5669 /* SHRateTypeHelper.m in Sources */,
				27CA863B22627D3D00AE8FDB /* SHDailyDTO.m in Sources */,
				27300A012249BAD2006E419C /* SHMonster_Medium.m in Sources */,
				27075D6E225963A700AD13AA /* SHMonsterDTO.m in Sources */,
				27815534217D721C005C5279 /* SHInfoDictionary.m in Sources */,
				2781553821805C88005C5279 /* SHStoryItemDictionary.m in Sources */,
				27CA86CA2264207A00AE8FDB /* SHSector.m in Sources */,
				274EFB67204E462E00CB3C4C /* SHModelTools.m in Sources */,
				27CA86A42264207A00AE8FDB /* SHCounter.m in Sources */,
				2769C0B8227FD86900217480 /* SHListRateItemCollection.m in Sources */,
				27CA86D42264207A00AE8FDB /* SHTodo.m in Sources */,
				27CA868F2264207A00AE8FDB /* SHDaily.m in Sources */,
				27CA86962264207A00AE8FDB /* SHReminder.m in Sources */,
				27CA86B82264207A00AE8FDB /* SHDailySubTask.m in Sources */,
				2736A6CB2214D7FC006CB907 /* SHSector_Medium.m in Sources */,
				27CA869A2264207A00AE8FDB /* SHSuffix.m in Sources */,
				2769C0B4227FD7C900217480 /* SHListRateItem.m in Sources */,
				2769C118228E305500217480 /* SHDailyActiveDays.m in Sources */,
				2789889722F77B64007231E0 /* SHDailyMaxDaysBeforeSpanCalculator.m in Sources */,
				27CA869B2264207A00AE8FDB /* SHCategory.m in Sources */,
				2747C3D02043BACB00FB5669 /* SHSectorInfoDictionary.m in Sources */,
				2740A895226FE38D00ACD777 /* SHTransaction.m in Sources */,
				2740A88E226EB49800ACD777 /* SHTransaction_Medium.m in Sources */,
				2747C4662046320E00FB5669 /* SHModelConstants.m in Sources */,
				2787044622729F77009C9DD6 /* SHModelError.m in Sources */,
				27300A05224AE713006E419C /* SHDaily_Medium.m in Sources */,
			);
			runOnlyForDeploymentPostprocessing = 0;
		};
/* End PBXSourcesBuildPhase section */

/* Begin XCBuildConfiguration section */
		2747C2F02043ADE000FB5669 /* Debug */ = {
			isa = XCBuildConfiguration;
			baseConfigurationReference = 278FFDA5222B30FA00DAF985 /* SHModels.debug.xcconfig */;
			buildSettings = {
				CLANG_ANALYZER_NONNULL = YES;
				CLANG_ANALYZER_NUMBER_OBJECT_CONVERSION = YES_AGGRESSIVE;
				CLANG_CXX_LANGUAGE_STANDARD = "gnu++14";
				CLANG_CXX_LIBRARY = "libc++";
				CLANG_ENABLE_MODULES = YES;
				CLANG_ENABLE_OBJC_ARC = YES;
				CLANG_WARN_BLOCK_CAPTURE_AUTORELEASING = YES;
				CLANG_WARN_BOOL_CONVERSION = YES;
				CLANG_WARN_COMMA = YES;
				CLANG_WARN_CONSTANT_CONVERSION = YES;
				CLANG_WARN_DEPRECATED_OBJC_IMPLEMENTATIONS = YES;
				CLANG_WARN_DIRECT_OBJC_ISA_USAGE = YES_ERROR;
				CLANG_WARN_DOCUMENTATION_COMMENTS = YES;
				CLANG_WARN_EMPTY_BODY = YES;
				CLANG_WARN_ENUM_CONVERSION = YES;
				CLANG_WARN_INFINITE_RECURSION = YES;
				CLANG_WARN_INT_CONVERSION = YES;
				CLANG_WARN_NON_LITERAL_NULL_CONVERSION = YES;
				CLANG_WARN_OBJC_IMPLICIT_RETAIN_SELF = YES;
				CLANG_WARN_OBJC_LITERAL_CONVERSION = YES;
				CLANG_WARN_OBJC_ROOT_CLASS = YES_ERROR;
				CLANG_WARN_RANGE_LOOP_ANALYSIS = YES;
				CLANG_WARN_STRICT_PROTOTYPES = YES;
				CLANG_WARN_SUSPICIOUS_MOVE = YES;
				CLANG_WARN_UNGUARDED_AVAILABILITY = YES_AGGRESSIVE;
				CLANG_WARN_UNREACHABLE_CODE = YES;
				CLANG_WARN__DUPLICATE_METHOD_MATCH = YES;
				COPY_PHASE_STRIP = NO;
				CURRENT_PROJECT_VERSION = 1;
				DEBUG_INFORMATION_FORMAT = dwarf;
				ENABLE_STRICT_OBJC_MSGSEND = YES;
				ENABLE_TESTABILITY = YES;
				GCC_C_LANGUAGE_STANDARD = gnu11;
				GCC_DYNAMIC_NO_PIC = NO;
				GCC_NO_COMMON_BLOCKS = YES;
				GCC_OPTIMIZATION_LEVEL = 0;
				GCC_PREPROCESSOR_DEFINITIONS = (
					"DEBUG=1",
					"$(inherited)",
				);
				GCC_WARN_64_TO_32_BIT_CONVERSION = YES;
				GCC_WARN_ABOUT_RETURN_TYPE = YES_ERROR;
				GCC_WARN_UNDECLARED_SELECTOR = YES;
				GCC_WARN_UNINITIALIZED_AUTOS = YES_AGGRESSIVE;
				GCC_WARN_UNUSED_FUNCTION = YES;
				GCC_WARN_UNUSED_VARIABLE = YES;
				MTL_ENABLE_DEBUG_INFO = YES;
				SDKROOT = iphoneos;
				VERSIONING_SYSTEM = "apple-generic";
				VERSION_INFO_PREFIX = "";
			};
			name = Debug;
		};
		2747C2F12043ADE000FB5669 /* Release */ = {
			isa = XCBuildConfiguration;
			baseConfigurationReference = 27B0B1F42223A8E20028AF59 /* SHModels.base.xcconfig */;
			buildSettings = {
				CLANG_ANALYZER_NONNULL = YES;
				CLANG_ANALYZER_NUMBER_OBJECT_CONVERSION = YES_AGGRESSIVE;
				CLANG_CXX_LANGUAGE_STANDARD = "gnu++14";
				CLANG_CXX_LIBRARY = "libc++";
				CLANG_ENABLE_MODULES = YES;
				CLANG_ENABLE_OBJC_ARC = YES;
				CLANG_WARN_BLOCK_CAPTURE_AUTORELEASING = YES;
				CLANG_WARN_BOOL_CONVERSION = YES;
				CLANG_WARN_COMMA = YES;
				CLANG_WARN_CONSTANT_CONVERSION = YES;
				CLANG_WARN_DEPRECATED_OBJC_IMPLEMENTATIONS = YES;
				CLANG_WARN_DIRECT_OBJC_ISA_USAGE = YES_ERROR;
				CLANG_WARN_DOCUMENTATION_COMMENTS = YES;
				CLANG_WARN_EMPTY_BODY = YES;
				CLANG_WARN_ENUM_CONVERSION = YES;
				CLANG_WARN_INFINITE_RECURSION = YES;
				CLANG_WARN_INT_CONVERSION = YES;
				CLANG_WARN_NON_LITERAL_NULL_CONVERSION = YES;
				CLANG_WARN_OBJC_IMPLICIT_RETAIN_SELF = YES;
				CLANG_WARN_OBJC_LITERAL_CONVERSION = YES;
				CLANG_WARN_OBJC_ROOT_CLASS = YES_ERROR;
				CLANG_WARN_RANGE_LOOP_ANALYSIS = YES;
				CLANG_WARN_STRICT_PROTOTYPES = YES;
				CLANG_WARN_SUSPICIOUS_MOVE = YES;
				CLANG_WARN_UNGUARDED_AVAILABILITY = YES_AGGRESSIVE;
				CLANG_WARN_UNREACHABLE_CODE = YES;
				CLANG_WARN__DUPLICATE_METHOD_MATCH = YES;
				COPY_PHASE_STRIP = NO;
				CURRENT_PROJECT_VERSION = 1;
				DEBUG_INFORMATION_FORMAT = "dwarf-with-dsym";
				ENABLE_NS_ASSERTIONS = NO;
				ENABLE_STRICT_OBJC_MSGSEND = YES;
				GCC_C_LANGUAGE_STANDARD = gnu11;
				GCC_NO_COMMON_BLOCKS = YES;
				GCC_WARN_64_TO_32_BIT_CONVERSION = YES;
				GCC_WARN_ABOUT_RETURN_TYPE = YES_ERROR;
				GCC_WARN_UNDECLARED_SELECTOR = YES;
				GCC_WARN_UNINITIALIZED_AUTOS = YES_AGGRESSIVE;
				GCC_WARN_UNUSED_FUNCTION = YES;
				GCC_WARN_UNUSED_VARIABLE = YES;
				MTL_ENABLE_DEBUG_INFO = NO;
				SDKROOT = iphoneos;
				VALIDATE_PRODUCT = YES;
				VERSIONING_SYSTEM = "apple-generic";
				VERSION_INFO_PREFIX = "";
			};
			name = Release;
		};
		2747C2F32043ADE000FB5669 /* Debug */ = {
			isa = XCBuildConfiguration;
			buildSettings = {
				CODE_SIGN_STYLE = Automatic;
				DEFINES_MODULE = YES;
				DEVELOPMENT_TEAM = XK3RJ8E2L2;
				DYLIB_COMPATIBILITY_VERSION = 1;
				DYLIB_CURRENT_VERSION = 1;
				DYLIB_INSTALL_NAME_BASE = "@rpath";
				GCC_PRECOMPILE_PREFIX_HEADER = NO;
				GCC_PREFIX_HEADER = "";
				INFOPLIST_FILE = SHModels/Info.plist;
				INSTALL_PATH = "$(LOCAL_LIBRARY_DIR)/Frameworks";
				LD_RUNPATH_SEARCH_PATHS = "$(inherited) @executable_path/Frameworks @loader_path/Frameworks";
				OTHER_CFLAGS = (
					"-Wall",
					"-Wextra",
				);
				PRODUCT_BUNDLE_IDENTIFIER = JoelliusCzar.SHModels;
				PRODUCT_NAME = "$(TARGET_NAME:c99extidentifier)";
				SKIP_INSTALL = YES;
				TARGETED_DEVICE_FAMILY = "1,2";
			};
			name = Debug;
		};
		2747C2F42043ADE000FB5669 /* Release */ = {
			isa = XCBuildConfiguration;
			buildSettings = {
				CODE_SIGN_STYLE = Automatic;
				DEFINES_MODULE = YES;
				DEVELOPMENT_TEAM = XK3RJ8E2L2;
				DYLIB_COMPATIBILITY_VERSION = 1;
				DYLIB_CURRENT_VERSION = 1;
				DYLIB_INSTALL_NAME_BASE = "@rpath";
				GCC_PRECOMPILE_PREFIX_HEADER = NO;
				GCC_PREFIX_HEADER = "";
				INFOPLIST_FILE = SHModels/Info.plist;
				INSTALL_PATH = "$(LOCAL_LIBRARY_DIR)/Frameworks";
				LD_RUNPATH_SEARCH_PATHS = "$(inherited) @executable_path/Frameworks @loader_path/Frameworks";
				OTHER_CFLAGS = (
					"-Wall",
					"-Wextra",
				);
				PRODUCT_BUNDLE_IDENTIFIER = JoelliusCzar.SHModels;
				PRODUCT_NAME = "$(TARGET_NAME:c99extidentifier)";
				SKIP_INSTALL = YES;
				TARGETED_DEVICE_FAMILY = "1,2";
			};
			name = Release;
		};
/* End XCBuildConfiguration section */

/* Begin XCConfigurationList section */
		2747C2E42043ADE000FB5669 /* Build configuration list for PBXProject "SHModels" */ = {
			isa = XCConfigurationList;
			buildConfigurations = (
				2747C2F02043ADE000FB5669 /* Debug */,
				2747C2F12043ADE000FB5669 /* Release */,
			);
			defaultConfigurationIsVisible = 0;
			defaultConfigurationName = Release;
		};
		2747C2F22043ADE000FB5669 /* Build configuration list for PBXNativeTarget "SHModels" */ = {
			isa = XCConfigurationList;
			buildConfigurations = (
				2747C2F32043ADE000FB5669 /* Debug */,
				2747C2F42043ADE000FB5669 /* Release */,
			);
			defaultConfigurationIsVisible = 0;
			defaultConfigurationName = Release;
		};
/* End XCConfigurationList section */

/* Begin XCVersionGroup section */
		275EB497226A668B00012784 /* Model.xcdatamodeld */ = {
			isa = XCVersionGroup;
			children = (
				275EB498226A668B00012784 /* Model 30.xcdatamodel */,
				275EB499226A668B00012784 /* Model 33.xcdatamodel */,
				275EB49A226A668B00012784 /* Model 31.xcdatamodel */,
				275EB49B226A668B00012784 /* Model 32.xcdatamodel */,
				275EB49C226A668B00012784 /* Model.xcdatamodel */,
			);
			currentVersion = 275EB499226A668B00012784 /* Model 33.xcdatamodel */;
			path = Model.xcdatamodeld;
			sourceTree = "<group>";
			versionGroupType = wrapper.xcdatamodel;
		};
/* End XCVersionGroup section */
	};
	rootObject = 2747C2E12043ADE000FB5669 /* Project object */;
}
