// !$*UTF8*$!
{
	archiveVersion = 1;
	classes = {
	};
	objectVersion = 51;
	objects = {

/* Begin PBXBuildFile section */
		270CB96A244CC30900FE930B /* SHUtils_C.h in Headers */ = {isa = PBXBuildFile; fileRef = 2769C0A1227F682D00217480 /* SHUtils_C.h */; settings = {ATTRIBUTES = (Public, ); }; };
		2716922D20916ED50059A58E /* SHArray.h in Headers */ = {isa = PBXBuildFile; fileRef = 271692082089762D0059A58E /* SHArray.h */; settings = {ATTRIBUTES = (Public, ); }; };
		275534C12479E39C00D650AB /* SHSerialQueue.h in Headers */ = {isa = PBXBuildFile; fileRef = 275534BF2479E39B00D650AB /* SHSerialQueue.h */; settings = {ATTRIBUTES = (Public, ); }; };
		275534C22479E39C00D650AB /* SHSerialQueue.c in Sources */ = {isa = PBXBuildFile; fileRef = 275534C02479E39B00D650AB /* SHSerialQueue.c */; };
		27553501248891A400D650AB /* SHDynamicArray.h in Headers */ = {isa = PBXBuildFile; fileRef = 275534FF248891A400D650AB /* SHDynamicArray.h */; settings = {ATTRIBUTES = (Public, ); }; };
		27553502248891A400D650AB /* SHDynamicArray.c in Sources */ = {isa = PBXBuildFile; fileRef = 27553500248891A400D650AB /* SHDynamicArray.c */; };
		2755350E248C35BB00D650AB /* SHTree.h in Headers */ = {isa = PBXBuildFile; fileRef = 2755350C248C35BA00D650AB /* SHTree.h */; settings = {ATTRIBUTES = (Public, ); }; };
		2755350F248C35BB00D650AB /* SHTree.c in Sources */ = {isa = PBXBuildFile; fileRef = 2755350D248C35BA00D650AB /* SHTree.c */; };
		27553517248D9AD400D650AB /* SHTreeIterateTests.m in Sources */ = {isa = PBXBuildFile; fileRef = 27553516248D9AD400D650AB /* SHTreeIterateTests.m */; };
		27553519248D9AD400D650AB /* SHUtils_C in Frameworks */ = {isa = PBXBuildFile; fileRef = 271692002089758B0059A58E /* SHUtils_C */; };
		2769C097227C81B500217480 /* SHErrorHandling.h in Headers */ = {isa = PBXBuildFile; fileRef = 27169215208BB2450059A58E /* SHErrorHandling.h */; settings = {ATTRIBUTES = (Public, ); }; };
		2781552B21758C3F005C5279 /* SHUtilConstants.h in Headers */ = {isa = PBXBuildFile; fileRef = 2781552921758C3F005C5279 /* SHUtilConstants.h */; settings = {ATTRIBUTES = (Public, ); }; };
		2781552C21758C3F005C5279 /* SHUtilConstants.c in Sources */ = {isa = PBXBuildFile; fileRef = 2781552A21758C3F005C5279 /* SHUtilConstants.c */; };
		27B512C42496B14400727905 /* SHLinkedList.h in Headers */ = {isa = PBXBuildFile; fileRef = 27B512C22496B14400727905 /* SHLinkedList.h */; settings = {ATTRIBUTES = (Public, ); }; };
		27B512C52496B14400727905 /* SHLinkedList.c in Sources */ = {isa = PBXBuildFile; fileRef = 27B512C32496B14400727905 /* SHLinkedList.c */; };
		27B512C7249BDF8C00727905 /* SHTestTreeFromYTVideo.m in Sources */ = {isa = PBXBuildFile; fileRef = 27B512C6249BDF8C00727905 /* SHTestTreeFromYTVideo.m */; };
		27B512C9249C5F6300727905 /* SHTreeFindItemTests.m in Sources */ = {isa = PBXBuildFile; fileRef = 27B512C8249C5F6300727905 /* SHTreeFindItemTests.m */; };
		27B512CB249C685B00727905 /* SHTestTreeDelete.m in Sources */ = {isa = PBXBuildFile; fileRef = 27B512CA249C685B00727905 /* SHTestTreeDelete.m */; };
		27B512CD249D471C00727905 /* SHTestTreeDeleteRoots.m in Sources */ = {isa = PBXBuildFile; fileRef = 27B512CC249D471C00727905 /* SHTestTreeDeleteRoots.m */; };
		27B512CF249DA56000727905 /* SHTestRandomTreeFuncs.m in Sources */ = {isa = PBXBuildFile; fileRef = 27B512CE249DA56000727905 /* SHTestRandomTreeFuncs.m */; };
		27B512D2249DBADB00727905 /* SHPrintTree.h in Headers */ = {isa = PBXBuildFile; fileRef = 27B512D0249DBADB00727905 /* SHPrintTree.h */; };
		27B512D3249DBADB00727905 /* SHPrintTree.c in Sources */ = {isa = PBXBuildFile; fileRef = 27B512D1249DBADB00727905 /* SHPrintTree.c */; };
		27B512E2249EB84400727905 /* SHIterableWrapper.h in Headers */ = {isa = PBXBuildFile; fileRef = 27B512E0249EB84400727905 /* SHIterableWrapper.h */; settings = {ATTRIBUTES = (Public, ); }; };
		27B512E3249EB84400727905 /* SHIterableWrapper.c in Sources */ = {isa = PBXBuildFile; fileRef = 27B512E1249EB84400727905 /* SHIterableWrapper.c */; };
		27B512EA249ECDEC00727905 /* SHSerialAccessCollection.h in Headers */ = {isa = PBXBuildFile; fileRef = 27B512E8249ECDEC00727905 /* SHSerialAccessCollection.h */; settings = {ATTRIBUTES = (Public, ); }; };
		27B512EB249ECDEC00727905 /* SHSerialAccessCollection.c in Sources */ = {isa = PBXBuildFile; fileRef = 27B512E9249ECDEC00727905 /* SHSerialAccessCollection.c */; };
		27B512ED24A14E3100727905 /* SHTestSerialAccessCollection.m in Sources */ = {isa = PBXBuildFile; fileRef = 27B512EC24A14E3100727905 /* SHTestSerialAccessCollection.m */; };
		27B512EF24A18C6800727905 /* SHSerialQueueTests.m in Sources */ = {isa = PBXBuildFile; fileRef = 27B512EE24A18C6800727905 /* SHSerialQueueTests.m */; };
		27B512F224A2622300727905 /* SHSyncedList.h in Headers */ = {isa = PBXBuildFile; fileRef = 27B512F024A2622300727905 /* SHSyncedList.h */; settings = {ATTRIBUTES = (Public, ); }; };
		27B512F324A2622300727905 /* SHSyncedList.c in Sources */ = {isa = PBXBuildFile; fileRef = 27B512F124A2622300727905 /* SHSyncedList.c */; };
		27DF9C4E20956D6300F98023 /* SHGenAlgos.h in Headers */ = {isa = PBXBuildFile; fileRef = 27DF9C4C20956D6300F98023 /* SHGenAlgos.h */; settings = {ATTRIBUTES = (Public, ); }; };
		27DF9C4F20956D6300F98023 /* SHGenAlgos.c in Sources */ = {isa = PBXBuildFile; fileRef = 27DF9C4D20956D6300F98023 /* SHGenAlgos.c */; };
/* End PBXBuildFile section */

/* Begin PBXContainerItemProxy section */
		2755351A248D9AD400D650AB /* PBXContainerItemProxy */ = {
			isa = PBXContainerItemProxy;
			containerPortal = 271691F82089758B0059A58E /* Project object */;
			proxyType = 1;
			remoteGlobalIDString = 271691FF2089758B0059A58E;
			remoteInfo = SHUtils_C;
		};
/* End PBXContainerItemProxy section */

/* Begin PBXFileReference section */
		2712C5F2244D290500157758 /* Info.plist */ = {isa = PBXFileReference; lastKnownFileType = text.plist.xml; path = Info.plist; sourceTree = "<group>"; };
		271692002089758B0059A58E /* SHUtils_C */ = {isa = PBXFileReference; explicitFileType = archive.ar; includeInIndex = 0; path = SHUtils_C; sourceTree = BUILT_PRODUCTS_DIR; };
		271692082089762D0059A58E /* SHArray.h */ = {isa = PBXFileReference; lastKnownFileType = sourcecode.c.h; path = SHArray.h; sourceTree = "<group>"; };
		27169215208BB2450059A58E /* SHErrorHandling.h */ = {isa = PBXFileReference; lastKnownFileType = sourcecode.c.h; path = SHErrorHandling.h; sourceTree = "<group>"; };
		27397341226C0894001590C6 /* libSHDatetime.a */ = {isa = PBXFileReference; explicitFileType = archive.ar; path = libSHDatetime.a; sourceTree = BUILT_PRODUCTS_DIR; };
		275534BF2479E39B00D650AB /* SHSerialQueue.h */ = {isa = PBXFileReference; lastKnownFileType = sourcecode.c.h; path = SHSerialQueue.h; sourceTree = "<group>"; };
		275534C02479E39B00D650AB /* SHSerialQueue.c */ = {isa = PBXFileReference; lastKnownFileType = sourcecode.c.c; path = SHSerialQueue.c; sourceTree = "<group>"; };
		275534FF248891A400D650AB /* SHDynamicArray.h */ = {isa = PBXFileReference; lastKnownFileType = sourcecode.c.h; path = SHDynamicArray.h; sourceTree = "<group>"; };
		27553500248891A400D650AB /* SHDynamicArray.c */ = {isa = PBXFileReference; lastKnownFileType = sourcecode.c.c; path = SHDynamicArray.c; sourceTree = "<group>"; };
		2755350C248C35BA00D650AB /* SHTree.h */ = {isa = PBXFileReference; lastKnownFileType = sourcecode.c.h; path = SHTree.h; sourceTree = "<group>"; };
		2755350D248C35BA00D650AB /* SHTree.c */ = {isa = PBXFileReference; lastKnownFileType = sourcecode.c.c; path = SHTree.c; sourceTree = "<group>"; };
		27553514248D9AD300D650AB /* SHUtils_CTests.xctest */ = {isa = PBXFileReference; explicitFileType = wrapper.cfbundle; includeInIndex = 0; path = SHUtils_CTests.xctest; sourceTree = BUILT_PRODUCTS_DIR; };
		27553516248D9AD400D650AB /* SHTreeIterateTests.m */ = {isa = PBXFileReference; lastKnownFileType = sourcecode.c.objc; path = SHTreeIterateTests.m; sourceTree = "<group>"; };
		27553518248D9AD400D650AB /* Info.plist */ = {isa = PBXFileReference; lastKnownFileType = text.plist.xml; path = Info.plist; sourceTree = "<group>"; };
		2755351F248D9B3900D650AB /* SHUtils_C.test.xcconfig */ = {isa = PBXFileReference; lastKnownFileType = text.xcconfig; path = SHUtils_C.test.xcconfig; sourceTree = "<group>"; };
		2769C096227C6F2F00217480 /* SHUtils_C.postbuild.sh */ = {isa = PBXFileReference; lastKnownFileType = text.script.sh; path = SHUtils_C.postbuild.sh; sourceTree = "<group>"; };
		2769C0A0227F67FB00217480 /* module.modulemap */ = {isa = PBXFileReference; lastKnownFileType = "sourcecode.module-map"; path = module.modulemap; sourceTree = "<group>"; };
		2769C0A1227F682D00217480 /* SHUtils_C.h */ = {isa = PBXFileReference; lastKnownFileType = sourcecode.c.h; path = SHUtils_C.h; sourceTree = "<group>"; };
		2769C10B228639E100217480 /* SHUtils_C.prebuild.sh */ = {isa = PBXFileReference; lastKnownFileType = text.script.sh; path = SHUtils_C.prebuild.sh; sourceTree = "<group>"; };
		2781552921758C3F005C5279 /* SHUtilConstants.h */ = {isa = PBXFileReference; lastKnownFileType = sourcecode.c.h; path = SHUtilConstants.h; sourceTree = "<group>"; };
		2781552A21758C3F005C5279 /* SHUtilConstants.c */ = {isa = PBXFileReference; lastKnownFileType = sourcecode.c.c; path = SHUtilConstants.c; sourceTree = "<group>"; };
		278FFD9E222B2AA000DAF985 /* SHUtils_C.debug.xcconfig */ = {isa = PBXFileReference; lastKnownFileType = text.xcconfig; path = SHUtils_C.debug.xcconfig; sourceTree = "<group>"; };
		27B0B1EF2223A4970028AF59 /* SHUtils_C.base.xcconfig */ = {isa = PBXFileReference; lastKnownFileType = text.xcconfig; path = SHUtils_C.base.xcconfig; sourceTree = "<group>"; };
		27B512C22496B14400727905 /* SHLinkedList.h */ = {isa = PBXFileReference; lastKnownFileType = sourcecode.c.h; path = SHLinkedList.h; sourceTree = "<group>"; };
		27B512C32496B14400727905 /* SHLinkedList.c */ = {isa = PBXFileReference; lastKnownFileType = sourcecode.c.c; path = SHLinkedList.c; sourceTree = "<group>"; };
		27B512C6249BDF8C00727905 /* SHTestTreeFromYTVideo.m */ = {isa = PBXFileReference; lastKnownFileType = sourcecode.c.objc; path = SHTestTreeFromYTVideo.m; sourceTree = "<group>"; };
		27B512C8249C5F6300727905 /* SHTreeFindItemTests.m */ = {isa = PBXFileReference; lastKnownFileType = sourcecode.c.objc; path = SHTreeFindItemTests.m; sourceTree = "<group>"; };
		27B512CA249C685B00727905 /* SHTestTreeDelete.m */ = {isa = PBXFileReference; lastKnownFileType = sourcecode.c.objc; path = SHTestTreeDelete.m; sourceTree = "<group>"; };
		27B512CC249D471C00727905 /* SHTestTreeDeleteRoots.m */ = {isa = PBXFileReference; lastKnownFileType = sourcecode.c.objc; path = SHTestTreeDeleteRoots.m; sourceTree = "<group>"; };
		27B512CE249DA56000727905 /* SHTestRandomTreeFuncs.m */ = {isa = PBXFileReference; lastKnownFileType = sourcecode.c.objc; path = SHTestRandomTreeFuncs.m; sourceTree = "<group>"; };
		27B512D0249DBADB00727905 /* SHPrintTree.h */ = {isa = PBXFileReference; lastKnownFileType = sourcecode.c.h; path = SHPrintTree.h; sourceTree = "<group>"; };
		27B512D1249DBADB00727905 /* SHPrintTree.c */ = {isa = PBXFileReference; lastKnownFileType = sourcecode.c.c; path = SHPrintTree.c; sourceTree = "<group>"; };
		27B512E0249EB84400727905 /* SHIterableWrapper.h */ = {isa = PBXFileReference; lastKnownFileType = sourcecode.c.h; path = SHIterableWrapper.h; sourceTree = "<group>"; };
		27B512E1249EB84400727905 /* SHIterableWrapper.c */ = {isa = PBXFileReference; lastKnownFileType = sourcecode.c.c; path = SHIterableWrapper.c; sourceTree = "<group>"; };
		27B512E8249ECDEC00727905 /* SHSerialAccessCollection.h */ = {isa = PBXFileReference; lastKnownFileType = sourcecode.c.h; path = SHSerialAccessCollection.h; sourceTree = "<group>"; };
		27B512E9249ECDEC00727905 /* SHSerialAccessCollection.c */ = {isa = PBXFileReference; lastKnownFileType = sourcecode.c.c; path = SHSerialAccessCollection.c; sourceTree = "<group>"; };
		27B512EC24A14E3100727905 /* SHTestSerialAccessCollection.m */ = {isa = PBXFileReference; lastKnownFileType = sourcecode.c.objc; path = SHTestSerialAccessCollection.m; sourceTree = "<group>"; };
		27B512EE24A18C6800727905 /* SHSerialQueueTests.m */ = {isa = PBXFileReference; lastKnownFileType = sourcecode.c.objc; path = SHSerialQueueTests.m; sourceTree = "<group>"; };
		27B512F024A2622300727905 /* SHSyncedList.h */ = {isa = PBXFileReference; lastKnownFileType = sourcecode.c.h; path = SHSyncedList.h; sourceTree = "<group>"; };
		27B512F124A2622300727905 /* SHSyncedList.c */ = {isa = PBXFileReference; lastKnownFileType = sourcecode.c.c; path = SHSyncedList.c; sourceTree = "<group>"; };
		27BB2905215207A3003225BB /* Makefile */ = {isa = PBXFileReference; lastKnownFileType = sourcecode.make; path = Makefile; sourceTree = "<group>"; };
		27BB29132159CE1E003225BB /* vars.mk */ = {isa = PBXFileReference; lastKnownFileType = text; path = vars.mk; sourceTree = "<group>"; };
		27DF9C4C20956D6300F98023 /* SHGenAlgos.h */ = {isa = PBXFileReference; lastKnownFileType = sourcecode.c.h; path = SHGenAlgos.h; sourceTree = "<group>"; };
		27DF9C4D20956D6300F98023 /* SHGenAlgos.c */ = {isa = PBXFileReference; lastKnownFileType = sourcecode.c.c; path = SHGenAlgos.c; sourceTree = "<group>"; };
/* End PBXFileReference section */

/* Begin PBXFrameworksBuildPhase section */
		271691FD2089758B0059A58E /* Frameworks */ = {
			isa = PBXFrameworksBuildPhase;
			buildActionMask = 2147483647;
			files = (
			);
			runOnlyForDeploymentPostprocessing = 0;
		};
		27553511248D9AD300D650AB /* Frameworks */ = {
			isa = PBXFrameworksBuildPhase;
			buildActionMask = 2147483647;
			files = (
				27553519248D9AD400D650AB /* SHUtils_C in Frameworks */,
			);
			runOnlyForDeploymentPostprocessing = 0;
		};
/* End PBXFrameworksBuildPhase section */

/* Begin PBXGroup section */
		2703AA6F2453339E00ACE781 /* Code */ = {
			isa = PBXGroup;
			children = (
				2769C0A0227F67FB00217480 /* module.modulemap */,
				271692082089762D0059A58E /* SHArray.h */,
				27169215208BB2450059A58E /* SHErrorHandling.h */,
				27DF9C4D20956D6300F98023 /* SHGenAlgos.c */,
				27DF9C4C20956D6300F98023 /* SHGenAlgos.h */,
				2781552A21758C3F005C5279 /* SHUtilConstants.c */,
				2781552921758C3F005C5279 /* SHUtilConstants.h */,
				2769C0A1227F682D00217480 /* SHUtils_C.h */,
				275534BF2479E39B00D650AB /* SHSerialQueue.h */,
				275534C02479E39B00D650AB /* SHSerialQueue.c */,
				275534FF248891A400D650AB /* SHDynamicArray.h */,
				27553500248891A400D650AB /* SHDynamicArray.c */,
				2755350C248C35BA00D650AB /* SHTree.h */,
				2755350D248C35BA00D650AB /* SHTree.c */,
				27B512C22496B14400727905 /* SHLinkedList.h */,
				27B512C32496B14400727905 /* SHLinkedList.c */,
				27B512E0249EB84400727905 /* SHIterableWrapper.h */,
				27B512E1249EB84400727905 /* SHIterableWrapper.c */,
				27B512E8249ECDEC00727905 /* SHSerialAccessCollection.h */,
				27B512E9249ECDEC00727905 /* SHSerialAccessCollection.c */,
				27B512F024A2622300727905 /* SHSyncedList.h */,
				27B512F124A2622300727905 /* SHSyncedList.c */,
			);
			path = Code;
			sourceTree = "<group>";
		};
		2712C5F3244D29CB00157758 /* Resources */ = {
			isa = PBXGroup;
			children = (
				2712C5F2244D290500157758 /* Info.plist */,
			);
			path = Resources;
			sourceTree = "<group>";
		};
		271691F72089758B0059A58E = {
			isa = PBXGroup;
			children = (
				2703AA6F2453339E00ACE781 /* Code */,
				2712C5F3244D29CB00157758 /* Resources */,
				2769C095227C6EAA00217480 /* Scripts */,
				276E6D95222A492E00CB36CB /* Configs */,
				27BB290421520778003225BB /* Send */,
				27553515248D9AD300D650AB /* Tests */,
				271692012089758B0059A58E /* Products */,
				2716920E208991130059A58E /* Frameworks */,
			);
			sourceTree = "<group>";
		};
		271692012089758B0059A58E /* Products */ = {
			isa = PBXGroup;
			children = (
				271692002089758B0059A58E /* SHUtils_C */,
				27553514248D9AD300D650AB /* SHUtils_CTests.xctest */,
			);
			name = Products;
			sourceTree = "<group>";
		};
		2716920E208991130059A58E /* Frameworks */ = {
			isa = PBXGroup;
			children = (
				27397341226C0894001590C6 /* libSHDatetime.a */,
			);
			name = Frameworks;
			sourceTree = "<group>";
		};
		27553515248D9AD300D650AB /* Tests */ = {
			isa = PBXGroup;
			children = (
				27553516248D9AD400D650AB /* SHTreeIterateTests.m */,
				27553518248D9AD400D650AB /* Info.plist */,
				27B512C6249BDF8C00727905 /* SHTestTreeFromYTVideo.m */,
				27B512C8249C5F6300727905 /* SHTreeFindItemTests.m */,
				27B512CA249C685B00727905 /* SHTestTreeDelete.m */,
				27B512CC249D471C00727905 /* SHTestTreeDeleteRoots.m */,
				27B512CE249DA56000727905 /* SHTestRandomTreeFuncs.m */,
				27B512D0249DBADB00727905 /* SHPrintTree.h */,
				27B512D1249DBADB00727905 /* SHPrintTree.c */,
				27B512EC24A14E3100727905 /* SHTestSerialAccessCollection.m */,
				27B512EE24A18C6800727905 /* SHSerialQueueTests.m */,
			);
			path = Tests;
			sourceTree = "<group>";
		};
		2769C095227C6EAA00217480 /* Scripts */ = {
			isa = PBXGroup;
			children = (
				2769C10B228639E100217480 /* SHUtils_C.prebuild.sh */,
				2769C096227C6F2F00217480 /* SHUtils_C.postbuild.sh */,
			);
			path = Scripts;
			sourceTree = "<group>";
		};
		276E6D95222A492E00CB36CB /* Configs */ = {
			isa = PBXGroup;
			children = (
				27B0B1EF2223A4970028AF59 /* SHUtils_C.base.xcconfig */,
				278FFD9E222B2AA000DAF985 /* SHUtils_C.debug.xcconfig */,
				2755351F248D9B3900D650AB /* SHUtils_C.test.xcconfig */,
			);
			path = Configs;
			sourceTree = "<group>";
		};
		27BB290421520778003225BB /* Send */ = {
			isa = PBXGroup;
			children = (
				27BB2905215207A3003225BB /* Makefile */,
				27BB29132159CE1E003225BB /* vars.mk */,
			);
			path = Send;
			sourceTree = "<group>";
		};
/* End PBXGroup section */

/* Begin PBXHeadersBuildPhase section */
		271691FE2089758B0059A58E /* Headers */ = {
			isa = PBXHeadersBuildPhase;
			buildActionMask = 2147483647;
			files = (
				27553501248891A400D650AB /* SHDynamicArray.h in Headers */,
				27B512EA249ECDEC00727905 /* SHSerialAccessCollection.h in Headers */,
				27B512E2249EB84400727905 /* SHIterableWrapper.h in Headers */,
				2755350E248C35BB00D650AB /* SHTree.h in Headers */,
				27B512F224A2622300727905 /* SHSyncedList.h in Headers */,
				27B512C42496B14400727905 /* SHLinkedList.h in Headers */,
				275534C12479E39C00D650AB /* SHSerialQueue.h in Headers */,
				27B512D2249DBADB00727905 /* SHPrintTree.h in Headers */,
				2716922D20916ED50059A58E /* SHArray.h in Headers */,
				2781552B21758C3F005C5279 /* SHUtilConstants.h in Headers */,
				2769C097227C81B500217480 /* SHErrorHandling.h in Headers */,
				270CB96A244CC30900FE930B /* SHUtils_C.h in Headers */,
				27DF9C4E20956D6300F98023 /* SHGenAlgos.h in Headers */,
			);
			runOnlyForDeploymentPostprocessing = 0;
		};
/* End PBXHeadersBuildPhase section */

/* Begin PBXNativeTarget section */
		271691FF2089758B0059A58E /* SHUtils_C */ = {
			isa = PBXNativeTarget;
			buildConfigurationList = 271692042089758B0059A58E /* Build configuration list for PBXNativeTarget "SHUtils_C" */;
			buildPhases = (
				2769C10C228639F800217480 /* ShellScript */,
				271691FE2089758B0059A58E /* Headers */,
				271691FC2089758B0059A58E /* Sources */,
				271691FD2089758B0059A58E /* Frameworks */,
				27DF9C3E2091890100F98023 /* ShellScript */,
			);
			buildRules = (
			);
			dependencies = (
			);
			name = SHUtils_C;
			productName = SHUtils_C;
			productReference = 271692002089758B0059A58E /* SHUtils_C */;
			productType = "com.apple.product-type.library.static";
		};
		27553513248D9AD300D650AB /* SHUtils_CTests */ = {
			isa = PBXNativeTarget;
			buildConfigurationList = 2755351C248D9AD400D650AB /* Build configuration list for PBXNativeTarget "SHUtils_CTests" */;
			buildPhases = (
				27553510248D9AD300D650AB /* Sources */,
				27553511248D9AD300D650AB /* Frameworks */,
				27553512248D9AD300D650AB /* Resources */,
			);
			buildRules = (
			);
			dependencies = (
				2755351B248D9AD400D650AB /* PBXTargetDependency */,
			);
			name = SHUtils_CTests;
			productName = Tests;
			productReference = 27553514248D9AD300D650AB /* SHUtils_CTests.xctest */;
			productType = "com.apple.product-type.bundle.unit-test";
		};
/* End PBXNativeTarget section */

/* Begin PBXProject section */
		271691F82089758B0059A58E /* Project object */ = {
			isa = PBXProject;
			attributes = {
				LastUpgradeCheck = 0940;
				ORGANIZATIONNAME = "Joel Gillette";
				TargetAttributes = {
					271691FF2089758B0059A58E = {
						CreatedOnToolsVersion = 9.2;
						ProvisioningStyle = Automatic;
					};
					27553513248D9AD300D650AB = {
						CreatedOnToolsVersion = 11.4.1;
					};
				};
			};
			buildConfigurationList = 271691FB2089758B0059A58E /* Build configuration list for PBXProject "SHUtils_C" */;
			compatibilityVersion = "Xcode 10.0";
			developmentRegion = en;
			hasScannedForEncodings = 0;
			knownRegions = (
				en,
			);
			mainGroup = 271691F72089758B0059A58E;
			productRefGroup = 271692012089758B0059A58E /* Products */;
			projectDirPath = "";
			projectRoot = "";
			targets = (
				271691FF2089758B0059A58E /* SHUtils_C */,
				27553513248D9AD300D650AB /* SHUtils_CTests */,
			);
		};
/* End PBXProject section */

/* Begin PBXResourcesBuildPhase section */
		27553512248D9AD300D650AB /* Resources */ = {
			isa = PBXResourcesBuildPhase;
			buildActionMask = 2147483647;
			files = (
			);
			runOnlyForDeploymentPostprocessing = 0;
		};
/* End PBXResourcesBuildPhase section */

/* Begin PBXShellScriptBuildPhase section */
		2769C10C228639F800217480 /* ShellScript */ = {
			isa = PBXShellScriptBuildPhase;
			buildActionMask = 2147483647;
			files = (
			);
			inputFileListPaths = (
			);
			inputPaths = (
			);
			outputFileListPaths = (
			);
			outputPaths = (
			);
			runOnlyForDeploymentPostprocessing = 0;
			shellPath = /bin/sh;
			shellScript = "sh Scripts/SHUtils_C.prebuild.sh\n";
			showEnvVarsInLog = 0;
		};
		27DF9C3E2091890100F98023 /* ShellScript */ = {
			isa = PBXShellScriptBuildPhase;
			buildActionMask = 2147483647;
			files = (
			);
			inputPaths = (
			);
			outputPaths = (
			);
			runOnlyForDeploymentPostprocessing = 0;
			shellPath = /bin/sh;
			shellScript = "sh Scripts/SHUtils_C.postbuild.sh\n";
			showEnvVarsInLog = 0;
		};
/* End PBXShellScriptBuildPhase section */

/* Begin PBXSourcesBuildPhase section */
		271691FC2089758B0059A58E /* Sources */ = {
			isa = PBXSourcesBuildPhase;
			buildActionMask = 2147483647;
			files = (
				2755350F248C35BB00D650AB /* SHTree.c in Sources */,
				27553502248891A400D650AB /* SHDynamicArray.c in Sources */,
				27B512D3249DBADB00727905 /* SHPrintTree.c in Sources */,
				27B512EB249ECDEC00727905 /* SHSerialAccessCollection.c in Sources */,
				27B512C52496B14400727905 /* SHLinkedList.c in Sources */,
				27B512E3249EB84400727905 /* SHIterableWrapper.c in Sources */,
				275534C22479E39C00D650AB /* SHSerialQueue.c in Sources */,
				27B512F324A2622300727905 /* SHSyncedList.c in Sources */,
				2781552C21758C3F005C5279 /* SHUtilConstants.c in Sources */,
				27DF9C4F20956D6300F98023 /* SHGenAlgos.c in Sources */,
			);
			runOnlyForDeploymentPostprocessing = 0;
		};
		27553510248D9AD300D650AB /* Sources */ = {
			isa = PBXSourcesBuildPhase;
			buildActionMask = 2147483647;
			files = (
				27B512C7249BDF8C00727905 /* SHTestTreeFromYTVideo.m in Sources */,
				27553517248D9AD400D650AB /* SHTreeIterateTests.m in Sources */,
				27B512EF24A18C6800727905 /* SHSerialQueueTests.m in Sources */,
				27B512C9249C5F6300727905 /* SHTreeFindItemTests.m in Sources */,
				27B512CD249D471C00727905 /* SHTestTreeDeleteRoots.m in Sources */,
				27B512ED24A14E3100727905 /* SHTestSerialAccessCollection.m in Sources */,
				27B512CB249C685B00727905 /* SHTestTreeDelete.m in Sources */,
				27B512CF249DA56000727905 /* SHTestRandomTreeFuncs.m in Sources */,
			);
			runOnlyForDeploymentPostprocessing = 0;
		};
/* End PBXSourcesBuildPhase section */

/* Begin PBXTargetDependency section */
		2755351B248D9AD400D650AB /* PBXTargetDependency */ = {
			isa = PBXTargetDependency;
			target = 271691FF2089758B0059A58E /* SHUtils_C */;
			targetProxy = 2755351A248D9AD400D650AB /* PBXContainerItemProxy */;
		};
/* End PBXTargetDependency section */

/* Begin XCBuildConfiguration section */
		271692022089758B0059A58E /* Debug */ = {
			isa = XCBuildConfiguration;
			baseConfigurationReference = 278FFD9E222B2AA000DAF985 /* SHUtils_C.debug.xcconfig */;
			buildSettings = {
				CLANG_ANALYZER_NONNULL = YES;
				CLANG_ANALYZER_NUMBER_OBJECT_CONVERSION = YES_AGGRESSIVE;
				CLANG_WARN_DEPRECATED_OBJC_IMPLEMENTATIONS = YES;
				CLANG_WARN_DIRECT_OBJC_ISA_USAGE = YES_ERROR;
				CLANG_WARN_OBJC_IMPLICIT_RETAIN_SELF = YES;
				CLANG_WARN_OBJC_LITERAL_CONVERSION = YES;
				CLANG_WARN_OBJC_ROOT_CLASS = YES_ERROR;
				CLANG_WARN_RANGE_LOOP_ANALYSIS = YES;
				CLANG_WARN_SUSPICIOUS_MOVE = YES;
				CLANG_WARN__DUPLICATE_METHOD_MATCH = YES;
				CODE_SIGN_IDENTITY = "Mac Developer";
				COPY_PHASE_STRIP = NO;
				DEBUG_INFORMATION_FORMAT = dwarf;
				ENABLE_STRICT_OBJC_MSGSEND = YES;
				ENABLE_TESTABILITY = YES;
				GCC_DYNAMIC_NO_PIC = NO;
				GCC_NO_COMMON_BLOCKS = YES;
				GCC_OPTIMIZATION_LEVEL = 0;
				GCC_PREPROCESSOR_DEFINITIONS = (
					"DEBUG=1",
					"$(inherited)",
				);
				GCC_WARN_UNDECLARED_SELECTOR = YES;
				MTL_ENABLE_DEBUG_INFO = YES;
			};
			name = Debug;
		};
		271692032089758B0059A58E /* Release */ = {
			isa = XCBuildConfiguration;
			baseConfigurationReference = 27B0B1EF2223A4970028AF59 /* SHUtils_C.base.xcconfig */;
			buildSettings = {
				CLANG_ANALYZER_NONNULL = YES;
				CLANG_ANALYZER_NUMBER_OBJECT_CONVERSION = YES_AGGRESSIVE;
				CLANG_WARN_DEPRECATED_OBJC_IMPLEMENTATIONS = YES;
				CLANG_WARN_DIRECT_OBJC_ISA_USAGE = YES_ERROR;
				CLANG_WARN_OBJC_IMPLICIT_RETAIN_SELF = YES;
				CLANG_WARN_OBJC_LITERAL_CONVERSION = YES;
				CLANG_WARN_OBJC_ROOT_CLASS = YES_ERROR;
				CLANG_WARN_RANGE_LOOP_ANALYSIS = YES;
				CLANG_WARN_SUSPICIOUS_MOVE = YES;
				CLANG_WARN__DUPLICATE_METHOD_MATCH = YES;
				CODE_SIGN_IDENTITY = "Mac Developer";
				COPY_PHASE_STRIP = NO;
				DEBUG_INFORMATION_FORMAT = "dwarf-with-dsym";
				ENABLE_NS_ASSERTIONS = NO;
				ENABLE_STRICT_OBJC_MSGSEND = YES;
				GCC_NO_COMMON_BLOCKS = YES;
				GCC_WARN_UNDECLARED_SELECTOR = YES;
				MTL_ENABLE_DEBUG_INFO = NO;
			};
			name = Release;
		};
		271692052089758B0059A58E /* Debug */ = {
			isa = XCBuildConfiguration;
			buildSettings = {
				CODE_SIGN_STYLE = Automatic;
				DEAD_CODE_STRIPPING = YES;
				DEVELOPMENT_TEAM = XK3RJ8E2L2;
				OTHER_CFLAGS = (
					"-Wall",
					"-Wextra",
				);
				PRODUCT_NAME = "$(TARGET_NAME)";
			};
			name = Debug;
		};
		271692062089758B0059A58E /* Release */ = {
			isa = XCBuildConfiguration;
			buildSettings = {
				CODE_SIGN_STYLE = Automatic;
				DEAD_CODE_STRIPPING = YES;
				DEVELOPMENT_TEAM = XK3RJ8E2L2;
				OTHER_CFLAGS = (
					"-Wall",
					"-Wextra",
				);
				PRODUCT_NAME = "$(TARGET_NAME)";
			};
			name = Release;
		};
		2755351D248D9AD400D650AB /* Debug */ = {
			isa = XCBuildConfiguration;
			baseConfigurationReference = 2755351F248D9B3900D650AB /* SHUtils_C.test.xcconfig */;
			buildSettings = {
				ALWAYS_SEARCH_USER_PATHS = NO;
				CLANG_CXX_LANGUAGE_STANDARD = "gnu++14";
				CLANG_CXX_LIBRARY = "libc++";
				CLANG_ENABLE_MODULES = YES;
				CLANG_ENABLE_OBJC_ARC = YES;
				CLANG_ENABLE_OBJC_WEAK = YES;
				CLANG_WARN_BLOCK_CAPTURE_AUTORELEASING = YES;
				CLANG_WARN_BOOL_CONVERSION = YES;
				CLANG_WARN_COMMA = YES;
				CLANG_WARN_CONSTANT_CONVERSION = YES;
				CLANG_WARN_DOCUMENTATION_COMMENTS = YES;
				CLANG_WARN_EMPTY_BODY = YES;
				CLANG_WARN_ENUM_CONVERSION = YES;
				CLANG_WARN_INFINITE_RECURSION = YES;
				CLANG_WARN_INT_CONVERSION = YES;
				CLANG_WARN_NON_LITERAL_NULL_CONVERSION = YES;
				CLANG_WARN_STRICT_PROTOTYPES = YES;
				CLANG_WARN_UNGUARDED_AVAILABILITY = YES_AGGRESSIVE;
				CLANG_WARN_UNREACHABLE_CODE = YES;
				CODE_SIGN_STYLE = Automatic;
				DEVELOPMENT_TEAM = XK3RJ8E2L2;
				GCC_C_LANGUAGE_STANDARD = gnu11;
				GCC_WARN_64_TO_32_BIT_CONVERSION = YES;
				GCC_WARN_ABOUT_RETURN_TYPE = YES_ERROR;
				GCC_WARN_UNINITIALIZED_AUTOS = YES_AGGRESSIVE;
				GCC_WARN_UNUSED_FUNCTION = YES;
				GCC_WARN_UNUSED_VARIABLE = YES;
				INFOPLIST_FILE = Tests/Info.plist;
				IPHONEOS_DEPLOYMENT_TARGET = 13.4;
				LD_RUNPATH_SEARCH_PATHS = (
					"$(inherited)",
					"@executable_path/Frameworks",
					"@loader_path/Frameworks",
				);
				MTL_ENABLE_DEBUG_INFO = INCLUDE_SOURCE;
				MTL_FAST_MATH = YES;
				ONLY_ACTIVE_ARCH = YES;
				PRODUCT_BUNDLE_IDENTIFIER = JoelliusCzar.Tests;
				PRODUCT_NAME = "$(TARGET_NAME)";
				SDKROOT = iphoneos;
				TARGETED_DEVICE_FAMILY = "1,2";
			};
			name = Debug;
		};
		2755351E248D9AD400D650AB /* Release */ = {
			isa = XCBuildConfiguration;
			buildSettings = {
				ALWAYS_SEARCH_USER_PATHS = NO;
				CLANG_CXX_LANGUAGE_STANDARD = "gnu++14";
				CLANG_CXX_LIBRARY = "libc++";
				CLANG_ENABLE_MODULES = YES;
				CLANG_ENABLE_OBJC_ARC = YES;
				CLANG_ENABLE_OBJC_WEAK = YES;
				CLANG_WARN_BLOCK_CAPTURE_AUTORELEASING = YES;
				CLANG_WARN_BOOL_CONVERSION = YES;
				CLANG_WARN_COMMA = YES;
				CLANG_WARN_CONSTANT_CONVERSION = YES;
				CLANG_WARN_DOCUMENTATION_COMMENTS = YES;
				CLANG_WARN_EMPTY_BODY = YES;
				CLANG_WARN_ENUM_CONVERSION = YES;
				CLANG_WARN_INFINITE_RECURSION = YES;
				CLANG_WARN_INT_CONVERSION = YES;
				CLANG_WARN_NON_LITERAL_NULL_CONVERSION = YES;
				CLANG_WARN_STRICT_PROTOTYPES = YES;
				CLANG_WARN_UNGUARDED_AVAILABILITY = YES_AGGRESSIVE;
				CLANG_WARN_UNREACHABLE_CODE = YES;
				CODE_SIGN_STYLE = Automatic;
				DEVELOPMENT_TEAM = XK3RJ8E2L2;
				GCC_C_LANGUAGE_STANDARD = gnu11;
				GCC_WARN_64_TO_32_BIT_CONVERSION = YES;
				GCC_WARN_ABOUT_RETURN_TYPE = YES_ERROR;
				GCC_WARN_UNINITIALIZED_AUTOS = YES_AGGRESSIVE;
				GCC_WARN_UNUSED_FUNCTION = YES;
				GCC_WARN_UNUSED_VARIABLE = YES;
				INFOPLIST_FILE = Tests/Info.plist;
				IPHONEOS_DEPLOYMENT_TARGET = 13.4;
				LD_RUNPATH_SEARCH_PATHS = (
					"$(inherited)",
					"@executable_path/Frameworks",
					"@loader_path/Frameworks",
				);
				MTL_FAST_MATH = YES;
				PRODUCT_BUNDLE_IDENTIFIER = JoelliusCzar.Tests;
				PRODUCT_NAME = "$(TARGET_NAME)";
				SDKROOT = iphoneos;
				TARGETED_DEVICE_FAMILY = "1,2";
				VALIDATE_PRODUCT = YES;
			};
			name = Release;
		};
/* End XCBuildConfiguration section */

/* Begin XCConfigurationList section */
		271691FB2089758B0059A58E /* Build configuration list for PBXProject "SHUtils_C" */ = {
			isa = XCConfigurationList;
			buildConfigurations = (
				271692022089758B0059A58E /* Debug */,
				271692032089758B0059A58E /* Release */,
			);
			defaultConfigurationIsVisible = 0;
			defaultConfigurationName = Release;
		};
		271692042089758B0059A58E /* Build configuration list for PBXNativeTarget "SHUtils_C" */ = {
			isa = XCConfigurationList;
			buildConfigurations = (
				271692052089758B0059A58E /* Debug */,
				271692062089758B0059A58E /* Release */,
			);
			defaultConfigurationIsVisible = 0;
			defaultConfigurationName = Release;
		};
		2755351C248D9AD400D650AB /* Build configuration list for PBXNativeTarget "SHUtils_CTests" */ = {
			isa = XCConfigurationList;
			buildConfigurations = (
				2755351D248D9AD400D650AB /* Debug */,
				2755351E248D9AD400D650AB /* Release */,
			);
			defaultConfigurationIsVisible = 0;
			defaultConfigurationName = Release;
		};
/* End XCConfigurationList section */
	};
	rootObject = 271691F82089758B0059A58E /* Project object */;
}
