// !$*UTF8*$!
{
	archiveVersion = 1;
	classes = {
	};
	objectVersion = 48;
	objects = {

/* Begin PBXBuildFile section */
		2709B3911EE4FBDC00EEE5CC /* Model.xcdatamodeld in Resources */ = {isa = PBXBuildFile; fileRef = 273782391EE4DB9C00EA5B1D /* Model.xcdatamodeld */; };
		2709B3991EEF750800EEE5CC /* ReportServiceCaller.m in Sources */ = {isa = PBXBuildFile; fileRef = 2709B3981EEF750800EEE5CC /* ReportServiceCaller.m */; };
		271217691DCE84310072ACC6 /* Daily+CoreDataClass.m in Sources */ = {isa = PBXBuildFile; fileRef = 2712175A1DCE84310072ACC6 /* Daily+CoreDataClass.m */; };
		2712176A1DCE84310072ACC6 /* Good+CoreDataClass.m in Sources */ = {isa = PBXBuildFile; fileRef = 2712175C1DCE84310072ACC6 /* Good+CoreDataClass.m */; };
		2712176B1DCE84310072ACC6 /* Habit+CoreDataClass.m in Sources */ = {isa = PBXBuildFile; fileRef = 2712175E1DCE84310072ACC6 /* Habit+CoreDataClass.m */; };
		2712176C1DCE84310072ACC6 /* Hero+CoreDataClass.m in Sources */ = {isa = PBXBuildFile; fileRef = 271217601DCE84310072ACC6 /* Hero+CoreDataClass.m */; };
		2712176D1DCE84310072ACC6 /* Monster+CoreDataClass.m in Sources */ = {isa = PBXBuildFile; fileRef = 271217621DCE84310072ACC6 /* Monster+CoreDataClass.m */; };
		2712176E1DCE84310072ACC6 /* Settings+CoreDataClass.m in Sources */ = {isa = PBXBuildFile; fileRef = 271217641DCE84310072ACC6 /* Settings+CoreDataClass.m */; };
		2712176F1DCE84310072ACC6 /* Todo+CoreDataClass.m in Sources */ = {isa = PBXBuildFile; fileRef = 271217661DCE84310072ACC6 /* Todo+CoreDataClass.m */; };
		271217701DCE84310072ACC6 /* Zone+CoreDataClass.m in Sources */ = {isa = PBXBuildFile; fileRef = 271217681DCE84310072ACC6 /* Zone+CoreDataClass.m */; };
		27127E351DDD42B50074A8F5 /* DataInfo+CoreDataClass.m in Sources */ = {isa = PBXBuildFile; fileRef = 27127E321DDD42B50074A8F5 /* DataInfo+CoreDataClass.m */; };
		27127E361DDD42B50074A8F5 /* DataInfo+CoreDataProperties.m in Sources */ = {isa = PBXBuildFile; fileRef = 27127E341DDD42B50074A8F5 /* DataInfo+CoreDataProperties.m */; };
		271C04831E8A1152002221E9 /* MonsterInfoDictionary.m in Sources */ = {isa = PBXBuildFile; fileRef = 271C04821E8A1152002221E9 /* MonsterInfoDictionary.m */; };
		271C04881E8B639D002221E9 /* ResourceUtility.m in Sources */ = {isa = PBXBuildFile; fileRef = 271C04871E8B639D002221E9 /* ResourceUtility.m */; };
		271C048B1E8C955A002221E9 /* SingletonCluster.m in Sources */ = {isa = PBXBuildFile; fileRef = 271C048A1E8C955A002221E9 /* SingletonCluster.m */; };
		271C048E1E8C9C06002221E9 /* MonsterHelper.m in Sources */ = {isa = PBXBuildFile; fileRef = 271C048D1E8C9C06002221E9 /* MonsterHelper.m */; };
		271C04921E8F3784002221E9 /* SuffixList.plist in Resources */ = {isa = PBXBuildFile; fileRef = 271C04911E8F3784002221E9 /* SuffixList.plist */; };
		273782381EE4D1B200EA5B1D /* FrequentCase.m in Sources */ = {isa = PBXBuildFile; fileRef = 273782371EE4D1B200EA5B1D /* FrequentCase.m */; };
		2737823E1EE4DB9C00EA5B1D /* Model.xcdatamodeld in Sources */ = {isa = PBXBuildFile; fileRef = 273782391EE4DB9C00EA5B1D /* Model.xcdatamodeld */; };
		273978851EB55F3700F217B4 /* StoryDumpView.m in Sources */ = {isa = PBXBuildFile; fileRef = 273978831EB55F3700F217B4 /* StoryDumpView.m */; };
		273978861EB55F3700F217B4 /* StoryDumpView.xib in Resources */ = {isa = PBXBuildFile; fileRef = 273978841EB55F3700F217B4 /* StoryDumpView.xib */; };
		2739788B1EB843F800F217B4 /* MonsterInfo.plist in Resources */ = {isa = PBXBuildFile; fileRef = 2739788A1EB843F800F217B4 /* MonsterInfo.plist */; };
		273978A41EB8473100F217B4 /* ZoneTransaction+CoreDataClass.m in Sources */ = {isa = PBXBuildFile; fileRef = 2739788D1EB8473100F217B4 /* ZoneTransaction+CoreDataClass.m */; };
		273978A51EB8473100F217B4 /* ZoneTransaction+CoreDataProperties.m in Sources */ = {isa = PBXBuildFile; fileRef = 2739788F1EB8473100F217B4 /* ZoneTransaction+CoreDataProperties.m */; };
		273978A61EB8473100F217B4 /* TodoTransaction+CoreDataClass.m in Sources */ = {isa = PBXBuildFile; fileRef = 273978911EB8473100F217B4 /* TodoTransaction+CoreDataClass.m */; };
		273978A71EB8473100F217B4 /* TodoTransaction+CoreDataProperties.m in Sources */ = {isa = PBXBuildFile; fileRef = 273978931EB8473100F217B4 /* TodoTransaction+CoreDataProperties.m */; };
		273978A81EB8473100F217B4 /* HabitTransaction+CoreDataClass.m in Sources */ = {isa = PBXBuildFile; fileRef = 273978951EB8473100F217B4 /* HabitTransaction+CoreDataClass.m */; };
		273978A91EB8473100F217B4 /* HabitTransaction+CoreDataProperties.m in Sources */ = {isa = PBXBuildFile; fileRef = 273978971EB8473100F217B4 /* HabitTransaction+CoreDataProperties.m */; };
		273978AC1EB8473100F217B4 /* DailyTransaction+CoreDataClass.m in Sources */ = {isa = PBXBuildFile; fileRef = 2739789D1EB8473100F217B4 /* DailyTransaction+CoreDataClass.m */; };
		273978AD1EB8473100F217B4 /* DailyTransaction+CoreDataProperties.m in Sources */ = {isa = PBXBuildFile; fileRef = 2739789F1EB8473100F217B4 /* DailyTransaction+CoreDataProperties.m */; };
		273978AE1EB8473100F217B4 /* MonsterTransaction+CoreDataClass.m in Sources */ = {isa = PBXBuildFile; fileRef = 273978A11EB8473100F217B4 /* MonsterTransaction+CoreDataClass.m */; };
		273978AF1EB8473100F217B4 /* MonsterTransaction+CoreDataProperties.m in Sources */ = {isa = PBXBuildFile; fileRef = 273978A31EB8473100F217B4 /* MonsterTransaction+CoreDataProperties.m */; };
		273979001EC4092A00F217B4 /* IntroViewController.xib in Resources */ = {isa = PBXBuildFile; fileRef = 273978FF1EC4092A00F217B4 /* IntroViewController.xib */; };
		275A079C1ED50AF5001422CD /* GoodTransaction+CoreDataClass.m in Sources */ = {isa = PBXBuildFile; fileRef = 275A07841ED50AF5001422CD /* GoodTransaction+CoreDataClass.m */; };
		275A079D1ED50AF5001422CD /* GoodTransaction+CoreDataProperties.m in Sources */ = {isa = PBXBuildFile; fileRef = 275A07861ED50AF5001422CD /* GoodTransaction+CoreDataProperties.m */; };
		275A07B71EDA1FB9001422CD /* TestHelpers.m in Sources */ = {isa = PBXBuildFile; fileRef = 275A07B61EDA1FB9001422CD /* TestHelpers.m */; };
		275FEEFE1EE3172C00AED1A2 /* NSDate+DateHelper.m in Sources */ = {isa = PBXBuildFile; fileRef = 275FEEFD1EE3172C00AED1A2 /* NSDate+DateHelper.m */; };
		275FEF001EE344BB00AED1A2 /* DateHelperTest.m in Sources */ = {isa = PBXBuildFile; fileRef = 275FEEFF1EE344BB00AED1A2 /* DateHelperTest.m */; };
		275FEF021EE3A78200AED1A2 /* timeZoneList.txt in Resources */ = {isa = PBXBuildFile; fileRef = 275FEF011EE3A78200AED1A2 /* timeZoneList.txt */; };
		275FEF0A1EE3CF3000AED1A2 /* DailyHelperTest.m in Sources */ = {isa = PBXBuildFile; fileRef = 275FEF091EE3CF3000AED1A2 /* DailyHelperTest.m */; };
		275FEF0D1EE45AE600AED1A2 /* Daily+DailyHelper.m in Sources */ = {isa = PBXBuildFile; fileRef = 275FEF0C1EE45AE600AED1A2 /* Daily+DailyHelper.m */; };
		277ABEC91E949B96008CC239 /* StdLibWrapper.m in Sources */ = {isa = PBXBuildFile; fileRef = 277ABEC81E949B96008CC239 /* StdLibWrapper.m */; };
		277ABED11E95DEF6008CC239 /* ProbWeight.m in Sources */ = {isa = PBXBuildFile; fileRef = 277ABED01E95DEF6008CC239 /* ProbWeight.m */; };
		277ABEF21E975959008CC239 /* ModelsTest.m in Sources */ = {isa = PBXBuildFile; fileRef = 277ABEF11E975959008CC239 /* ModelsTest.m */; };
		277ABF2E1E9C31C0008CC239 /* MockStdLibWrapper.m in Sources */ = {isa = PBXBuildFile; fileRef = 277ABF2D1E9C31C0008CC239 /* MockStdLibWrapper.m */; };
		277ABF301E9C31F3008CC239 /* ZoneHelperTest.m in Sources */ = {isa = PBXBuildFile; fileRef = 277ABF2F1E9C31F3008CC239 /* ZoneHelperTest.m */; };
		277ABF321E9F1A30008CC239 /* ZoneChoicePicker.xib in Resources */ = {isa = PBXBuildFile; fileRef = 277ABF311E9F1A30008CC239 /* ZoneChoicePicker.xib */; };
		277ABF341E9F1AE8008CC239 /* behind_alert_view.png in Resources */ = {isa = PBXBuildFile; fileRef = 277ABF331E9F1AE8008CC239 /* behind_alert_view.png */; };
		277ABF5D1EA27A91008CC239 /* CommonUtilitiesTest.m in Sources */ = {isa = PBXBuildFile; fileRef = 277ABF5C1EA27A91008CC239 /* CommonUtilitiesTest.m */; };
		277ABF5F1EA33320008CC239 /* MonsterHelperTest.m in Sources */ = {isa = PBXBuildFile; fileRef = 277ABF5E1EA33320008CC239 /* MonsterHelperTest.m */; };
		277ABF691EA46CE1008CC239 /* ProbilityWeightTest.m in Sources */ = {isa = PBXBuildFile; fileRef = 277ABF681EA46CE1008CC239 /* ProbilityWeightTest.m */; };
		277ABF6E1EA86240008CC239 /* TestProbWeightsThreeItems.m in Sources */ = {isa = PBXBuildFile; fileRef = 277ABF6D1EA86240008CC239 /* TestProbWeightsThreeItems.m */; };
		277ABF701EAD98EB008CC239 /* ProbilityWeightTestFourItems.m in Sources */ = {isa = PBXBuildFile; fileRef = 277ABF6F1EAD98EB008CC239 /* ProbilityWeightTestFourItems.m */; };
		277ABF731EAD9DD7008CC239 /* probWeightsUTBig.py in Resources */ = {isa = PBXBuildFile; fileRef = 277ABF721EAD9DD7008CC239 /* probWeightsUTBig.py */; };
		27AE66721E875EFB000F31BD /* Suffix+CoreDataClass.m in Sources */ = {isa = PBXBuildFile; fileRef = 27AE666F1E875EFB000F31BD /* Suffix+CoreDataClass.m */; };
		27AE66731E875EFB000F31BD /* Suffix+CoreDataProperties.m in Sources */ = {isa = PBXBuildFile; fileRef = 27AE66711E875EFB000F31BD /* Suffix+CoreDataProperties.m */; };
		27C92C121E28A1330025727E /* ZoneChoiceCell.xib in Resources */ = {isa = PBXBuildFile; fileRef = 27C92C111E28A1330025727E /* ZoneChoiceCell.xib */; };
		27C92C151E297F650025727E /* ZoneChoiceCellController.m in Sources */ = {isa = PBXBuildFile; fileRef = 27C92C141E297F640025727E /* ZoneChoiceCellController.m */; };
		27C92C1A1E29C9F10025727E /* ZoneInfoDictionary.m in Sources */ = {isa = PBXBuildFile; fileRef = 27C92C191E29C9F10025727E /* ZoneInfoDictionary.m */; };
		27C92C1F1E29FE110025727E /* ZoneInfo.plist in Resources */ = {isa = PBXBuildFile; fileRef = 27C92C161E29AD770025727E /* ZoneInfo.plist */; };
		27C92C441E3314000025727E /* ZoneDescriptionViewController.m in Sources */ = {isa = PBXBuildFile; fileRef = 27C92C421E3314000025727E /* ZoneDescriptionViewController.m */; };
		27C92C451E3314000025727E /* ZoneDescriptionViewController.xib in Resources */ = {isa = PBXBuildFile; fileRef = 27C92C431E3314000025727E /* ZoneDescriptionViewController.xib */; };
		27C92C481E341DA10025727E /* ViewHelper.m in Sources */ = {isa = PBXBuildFile; fileRef = 27C92C471E341DA10025727E /* ViewHelper.m */; };
		27F4401C1E220097002BEDD4 /* OnlyOneEntities.m in Sources */ = {isa = PBXBuildFile; fileRef = 27F4401B1E220097002BEDD4 /* OnlyOneEntities.m */; };
		686686EB1D79032200BB2D09 /* DailyCell.xib in Resources */ = {isa = PBXBuildFile; fileRef = 686686EA1D79032200BB2D09 /* DailyCell.xib */; };
		686686EE1D79060300BB2D09 /* DailyCellController.m in Sources */ = {isa = PBXBuildFile; fileRef = 686686ED1D79060300BB2D09 /* DailyCellController.m */; };
		686ED3911DA5DD66004EDD36 /* title_Screen_HD_55.png in Resources */ = {isa = PBXBuildFile; fileRef = 686ED3901DA5DD66004EDD36 /* title_Screen_HD_55.png */; };
		686ED3931DA5DEB5004EDD36 /* title_Screen_HD_47.png in Resources */ = {isa = PBXBuildFile; fileRef = 686ED3921DA5DEB5004EDD36 /* title_Screen_HD_47.png */; };
		686ED3951DA5DEC0004EDD36 /* title_Screen_2x.png in Resources */ = {isa = PBXBuildFile; fileRef = 686ED3941DA5DEC0004EDD36 /* title_Screen_2x.png */; };
		686ED3981DA5E0F9004EDD36 /* title_Screen_1x.png in Resources */ = {isa = PBXBuildFile; fileRef = 686ED3961DA5E0F9004EDD36 /* title_Screen_1x.png */; };
		686ED3991DA5E0F9004EDD36 /* title_Screen_R_4.png in Resources */ = {isa = PBXBuildFile; fileRef = 686ED3971DA5E0F9004EDD36 /* title_Screen_R_4.png */; };
		686ED3A71DA751AC004EDD36 /* StoryConstants.m in Sources */ = {isa = PBXBuildFile; fileRef = 686ED3A61DA751AC004EDD36 /* StoryConstants.m */; };
		686ED3B71DAF3DBD004EDD36 /* CustomSwitch.m in Sources */ = {isa = PBXBuildFile; fileRef = 686ED3B61DAF3DBD004EDD36 /* CustomSwitch.m */; };
		686ED3BA1DB4660F004EDD36 /* white_checked_empty.png in Resources */ = {isa = PBXBuildFile; fileRef = 686ED3B81DB4660F004EDD36 /* white_checked_empty.png */; };
		686ED3BB1DB4660F004EDD36 /* white_checked_full.png in Resources */ = {isa = PBXBuildFile; fileRef = 686ED3B91DB4660F004EDD36 /* white_checked_full.png */; };
		686ED3BF1DB47954004EDD36 /* ZoneChoiceViewController.m in Sources */ = {isa = PBXBuildFile; fileRef = 686ED3BD1DB47954004EDD36 /* ZoneChoiceViewController.m */; };
		686ED3C21DB47FA5004EDD36 /* black_checked_empty.png in Resources */ = {isa = PBXBuildFile; fileRef = 686ED3C11DB47FA5004EDD36 /* black_checked_empty.png */; };
		686ED3C41DB47FAF004EDD36 /* black_checked_full.png in Resources */ = {isa = PBXBuildFile; fileRef = 686ED3C31DB47FAF004EDD36 /* black_checked_full.png */; };
		686ED3C71DB481C4004EDD36 /* ZoneHelper.m in Sources */ = {isa = PBXBuildFile; fileRef = 686ED3C61DB481C4004EDD36 /* ZoneHelper.m */; };
		687F01231D77CA6500C7B08B /* DailyTablesViewController.xib in Resources */ = {isa = PBXBuildFile; fileRef = 687F01211D77CA6500C7B08B /* DailyTablesViewController.xib */; };
		6886A4801D8E5FD0005E12B3 /* constants.m in Sources */ = {isa = PBXBuildFile; fileRef = 6886A47F1D8E5FD0005E12B3 /* constants.m */; };
		6886A4861D8F1C49005E12B3 /* unchecked_task.png in Resources */ = {isa = PBXBuildFile; fileRef = 6886A4851D8F1C49005E12B3 /* unchecked_task.png */; };
		6886A4891D8F3CB2005E12B3 /* TaskCell.m in Sources */ = {isa = PBXBuildFile; fileRef = 6886A4881D8F3CB2005E12B3 /* TaskCell.m */; };
		6886A48B1D8F6EA6005E12B3 /* switch_unchecked.png in Resources */ = {isa = PBXBuildFile; fileRef = 6886A48A1D8F6EA6005E12B3 /* switch_unchecked.png */; };
		6886A48D1D8F6EB3005E12B3 /* switch_checked.png in Resources */ = {isa = PBXBuildFile; fileRef = 6886A48C1D8F6EB3005E12B3 /* switch_checked.png */; };
		6886A48F1D8F6F9B005E12B3 /* edit_button.png in Resources */ = {isa = PBXBuildFile; fileRef = 6886A48E1D8F6F9A005E12B3 /* edit_button.png */; };
		6889C65E1D88F82700598435 /* DailyEditView.xib in Resources */ = {isa = PBXBuildFile; fileRef = 6889C65D1D88F82700598435 /* DailyEditView.xib */; };
		68A921F41DBC7FF2007C946C /* Hero+CoreDataProperties.m in Sources */ = {isa = PBXBuildFile; fileRef = 68A921E51DBC7FF1007C946C /* Hero+CoreDataProperties.m */; };
		68A921F51DBC7FF2007C946C /* Daily+CoreDataProperties.m in Sources */ = {isa = PBXBuildFile; fileRef = 68A921E71DBC7FF1007C946C /* Daily+CoreDataProperties.m */; };
		68A921F61DBC7FF2007C946C /* Good+CoreDataProperties.m in Sources */ = {isa = PBXBuildFile; fileRef = 68A921E91DBC7FF1007C946C /* Good+CoreDataProperties.m */; };
		68A921F71DBC7FF2007C946C /* Zone+CoreDataProperties.m in Sources */ = {isa = PBXBuildFile; fileRef = 68A921EB1DBC7FF2007C946C /* Zone+CoreDataProperties.m */; };
		68A921F81DBC7FF2007C946C /* Todo+CoreDataProperties.m in Sources */ = {isa = PBXBuildFile; fileRef = 68A921ED1DBC7FF2007C946C /* Todo+CoreDataProperties.m */; };
		68A921F91DBC7FF2007C946C /* Habit+CoreDataProperties.m in Sources */ = {isa = PBXBuildFile; fileRef = 68A921EF1DBC7FF2007C946C /* Habit+CoreDataProperties.m */; };
		68A921FA1DBC7FF2007C946C /* Monster+CoreDataProperties.m in Sources */ = {isa = PBXBuildFile; fileRef = 68A921F11DBC7FF2007C946C /* Monster+CoreDataProperties.m */; };
		68A921FB1DBC7FF2007C946C /* Settings+CoreDataProperties.m in Sources */ = {isa = PBXBuildFile; fileRef = 68A921F31DBC7FF2007C946C /* Settings+CoreDataProperties.m */; };
		68BA38861D93576600CB5A76 /* CommonUtilities.m in Sources */ = {isa = PBXBuildFile; fileRef = 68BA38851D93576600CB5A76 /* CommonUtilities.m */; };
		68BE45911D9DEA0B003F3400 /* IntroViewController.m in Sources */ = {isa = PBXBuildFile; fileRef = 68BE458F1D9DEA0B003F3400 /* IntroViewController.m */; };
		68D25C221D8B951B00FF1BE0 /* DailyEditController.m in Sources */ = {isa = PBXBuildFile; fileRef = 68D25C211D8B951B00FF1BE0 /* DailyEditController.m */; };
		68DD159A1D9A1FC00073E7D8 /* checked_task.png in Resources */ = {isa = PBXBuildFile; fileRef = 68DD15991D9A1FC00073E7D8 /* checked_task.png */; };
		68E260651D7FC3F200425D46 /* CoreDataStackController.m in Sources */ = {isa = PBXBuildFile; fileRef = 68E260641D7FC3F200425D46 /* CoreDataStackController.m */; };
		68E260CF1D851DA500425D46 /* EditNavigationController.m in Sources */ = {isa = PBXBuildFile; fileRef = 68E260CD1D851DA500425D46 /* EditNavigationController.m */; };
		68E260D01D851DA500425D46 /* EditNavigationController.xib in Resources */ = {isa = PBXBuildFile; fileRef = 68E260CE1D851DA500425D46 /* EditNavigationController.xib */; };
		68F3F9AE1D70E82E00840DD2 /* main.m in Sources */ = {isa = PBXBuildFile; fileRef = 68F3F9AD1D70E82E00840DD2 /* main.m */; };
		68F3F9B11D70E82E00840DD2 /* AppDelegate.m in Sources */ = {isa = PBXBuildFile; fileRef = 68F3F9B01D70E82E00840DD2 /* AppDelegate.m */; };
		68F3F9B91D70E82E00840DD2 /* Assets.xcassets in Resources */ = {isa = PBXBuildFile; fileRef = 68F3F9B81D70E82E00840DD2 /* Assets.xcassets */; };
		68F3F9E41D70E8DB00840DD2 /* CentralViewController.m in Sources */ = {isa = PBXBuildFile; fileRef = 68F3F9E21D70E8DB00840DD2 /* CentralViewController.m */; };
		68F3F9E51D70E8DB00840DD2 /* CentralViewController.xib in Resources */ = {isa = PBXBuildFile; fileRef = 68F3F9E31D70E8DB00840DD2 /* CentralViewController.xib */; };
		68F3F9E91D70EC9700840DD2 /* DailyViewController.m in Sources */ = {isa = PBXBuildFile; fileRef = 68F3F9E71D70EC9700840DD2 /* DailyViewController.m */; };
		68F3F9EA1D70EC9700840DD2 /* DailyViewController.xib in Resources */ = {isa = PBXBuildFile; fileRef = 68F3F9E81D70EC9700840DD2 /* DailyViewController.xib */; };
		68F3F9EE1D70FC0D00840DD2 /* HabitController.m in Sources */ = {isa = PBXBuildFile; fileRef = 68F3F9EC1D70FC0D00840DD2 /* HabitController.m */; };
		68F3F9EF1D70FC0D00840DD2 /* HabitController.xib in Resources */ = {isa = PBXBuildFile; fileRef = 68F3F9ED1D70FC0D00840DD2 /* HabitController.xib */; };
		68F3F9F31D70FC5E00840DD2 /* TodoViewController.m in Sources */ = {isa = PBXBuildFile; fileRef = 68F3F9F11D70FC5E00840DD2 /* TodoViewController.m */; };
		68F3F9F41D70FC5E00840DD2 /* TodoViewController.xib in Resources */ = {isa = PBXBuildFile; fileRef = 68F3F9F21D70FC5E00840DD2 /* TodoViewController.xib */; };
		68F3F9F81D70FD3F00840DD2 /* GoodsViewController.m in Sources */ = {isa = PBXBuildFile; fileRef = 68F3F9F61D70FD3F00840DD2 /* GoodsViewController.m */; };
		68F3F9F91D70FD3F00840DD2 /* GoodsViewController.xib in Resources */ = {isa = PBXBuildFile; fileRef = 68F3F9F71D70FD3F00840DD2 /* GoodsViewController.xib */; };
		68F3FA021D74897A00840DD2 /* MenuViewController.m in Sources */ = {isa = PBXBuildFile; fileRef = 68F3FA001D74897A00840DD2 /* MenuViewController.m */; };
		68F3FA031D74897A00840DD2 /* MenuViewController.xib in Resources */ = {isa = PBXBuildFile; fileRef = 68F3FA011D74897A00840DD2 /* MenuViewController.xib */; };
/* End PBXBuildFile section */

/* Begin PBXContainerItemProxy section */
		277ABEDF1E96F68E008CC239 /* PBXContainerItemProxy */ = {
			isa = PBXContainerItemProxy;
			containerPortal = 68F3F9A11D70E82E00840DD2 /* Project object */;
			proxyType = 1;
			remoteGlobalIDString = 68F3F9A81D70E82E00840DD2;
			remoteInfo = HabitRPG2;
		};
/* End PBXContainerItemProxy section */

/* Begin PBXFileReference section */
		2709B3921EEF733400EEE5CC /* Model 23.xcdatamodel */ = {isa = PBXFileReference; lastKnownFileType = wrapper.xcdatamodel; path = "Model 23.xcdatamodel"; sourceTree = "<group>"; };
		2709B3961EEF74E900EEE5CC /* P_ReportServiceCaller.h */ = {isa = PBXFileReference; fileEncoding = 4; lastKnownFileType = sourcecode.c.h; path = P_ReportServiceCaller.h; sourceTree = "<group>"; };
		2709B3971EEF750800EEE5CC /* ReportServiceCaller.h */ = {isa = PBXFileReference; fileEncoding = 4; lastKnownFileType = sourcecode.c.h; path = ReportServiceCaller.h; sourceTree = "<group>"; };
		2709B3981EEF750800EEE5CC /* ReportServiceCaller.m */ = {isa = PBXFileReference; fileEncoding = 4; lastKnownFileType = sourcecode.c.objc; path = ReportServiceCaller.m; sourceTree = "<group>"; };
		271217591DCE84310072ACC6 /* Daily+CoreDataClass.h */ = {isa = PBXFileReference; fileEncoding = 4; lastKnownFileType = sourcecode.c.h; path = "Daily+CoreDataClass.h"; sourceTree = SOURCE_ROOT; };
		2712175A1DCE84310072ACC6 /* Daily+CoreDataClass.m */ = {isa = PBXFileReference; fileEncoding = 4; lastKnownFileType = sourcecode.c.objc; path = "Daily+CoreDataClass.m"; sourceTree = SOURCE_ROOT; };
		2712175B1DCE84310072ACC6 /* Good+CoreDataClass.h */ = {isa = PBXFileReference; fileEncoding = 4; lastKnownFileType = sourcecode.c.h; path = "Good+CoreDataClass.h"; sourceTree = SOURCE_ROOT; };
		2712175C1DCE84310072ACC6 /* Good+CoreDataClass.m */ = {isa = PBXFileReference; fileEncoding = 4; lastKnownFileType = sourcecode.c.objc; path = "Good+CoreDataClass.m"; sourceTree = SOURCE_ROOT; };
		2712175D1DCE84310072ACC6 /* Habit+CoreDataClass.h */ = {isa = PBXFileReference; fileEncoding = 4; lastKnownFileType = sourcecode.c.h; path = "Habit+CoreDataClass.h"; sourceTree = SOURCE_ROOT; };
		2712175E1DCE84310072ACC6 /* Habit+CoreDataClass.m */ = {isa = PBXFileReference; fileEncoding = 4; lastKnownFileType = sourcecode.c.objc; path = "Habit+CoreDataClass.m"; sourceTree = SOURCE_ROOT; };
		2712175F1DCE84310072ACC6 /* Hero+CoreDataClass.h */ = {isa = PBXFileReference; fileEncoding = 4; lastKnownFileType = sourcecode.c.h; path = "Hero+CoreDataClass.h"; sourceTree = SOURCE_ROOT; };
		271217601DCE84310072ACC6 /* Hero+CoreDataClass.m */ = {isa = PBXFileReference; fileEncoding = 4; lastKnownFileType = sourcecode.c.objc; path = "Hero+CoreDataClass.m"; sourceTree = SOURCE_ROOT; };
		271217611DCE84310072ACC6 /* Monster+CoreDataClass.h */ = {isa = PBXFileReference; fileEncoding = 4; lastKnownFileType = sourcecode.c.h; path = "Monster+CoreDataClass.h"; sourceTree = SOURCE_ROOT; };
		271217621DCE84310072ACC6 /* Monster+CoreDataClass.m */ = {isa = PBXFileReference; fileEncoding = 4; lastKnownFileType = sourcecode.c.objc; path = "Monster+CoreDataClass.m"; sourceTree = SOURCE_ROOT; };
		271217631DCE84310072ACC6 /* Settings+CoreDataClass.h */ = {isa = PBXFileReference; fileEncoding = 4; lastKnownFileType = sourcecode.c.h; path = "Settings+CoreDataClass.h"; sourceTree = SOURCE_ROOT; };
		271217641DCE84310072ACC6 /* Settings+CoreDataClass.m */ = {isa = PBXFileReference; fileEncoding = 4; lastKnownFileType = sourcecode.c.objc; path = "Settings+CoreDataClass.m"; sourceTree = SOURCE_ROOT; };
		271217651DCE84310072ACC6 /* Todo+CoreDataClass.h */ = {isa = PBXFileReference; fileEncoding = 4; lastKnownFileType = sourcecode.c.h; path = "Todo+CoreDataClass.h"; sourceTree = SOURCE_ROOT; };
		271217661DCE84310072ACC6 /* Todo+CoreDataClass.m */ = {isa = PBXFileReference; fileEncoding = 4; lastKnownFileType = sourcecode.c.objc; path = "Todo+CoreDataClass.m"; sourceTree = SOURCE_ROOT; };
		271217671DCE84310072ACC6 /* Zone+CoreDataClass.h */ = {isa = PBXFileReference; fileEncoding = 4; lastKnownFileType = sourcecode.c.h; path = "Zone+CoreDataClass.h"; sourceTree = SOURCE_ROOT; };
		271217681DCE84310072ACC6 /* Zone+CoreDataClass.m */ = {isa = PBXFileReference; fileEncoding = 4; lastKnownFileType = sourcecode.c.objc; path = "Zone+CoreDataClass.m"; sourceTree = SOURCE_ROOT; };
		27127E311DDD42B50074A8F5 /* DataInfo+CoreDataClass.h */ = {isa = PBXFileReference; fileEncoding = 4; lastKnownFileType = sourcecode.c.h; path = "DataInfo+CoreDataClass.h"; sourceTree = SOURCE_ROOT; xcLanguageSpecificationIdentifier = xcode.lang.objc; };
		27127E321DDD42B50074A8F5 /* DataInfo+CoreDataClass.m */ = {isa = PBXFileReference; fileEncoding = 4; lastKnownFileType = sourcecode.c.objc; path = "DataInfo+CoreDataClass.m"; sourceTree = SOURCE_ROOT; };
		27127E331DDD42B50074A8F5 /* DataInfo+CoreDataProperties.h */ = {isa = PBXFileReference; fileEncoding = 4; lastKnownFileType = sourcecode.c.h; path = "DataInfo+CoreDataProperties.h"; sourceTree = SOURCE_ROOT; };
		27127E341DDD42B50074A8F5 /* DataInfo+CoreDataProperties.m */ = {isa = PBXFileReference; fileEncoding = 4; lastKnownFileType = sourcecode.c.objc; path = "DataInfo+CoreDataProperties.m"; sourceTree = SOURCE_ROOT; };
		271C047D1E89BCBA002221E9 /* P_CoreData.h */ = {isa = PBXFileReference; fileEncoding = 4; lastKnownFileType = sourcecode.c.h; path = P_CoreData.h; sourceTree = "<group>"; };
		271C04811E8A1152002221E9 /* MonsterInfoDictionary.h */ = {isa = PBXFileReference; fileEncoding = 4; lastKnownFileType = sourcecode.c.h; path = MonsterInfoDictionary.h; sourceTree = "<group>"; };
		271C04821E8A1152002221E9 /* MonsterInfoDictionary.m */ = {isa = PBXFileReference; fileEncoding = 4; lastKnownFileType = sourcecode.c.objc; path = MonsterInfoDictionary.m; sourceTree = "<group>"; };
		271C04851E8B6323002221E9 /* P_ResourceUtility.h */ = {isa = PBXFileReference; fileEncoding = 4; lastKnownFileType = sourcecode.c.h; path = P_ResourceUtility.h; sourceTree = "<group>"; };
		271C04861E8B639D002221E9 /* ResourceUtility.h */ = {isa = PBXFileReference; fileEncoding = 4; lastKnownFileType = sourcecode.c.h; path = ResourceUtility.h; sourceTree = "<group>"; };
		271C04871E8B639D002221E9 /* ResourceUtility.m */ = {isa = PBXFileReference; fileEncoding = 4; lastKnownFileType = sourcecode.c.objc; path = ResourceUtility.m; sourceTree = "<group>"; };
		271C04891E8C955A002221E9 /* SingletonCluster.h */ = {isa = PBXFileReference; fileEncoding = 4; lastKnownFileType = sourcecode.c.h; path = SingletonCluster.h; sourceTree = "<group>"; };
		271C048A1E8C955A002221E9 /* SingletonCluster.m */ = {isa = PBXFileReference; fileEncoding = 4; lastKnownFileType = sourcecode.c.objc; path = SingletonCluster.m; sourceTree = "<group>"; };
		271C048C1E8C9C06002221E9 /* MonsterHelper.h */ = {isa = PBXFileReference; fileEncoding = 4; lastKnownFileType = sourcecode.c.h; path = MonsterHelper.h; sourceTree = "<group>"; };
		271C048D1E8C9C06002221E9 /* MonsterHelper.m */ = {isa = PBXFileReference; fileEncoding = 4; lastKnownFileType = sourcecode.c.objc; path = MonsterHelper.m; sourceTree = "<group>"; };
		271C04911E8F3784002221E9 /* SuffixList.plist */ = {isa = PBXFileReference; fileEncoding = 4; lastKnownFileType = text.plist.xml; path = SuffixList.plist; sourceTree = "<group>"; };
		272144FD1EDB59F600D98C03 /* P_TaskEditorDelegate.h */ = {isa = PBXFileReference; fileEncoding = 4; lastKnownFileType = sourcecode.c.h; path = P_TaskEditorDelegate.h; sourceTree = "<group>"; };
		273782361EE4D1B200EA5B1D /* FrequentCase.h */ = {isa = PBXFileReference; fileEncoding = 4; lastKnownFileType = sourcecode.c.h; path = FrequentCase.h; sourceTree = "<group>"; };
		273782371EE4D1B200EA5B1D /* FrequentCase.m */ = {isa = PBXFileReference; fileEncoding = 4; lastKnownFileType = sourcecode.c.objc; path = FrequentCase.m; sourceTree = "<group>"; };
		2737823A1EE4DB9C00EA5B1D /* Model 19.xcdatamodel */ = {isa = PBXFileReference; lastKnownFileType = wrapper.xcdatamodel; path = "Model 19.xcdatamodel"; sourceTree = "<group>"; };
		2737823B1EE4DB9C00EA5B1D /* Model 20.xcdatamodel */ = {isa = PBXFileReference; lastKnownFileType = wrapper.xcdatamodel; path = "Model 20.xcdatamodel"; sourceTree = "<group>"; };
		2737823C1EE4DB9C00EA5B1D /* Model 21.xcdatamodel */ = {isa = PBXFileReference; lastKnownFileType = wrapper.xcdatamodel; path = "Model 21.xcdatamodel"; sourceTree = "<group>"; };
		2737823D1EE4DB9C00EA5B1D /* Model.xcdatamodel */ = {isa = PBXFileReference; lastKnownFileType = wrapper.xcdatamodel; path = Model.xcdatamodel; sourceTree = "<group>"; };
		2737823F1EE4DE6900EA5B1D /* Model 22.xcdatamodel */ = {isa = PBXFileReference; lastKnownFileType = wrapper.xcdatamodel; path = "Model 22.xcdatamodel"; sourceTree = "<group>"; };
		273978821EB55F3700F217B4 /* StoryDumpView.h */ = {isa = PBXFileReference; fileEncoding = 4; lastKnownFileType = sourcecode.c.h; path = StoryDumpView.h; sourceTree = "<group>"; };
		273978831EB55F3700F217B4 /* StoryDumpView.m */ = {isa = PBXFileReference; fileEncoding = 4; lastKnownFileType = sourcecode.c.objc; path = StoryDumpView.m; sourceTree = "<group>"; };
		273978841EB55F3700F217B4 /* StoryDumpView.xib */ = {isa = PBXFileReference; fileEncoding = 4; lastKnownFileType = file.xib; path = StoryDumpView.xib; sourceTree = "<group>"; };
		273978881EB5618200F217B4 /* P_StoryItem.h */ = {isa = PBXFileReference; fileEncoding = 4; lastKnownFileType = sourcecode.c.h; path = P_StoryItem.h; sourceTree = "<group>"; };
		2739788A1EB843F800F217B4 /* MonsterInfo.plist */ = {isa = PBXFileReference; fileEncoding = 4; lastKnownFileType = text.plist.xml; path = MonsterInfo.plist; sourceTree = "<group>"; };
		2739788C1EB8473100F217B4 /* ZoneTransaction+CoreDataClass.h */ = {isa = PBXFileReference; fileEncoding = 4; lastKnownFileType = sourcecode.c.h; name = "ZoneTransaction+CoreDataClass.h"; path = "../ZoneTransaction+CoreDataClass.h"; sourceTree = "<group>"; };
		2739788D1EB8473100F217B4 /* ZoneTransaction+CoreDataClass.m */ = {isa = PBXFileReference; fileEncoding = 4; lastKnownFileType = sourcecode.c.objc; name = "ZoneTransaction+CoreDataClass.m"; path = "../ZoneTransaction+CoreDataClass.m"; sourceTree = "<group>"; };
		2739788E1EB8473100F217B4 /* ZoneTransaction+CoreDataProperties.h */ = {isa = PBXFileReference; fileEncoding = 4; lastKnownFileType = sourcecode.c.h; name = "ZoneTransaction+CoreDataProperties.h"; path = "../ZoneTransaction+CoreDataProperties.h"; sourceTree = "<group>"; };
		2739788F1EB8473100F217B4 /* ZoneTransaction+CoreDataProperties.m */ = {isa = PBXFileReference; fileEncoding = 4; lastKnownFileType = sourcecode.c.objc; name = "ZoneTransaction+CoreDataProperties.m"; path = "../ZoneTransaction+CoreDataProperties.m"; sourceTree = "<group>"; };
		273978901EB8473100F217B4 /* TodoTransaction+CoreDataClass.h */ = {isa = PBXFileReference; fileEncoding = 4; lastKnownFileType = sourcecode.c.h; name = "TodoTransaction+CoreDataClass.h"; path = "../TodoTransaction+CoreDataClass.h"; sourceTree = "<group>"; };
		273978911EB8473100F217B4 /* TodoTransaction+CoreDataClass.m */ = {isa = PBXFileReference; fileEncoding = 4; lastKnownFileType = sourcecode.c.objc; name = "TodoTransaction+CoreDataClass.m"; path = "../TodoTransaction+CoreDataClass.m"; sourceTree = "<group>"; };
		273978921EB8473100F217B4 /* TodoTransaction+CoreDataProperties.h */ = {isa = PBXFileReference; fileEncoding = 4; lastKnownFileType = sourcecode.c.h; name = "TodoTransaction+CoreDataProperties.h"; path = "../TodoTransaction+CoreDataProperties.h"; sourceTree = "<group>"; };
		273978931EB8473100F217B4 /* TodoTransaction+CoreDataProperties.m */ = {isa = PBXFileReference; fileEncoding = 4; lastKnownFileType = sourcecode.c.objc; name = "TodoTransaction+CoreDataProperties.m"; path = "../TodoTransaction+CoreDataProperties.m"; sourceTree = "<group>"; };
		273978941EB8473100F217B4 /* HabitTransaction+CoreDataClass.h */ = {isa = PBXFileReference; fileEncoding = 4; lastKnownFileType = sourcecode.c.h; name = "HabitTransaction+CoreDataClass.h"; path = "../HabitTransaction+CoreDataClass.h"; sourceTree = "<group>"; };
		273978951EB8473100F217B4 /* HabitTransaction+CoreDataClass.m */ = {isa = PBXFileReference; fileEncoding = 4; lastKnownFileType = sourcecode.c.objc; name = "HabitTransaction+CoreDataClass.m"; path = "../HabitTransaction+CoreDataClass.m"; sourceTree = "<group>"; };
		273978961EB8473100F217B4 /* HabitTransaction+CoreDataProperties.h */ = {isa = PBXFileReference; fileEncoding = 4; lastKnownFileType = sourcecode.c.h; name = "HabitTransaction+CoreDataProperties.h"; path = "../HabitTransaction+CoreDataProperties.h"; sourceTree = "<group>"; };
		273978971EB8473100F217B4 /* HabitTransaction+CoreDataProperties.m */ = {isa = PBXFileReference; fileEncoding = 4; lastKnownFileType = sourcecode.c.objc; name = "HabitTransaction+CoreDataProperties.m"; path = "../HabitTransaction+CoreDataProperties.m"; sourceTree = "<group>"; };
		2739789C1EB8473100F217B4 /* DailyTransaction+CoreDataClass.h */ = {isa = PBXFileReference; fileEncoding = 4; lastKnownFileType = sourcecode.c.h; name = "DailyTransaction+CoreDataClass.h"; path = "../DailyTransaction+CoreDataClass.h"; sourceTree = "<group>"; };
		2739789D1EB8473100F217B4 /* DailyTransaction+CoreDataClass.m */ = {isa = PBXFileReference; fileEncoding = 4; lastKnownFileType = sourcecode.c.objc; name = "DailyTransaction+CoreDataClass.m"; path = "../DailyTransaction+CoreDataClass.m"; sourceTree = "<group>"; };
		2739789E1EB8473100F217B4 /* DailyTransaction+CoreDataProperties.h */ = {isa = PBXFileReference; fileEncoding = 4; lastKnownFileType = sourcecode.c.h; name = "DailyTransaction+CoreDataProperties.h"; path = "../DailyTransaction+CoreDataProperties.h"; sourceTree = "<group>"; };
		2739789F1EB8473100F217B4 /* DailyTransaction+CoreDataProperties.m */ = {isa = PBXFileReference; fileEncoding = 4; lastKnownFileType = sourcecode.c.objc; name = "DailyTransaction+CoreDataProperties.m"; path = "../DailyTransaction+CoreDataProperties.m"; sourceTree = "<group>"; };
		273978A01EB8473100F217B4 /* MonsterTransaction+CoreDataClass.h */ = {isa = PBXFileReference; fileEncoding = 4; lastKnownFileType = sourcecode.c.h; name = "MonsterTransaction+CoreDataClass.h"; path = "../MonsterTransaction+CoreDataClass.h"; sourceTree = "<group>"; };
		273978A11EB8473100F217B4 /* MonsterTransaction+CoreDataClass.m */ = {isa = PBXFileReference; fileEncoding = 4; lastKnownFileType = sourcecode.c.objc; name = "MonsterTransaction+CoreDataClass.m"; path = "../MonsterTransaction+CoreDataClass.m"; sourceTree = "<group>"; };
		273978A21EB8473100F217B4 /* MonsterTransaction+CoreDataProperties.h */ = {isa = PBXFileReference; fileEncoding = 4; lastKnownFileType = sourcecode.c.h; name = "MonsterTransaction+CoreDataProperties.h"; path = "../MonsterTransaction+CoreDataProperties.h"; sourceTree = "<group>"; };
		273978A31EB8473100F217B4 /* MonsterTransaction+CoreDataProperties.m */ = {isa = PBXFileReference; fileEncoding = 4; lastKnownFileType = sourcecode.c.objc; name = "MonsterTransaction+CoreDataProperties.m"; path = "../MonsterTransaction+CoreDataProperties.m"; sourceTree = "<group>"; };
		273978FF1EC4092A00F217B4 /* IntroViewController.xib */ = {isa = PBXFileReference; fileEncoding = 4; lastKnownFileType = file.xib; path = IntroViewController.xib; sourceTree = "<group>"; };
		275A07831ED50AF5001422CD /* GoodTransaction+CoreDataClass.h */ = {isa = PBXFileReference; fileEncoding = 4; lastKnownFileType = sourcecode.c.h; name = "GoodTransaction+CoreDataClass.h"; path = "../GoodTransaction+CoreDataClass.h"; sourceTree = "<group>"; };
		275A07841ED50AF5001422CD /* GoodTransaction+CoreDataClass.m */ = {isa = PBXFileReference; fileEncoding = 4; lastKnownFileType = sourcecode.c.objc; name = "GoodTransaction+CoreDataClass.m"; path = "../GoodTransaction+CoreDataClass.m"; sourceTree = "<group>"; };
		275A07851ED50AF5001422CD /* GoodTransaction+CoreDataProperties.h */ = {isa = PBXFileReference; fileEncoding = 4; lastKnownFileType = sourcecode.c.h; name = "GoodTransaction+CoreDataProperties.h"; path = "../GoodTransaction+CoreDataProperties.h"; sourceTree = "<group>"; };
		275A07861ED50AF5001422CD /* GoodTransaction+CoreDataProperties.m */ = {isa = PBXFileReference; fileEncoding = 4; lastKnownFileType = sourcecode.c.objc; name = "GoodTransaction+CoreDataProperties.m"; path = "../GoodTransaction+CoreDataProperties.m"; sourceTree = "<group>"; };
		275A07B51EDA1FB9001422CD /* TestHelpers.h */ = {isa = PBXFileReference; fileEncoding = 4; lastKnownFileType = sourcecode.c.h; path = TestHelpers.h; sourceTree = "<group>"; };
		275A07B61EDA1FB9001422CD /* TestHelpers.m */ = {isa = PBXFileReference; fileEncoding = 4; lastKnownFileType = sourcecode.c.objc; path = TestHelpers.m; sourceTree = "<group>"; };
		275FEEFC1EE3172C00AED1A2 /* NSDate+DateHelper.h */ = {isa = PBXFileReference; fileEncoding = 4; lastKnownFileType = sourcecode.c.h; path = "NSDate+DateHelper.h"; sourceTree = "<group>"; };
		275FEEFD1EE3172C00AED1A2 /* NSDate+DateHelper.m */ = {isa = PBXFileReference; fileEncoding = 4; lastKnownFileType = sourcecode.c.objc; path = "NSDate+DateHelper.m"; sourceTree = "<group>"; };
		275FEEFF1EE344BB00AED1A2 /* DateHelperTest.m */ = {isa = PBXFileReference; fileEncoding = 4; lastKnownFileType = sourcecode.c.objc; path = DateHelperTest.m; sourceTree = "<group>"; };
		275FEF011EE3A78200AED1A2 /* timeZoneList.txt */ = {isa = PBXFileReference; fileEncoding = 4; lastKnownFileType = text; path = timeZoneList.txt; sourceTree = "<group>"; };
		275FEF091EE3CF3000AED1A2 /* DailyHelperTest.m */ = {isa = PBXFileReference; fileEncoding = 4; lastKnownFileType = sourcecode.c.objc; path = DailyHelperTest.m; sourceTree = "<group>"; };
		275FEF0B1EE45AE600AED1A2 /* Daily+DailyHelper.h */ = {isa = PBXFileReference; fileEncoding = 4; lastKnownFileType = sourcecode.c.h; path = "Daily+DailyHelper.h"; sourceTree = "<group>"; };
		275FEF0C1EE45AE600AED1A2 /* Daily+DailyHelper.m */ = {isa = PBXFileReference; fileEncoding = 4; lastKnownFileType = sourcecode.c.objc; path = "Daily+DailyHelper.m"; sourceTree = "<group>"; };
		277ABEC61E949B76008CC239 /* P_stdlibWrapper.h */ = {isa = PBXFileReference; fileEncoding = 4; lastKnownFileType = sourcecode.c.h; path = P_stdlibWrapper.h; sourceTree = "<group>"; };
		277ABEC71E949B96008CC239 /* StdLibWrapper.h */ = {isa = PBXFileReference; fileEncoding = 4; lastKnownFileType = sourcecode.c.h; path = StdLibWrapper.h; sourceTree = "<group>"; };
		277ABEC81E949B96008CC239 /* StdLibWrapper.m */ = {isa = PBXFileReference; fileEncoding = 4; lastKnownFileType = sourcecode.c.objc; path = StdLibWrapper.m; sourceTree = "<group>"; };
		277ABECB1E94A0C0008CC239 /* P_CustomSwitch.h */ = {isa = PBXFileReference; fileEncoding = 4; lastKnownFileType = sourcecode.c.h; path = P_CustomSwitch.h; sourceTree = "<group>"; };
		277ABECF1E95DEF6008CC239 /* ProbWeight.h */ = {isa = PBXFileReference; fileEncoding = 4; lastKnownFileType = sourcecode.c.h; path = ProbWeight.h; sourceTree = "<group>"; };
		277ABED01E95DEF6008CC239 /* ProbWeight.m */ = {isa = PBXFileReference; fileEncoding = 4; lastKnownFileType = sourcecode.c.objc; path = ProbWeight.m; sourceTree = "<group>"; };
		277ABEDA1E96F68E008CC239 /* HabitRPG2Tests.xctest */ = {isa = PBXFileReference; explicitFileType = wrapper.cfbundle; includeInIndex = 0; path = HabitRPG2Tests.xctest; sourceTree = BUILT_PRODUCTS_DIR; };
		277ABEDE1E96F68E008CC239 /* Info.plist */ = {isa = PBXFileReference; lastKnownFileType = text.plist.xml; path = Info.plist; sourceTree = "<group>"; };
		277ABEF11E975959008CC239 /* ModelsTest.m */ = {isa = PBXFileReference; fileEncoding = 4; lastKnownFileType = sourcecode.c.objc; path = ModelsTest.m; sourceTree = "<group>"; };
		277ABF2C1E9C31C0008CC239 /* MockStdLibWrapper.h */ = {isa = PBXFileReference; fileEncoding = 4; lastKnownFileType = sourcecode.c.h; path = MockStdLibWrapper.h; sourceTree = "<group>"; };
		277ABF2D1E9C31C0008CC239 /* MockStdLibWrapper.m */ = {isa = PBXFileReference; fileEncoding = 4; lastKnownFileType = sourcecode.c.objc; path = MockStdLibWrapper.m; sourceTree = "<group>"; };
		277ABF2F1E9C31F3008CC239 /* ZoneHelperTest.m */ = {isa = PBXFileReference; fileEncoding = 4; lastKnownFileType = sourcecode.c.objc; path = ZoneHelperTest.m; sourceTree = "<group>"; };
		277ABF311E9F1A30008CC239 /* ZoneChoicePicker.xib */ = {isa = PBXFileReference; fileEncoding = 4; lastKnownFileType = file.xib; path = ZoneChoicePicker.xib; sourceTree = "<group>"; };
		277ABF331E9F1AE8008CC239 /* behind_alert_view.png */ = {isa = PBXFileReference; lastKnownFileType = image.png; path = behind_alert_view.png; sourceTree = "<group>"; };
		277ABF5C1EA27A91008CC239 /* CommonUtilitiesTest.m */ = {isa = PBXFileReference; fileEncoding = 4; lastKnownFileType = sourcecode.c.objc; path = CommonUtilitiesTest.m; sourceTree = "<group>"; };
		277ABF5E1EA33320008CC239 /* MonsterHelperTest.m */ = {isa = PBXFileReference; fileEncoding = 4; lastKnownFileType = sourcecode.c.objc; path = MonsterHelperTest.m; sourceTree = "<group>"; };
		277ABF611EA3BC97008CC239 /* TestGlobals.h */ = {isa = PBXFileReference; lastKnownFileType = sourcecode.c.h; path = TestGlobals.h; sourceTree = "<group>"; };
		277ABF681EA46CE1008CC239 /* ProbilityWeightTest.m */ = {isa = PBXFileReference; fileEncoding = 4; lastKnownFileType = sourcecode.c.objc; path = ProbilityWeightTest.m; sourceTree = "<group>"; };
		277ABF6D1EA86240008CC239 /* TestProbWeightsThreeItems.m */ = {isa = PBXFileReference; fileEncoding = 4; lastKnownFileType = sourcecode.c.objc; path = TestProbWeightsThreeItems.m; sourceTree = "<group>"; };
		277ABF6F1EAD98EB008CC239 /* ProbilityWeightTestFourItems.m */ = {isa = PBXFileReference; fileEncoding = 4; lastKnownFileType = sourcecode.c.objc; path = ProbilityWeightTestFourItems.m; sourceTree = "<group>"; };
		277ABF721EAD9DD7008CC239 /* probWeightsUTBig.py */ = {isa = PBXFileReference; fileEncoding = 4; lastKnownFileType = text.script.python; path = probWeightsUTBig.py; sourceTree = "<group>"; };
		27AE66541E8720F9000F31BD /* CentralViewControllerP.h */ = {isa = PBXFileReference; fileEncoding = 4; lastKnownFileType = sourcecode.c.h; path = CentralViewControllerP.h; sourceTree = "<group>"; };
		27AE666E1E875EFB000F31BD /* Suffix+CoreDataClass.h */ = {isa = PBXFileReference; fileEncoding = 4; lastKnownFileType = sourcecode.c.h; path = "Suffix+CoreDataClass.h"; sourceTree = "<group>"; };
		27AE666F1E875EFB000F31BD /* Suffix+CoreDataClass.m */ = {isa = PBXFileReference; fileEncoding = 4; lastKnownFileType = sourcecode.c.objc; path = "Suffix+CoreDataClass.m"; sourceTree = "<group>"; };
		27AE66701E875EFB000F31BD /* Suffix+CoreDataProperties.h */ = {isa = PBXFileReference; fileEncoding = 4; lastKnownFileType = sourcecode.c.h; path = "Suffix+CoreDataProperties.h"; sourceTree = "<group>"; };
		27AE66711E875EFB000F31BD /* Suffix+CoreDataProperties.m */ = {isa = PBXFileReference; fileEncoding = 4; lastKnownFileType = sourcecode.c.objc; path = "Suffix+CoreDataProperties.m"; sourceTree = "<group>"; };
		27C92C111E28A1330025727E /* ZoneChoiceCell.xib */ = {isa = PBXFileReference; fileEncoding = 4; lastKnownFileType = file.xib; path = ZoneChoiceCell.xib; sourceTree = "<group>"; };
		27C92C131E297F640025727E /* ZoneChoiceCellController.h */ = {isa = PBXFileReference; fileEncoding = 4; lastKnownFileType = sourcecode.c.h; path = ZoneChoiceCellController.h; sourceTree = "<group>"; };
		27C92C141E297F640025727E /* ZoneChoiceCellController.m */ = {isa = PBXFileReference; fileEncoding = 4; lastKnownFileType = sourcecode.c.objc; path = ZoneChoiceCellController.m; sourceTree = "<group>"; };
		27C92C161E29AD770025727E /* ZoneInfo.plist */ = {isa = PBXFileReference; fileEncoding = 4; lastKnownFileType = text.plist.xml; path = ZoneInfo.plist; sourceTree = "<group>"; };
		27C92C181E29C9F10025727E /* ZoneInfoDictionary.h */ = {isa = PBXFileReference; fileEncoding = 4; lastKnownFileType = sourcecode.c.h; path = ZoneInfoDictionary.h; sourceTree = "<group>"; };
		27C92C191E29C9F10025727E /* ZoneInfoDictionary.m */ = {isa = PBXFileReference; fileEncoding = 4; lastKnownFileType = sourcecode.c.objc; path = ZoneInfoDictionary.m; sourceTree = "<group>"; };
		27C92C411E3314000025727E /* ZoneDescriptionViewController.h */ = {isa = PBXFileReference; fileEncoding = 4; lastKnownFileType = sourcecode.c.h; path = ZoneDescriptionViewController.h; sourceTree = "<group>"; };
		27C92C421E3314000025727E /* ZoneDescriptionViewController.m */ = {isa = PBXFileReference; fileEncoding = 4; lastKnownFileType = sourcecode.c.objc; path = ZoneDescriptionViewController.m; sourceTree = "<group>"; };
		27C92C431E3314000025727E /* ZoneDescriptionViewController.xib */ = {isa = PBXFileReference; fileEncoding = 4; lastKnownFileType = file.xib; path = ZoneDescriptionViewController.xib; sourceTree = "<group>"; };
		27C92C461E341DA10025727E /* ViewHelper.h */ = {isa = PBXFileReference; fileEncoding = 4; lastKnownFileType = sourcecode.c.h; path = ViewHelper.h; sourceTree = "<group>"; };
		27C92C471E341DA10025727E /* ViewHelper.m */ = {isa = PBXFileReference; fileEncoding = 4; lastKnownFileType = sourcecode.c.objc; path = ViewHelper.m; sourceTree = "<group>"; };
		27E00E981ED3FAE8008B35CD /* P_Transaction.h */ = {isa = PBXFileReference; fileEncoding = 4; lastKnownFileType = sourcecode.c.h; path = P_Transaction.h; sourceTree = "<group>"; };
		27F4401A1E220097002BEDD4 /* OnlyOneEntities.h */ = {isa = PBXFileReference; fileEncoding = 4; lastKnownFileType = sourcecode.c.h; path = OnlyOneEntities.h; sourceTree = "<group>"; };
		27F4401B1E220097002BEDD4 /* OnlyOneEntities.m */ = {isa = PBXFileReference; fileEncoding = 4; lastKnownFileType = sourcecode.c.objc; path = OnlyOneEntities.m; sourceTree = "<group>"; };
		686686EA1D79032200BB2D09 /* DailyCell.xib */ = {isa = PBXFileReference; fileEncoding = 4; lastKnownFileType = file.xib; path = DailyCell.xib; sourceTree = "<group>"; };
		686686EC1D79060300BB2D09 /* DailyCellController.h */ = {isa = PBXFileReference; fileEncoding = 4; lastKnownFileType = sourcecode.c.h; path = DailyCellController.h; sourceTree = "<group>"; };
		686686ED1D79060300BB2D09 /* DailyCellController.m */ = {isa = PBXFileReference; fileEncoding = 4; lastKnownFileType = sourcecode.c.objc; path = DailyCellController.m; sourceTree = "<group>"; };
		686ED3901DA5DD66004EDD36 /* title_Screen_HD_55.png */ = {isa = PBXFileReference; lastKnownFileType = image.png; path = title_Screen_HD_55.png; sourceTree = "<group>"; };
		686ED3921DA5DEB5004EDD36 /* title_Screen_HD_47.png */ = {isa = PBXFileReference; lastKnownFileType = image.png; path = title_Screen_HD_47.png; sourceTree = "<group>"; };
		686ED3941DA5DEC0004EDD36 /* title_Screen_2x.png */ = {isa = PBXFileReference; lastKnownFileType = image.png; path = title_Screen_2x.png; sourceTree = "<group>"; };
		686ED3961DA5E0F9004EDD36 /* title_Screen_1x.png */ = {isa = PBXFileReference; lastKnownFileType = image.png; path = title_Screen_1x.png; sourceTree = "<group>"; };
		686ED3971DA5E0F9004EDD36 /* title_Screen_R_4.png */ = {isa = PBXFileReference; lastKnownFileType = image.png; path = title_Screen_R_4.png; sourceTree = "<group>"; };
		686ED3A51DA751AC004EDD36 /* StoryConstants.h */ = {isa = PBXFileReference; fileEncoding = 4; lastKnownFileType = sourcecode.c.h; path = StoryConstants.h; sourceTree = "<group>"; };
		686ED3A61DA751AC004EDD36 /* StoryConstants.m */ = {isa = PBXFileReference; fileEncoding = 4; lastKnownFileType = sourcecode.c.objc; path = StoryConstants.m; sourceTree = "<group>"; };
		686ED3B51DAF3DBD004EDD36 /* CustomSwitch.h */ = {isa = PBXFileReference; fileEncoding = 4; lastKnownFileType = sourcecode.c.h; path = CustomSwitch.h; sourceTree = "<group>"; };
		686ED3B61DAF3DBD004EDD36 /* CustomSwitch.m */ = {isa = PBXFileReference; fileEncoding = 4; lastKnownFileType = sourcecode.c.objc; path = CustomSwitch.m; sourceTree = "<group>"; };
		686ED3B81DB4660F004EDD36 /* white_checked_empty.png */ = {isa = PBXFileReference; lastKnownFileType = image.png; path = white_checked_empty.png; sourceTree = "<group>"; };
		686ED3B91DB4660F004EDD36 /* white_checked_full.png */ = {isa = PBXFileReference; lastKnownFileType = image.png; path = white_checked_full.png; sourceTree = "<group>"; };
		686ED3BC1DB47954004EDD36 /* ZoneChoiceViewController.h */ = {isa = PBXFileReference; fileEncoding = 4; lastKnownFileType = sourcecode.c.h; path = ZoneChoiceViewController.h; sourceTree = "<group>"; };
		686ED3BD1DB47954004EDD36 /* ZoneChoiceViewController.m */ = {isa = PBXFileReference; fileEncoding = 4; lastKnownFileType = sourcecode.c.objc; path = ZoneChoiceViewController.m; sourceTree = "<group>"; };
		686ED3C11DB47FA5004EDD36 /* black_checked_empty.png */ = {isa = PBXFileReference; lastKnownFileType = image.png; path = black_checked_empty.png; sourceTree = "<group>"; };
		686ED3C31DB47FAF004EDD36 /* black_checked_full.png */ = {isa = PBXFileReference; lastKnownFileType = image.png; path = black_checked_full.png; sourceTree = "<group>"; };
		686ED3C51DB481C4004EDD36 /* ZoneHelper.h */ = {isa = PBXFileReference; fileEncoding = 4; lastKnownFileType = sourcecode.c.h; path = ZoneHelper.h; sourceTree = "<group>"; };
		686ED3C61DB481C4004EDD36 /* ZoneHelper.m */ = {isa = PBXFileReference; fileEncoding = 4; lastKnownFileType = sourcecode.c.objc; path = ZoneHelper.m; sourceTree = "<group>"; };
		687F01211D77CA6500C7B08B /* DailyTablesViewController.xib */ = {isa = PBXFileReference; fileEncoding = 4; lastKnownFileType = file.xib; path = DailyTablesViewController.xib; sourceTree = "<group>"; };
		6886A47E1D8E5FD0005E12B3 /* constants.h */ = {isa = PBXFileReference; fileEncoding = 4; lastKnownFileType = sourcecode.c.h; path = constants.h; sourceTree = "<group>"; };
		6886A47F1D8E5FD0005E12B3 /* constants.m */ = {isa = PBXFileReference; fileEncoding = 4; lastKnownFileType = sourcecode.c.objc; path = constants.m; sourceTree = "<group>"; };
		6886A4851D8F1C49005E12B3 /* unchecked_task.png */ = {isa = PBXFileReference; lastKnownFileType = image.png; path = unchecked_task.png; sourceTree = "<group>"; };
		6886A4871D8F3CB2005E12B3 /* TaskCell.h */ = {isa = PBXFileReference; fileEncoding = 4; lastKnownFileType = sourcecode.c.h; path = TaskCell.h; sourceTree = "<group>"; };
		6886A4881D8F3CB2005E12B3 /* TaskCell.m */ = {isa = PBXFileReference; fileEncoding = 4; lastKnownFileType = sourcecode.c.objc; path = TaskCell.m; sourceTree = "<group>"; };
		6886A48A1D8F6EA6005E12B3 /* switch_unchecked.png */ = {isa = PBXFileReference; lastKnownFileType = image.png; path = switch_unchecked.png; sourceTree = "<group>"; };
		6886A48C1D8F6EB3005E12B3 /* switch_checked.png */ = {isa = PBXFileReference; lastKnownFileType = image.png; path = switch_checked.png; sourceTree = "<group>"; };
		6886A48E1D8F6F9A005E12B3 /* edit_button.png */ = {isa = PBXFileReference; lastKnownFileType = image.png; path = edit_button.png; sourceTree = "<group>"; };
		6889C65D1D88F82700598435 /* DailyEditView.xib */ = {isa = PBXFileReference; fileEncoding = 4; lastKnownFileType = file.xib; path = DailyEditView.xib; sourceTree = "<group>"; };
		68A921E41DBC7FF1007C946C /* Hero+CoreDataProperties.h */ = {isa = PBXFileReference; fileEncoding = 4; lastKnownFileType = sourcecode.c.h; name = "Hero+CoreDataProperties.h"; path = "../Hero+CoreDataProperties.h"; sourceTree = "<group>"; };
		68A921E51DBC7FF1007C946C /* Hero+CoreDataProperties.m */ = {isa = PBXFileReference; fileEncoding = 4; lastKnownFileType = sourcecode.c.objc; name = "Hero+CoreDataProperties.m"; path = "../Hero+CoreDataProperties.m"; sourceTree = "<group>"; };
		68A921E61DBC7FF1007C946C /* Daily+CoreDataProperties.h */ = {isa = PBXFileReference; fileEncoding = 4; lastKnownFileType = sourcecode.c.h; name = "Daily+CoreDataProperties.h"; path = "../Daily+CoreDataProperties.h"; sourceTree = "<group>"; };
		68A921E71DBC7FF1007C946C /* Daily+CoreDataProperties.m */ = {isa = PBXFileReference; fileEncoding = 4; lastKnownFileType = sourcecode.c.objc; name = "Daily+CoreDataProperties.m"; path = "../Daily+CoreDataProperties.m"; sourceTree = "<group>"; };
		68A921E81DBC7FF1007C946C /* Good+CoreDataProperties.h */ = {isa = PBXFileReference; fileEncoding = 4; lastKnownFileType = sourcecode.c.h; name = "Good+CoreDataProperties.h"; path = "../Good+CoreDataProperties.h"; sourceTree = "<group>"; };
		68A921E91DBC7FF1007C946C /* Good+CoreDataProperties.m */ = {isa = PBXFileReference; fileEncoding = 4; lastKnownFileType = sourcecode.c.objc; name = "Good+CoreDataProperties.m"; path = "../Good+CoreDataProperties.m"; sourceTree = "<group>"; };
		68A921EA1DBC7FF2007C946C /* Zone+CoreDataProperties.h */ = {isa = PBXFileReference; fileEncoding = 4; lastKnownFileType = sourcecode.c.h; name = "Zone+CoreDataProperties.h"; path = "../Zone+CoreDataProperties.h"; sourceTree = "<group>"; };
		68A921EB1DBC7FF2007C946C /* Zone+CoreDataProperties.m */ = {isa = PBXFileReference; fileEncoding = 4; lastKnownFileType = sourcecode.c.objc; name = "Zone+CoreDataProperties.m"; path = "../Zone+CoreDataProperties.m"; sourceTree = "<group>"; };
		68A921EC1DBC7FF2007C946C /* Todo+CoreDataProperties.h */ = {isa = PBXFileReference; fileEncoding = 4; lastKnownFileType = sourcecode.c.h; name = "Todo+CoreDataProperties.h"; path = "../Todo+CoreDataProperties.h"; sourceTree = "<group>"; };
		68A921ED1DBC7FF2007C946C /* Todo+CoreDataProperties.m */ = {isa = PBXFileReference; fileEncoding = 4; lastKnownFileType = sourcecode.c.objc; name = "Todo+CoreDataProperties.m"; path = "../Todo+CoreDataProperties.m"; sourceTree = "<group>"; };
		68A921EE1DBC7FF2007C946C /* Habit+CoreDataProperties.h */ = {isa = PBXFileReference; fileEncoding = 4; lastKnownFileType = sourcecode.c.h; name = "Habit+CoreDataProperties.h"; path = "../Habit+CoreDataProperties.h"; sourceTree = "<group>"; };
		68A921EF1DBC7FF2007C946C /* Habit+CoreDataProperties.m */ = {isa = PBXFileReference; fileEncoding = 4; lastKnownFileType = sourcecode.c.objc; name = "Habit+CoreDataProperties.m"; path = "../Habit+CoreDataProperties.m"; sourceTree = "<group>"; };
		68A921F01DBC7FF2007C946C /* Monster+CoreDataProperties.h */ = {isa = PBXFileReference; fileEncoding = 4; lastKnownFileType = sourcecode.c.h; name = "Monster+CoreDataProperties.h"; path = "../Monster+CoreDataProperties.h"; sourceTree = "<group>"; };
		68A921F11DBC7FF2007C946C /* Monster+CoreDataProperties.m */ = {isa = PBXFileReference; fileEncoding = 4; lastKnownFileType = sourcecode.c.objc; name = "Monster+CoreDataProperties.m"; path = "../Monster+CoreDataProperties.m"; sourceTree = "<group>"; };
		68A921F21DBC7FF2007C946C /* Settings+CoreDataProperties.h */ = {isa = PBXFileReference; fileEncoding = 4; lastKnownFileType = sourcecode.c.h; name = "Settings+CoreDataProperties.h"; path = "../Settings+CoreDataProperties.h"; sourceTree = "<group>"; };
		68A921F31DBC7FF2007C946C /* Settings+CoreDataProperties.m */ = {isa = PBXFileReference; fileEncoding = 4; lastKnownFileType = sourcecode.c.objc; name = "Settings+CoreDataProperties.m"; path = "../Settings+CoreDataProperties.m"; sourceTree = "<group>"; };
		68BA38841D93576600CB5A76 /* CommonUtilities.h */ = {isa = PBXFileReference; fileEncoding = 4; lastKnownFileType = sourcecode.c.h; path = CommonUtilities.h; sourceTree = "<group>"; };
		68BA38851D93576600CB5A76 /* CommonUtilities.m */ = {isa = PBXFileReference; fileEncoding = 4; lastKnownFileType = sourcecode.c.objc; path = CommonUtilities.m; sourceTree = "<group>"; };
		68BE458E1D9DEA0B003F3400 /* IntroViewController.h */ = {isa = PBXFileReference; fileEncoding = 4; lastKnownFileType = sourcecode.c.h; path = IntroViewController.h; sourceTree = "<group>"; };
		68BE458F1D9DEA0B003F3400 /* IntroViewController.m */ = {isa = PBXFileReference; fileEncoding = 4; lastKnownFileType = sourcecode.c.objc; path = IntroViewController.m; sourceTree = "<group>"; };
		68D25C201D8B951B00FF1BE0 /* DailyEditController.h */ = {isa = PBXFileReference; fileEncoding = 4; lastKnownFileType = sourcecode.c.h; path = DailyEditController.h; sourceTree = "<group>"; };
		68D25C211D8B951B00FF1BE0 /* DailyEditController.m */ = {isa = PBXFileReference; fileEncoding = 4; lastKnownFileType = sourcecode.c.objc; path = DailyEditController.m; sourceTree = "<group>"; };
		68DD15991D9A1FC00073E7D8 /* checked_task.png */ = {isa = PBXFileReference; lastKnownFileType = image.png; path = checked_task.png; sourceTree = "<group>"; };
		68E260631D7FC3F200425D46 /* CoreDataStackController.h */ = {isa = PBXFileReference; fileEncoding = 4; lastKnownFileType = sourcecode.c.h; path = CoreDataStackController.h; sourceTree = "<group>"; };
		68E260641D7FC3F200425D46 /* CoreDataStackController.m */ = {isa = PBXFileReference; fileEncoding = 4; lastKnownFileType = sourcecode.c.objc; path = CoreDataStackController.m; sourceTree = "<group>"; };
		68E260CC1D851DA500425D46 /* EditNavigationController.h */ = {isa = PBXFileReference; fileEncoding = 4; lastKnownFileType = sourcecode.c.h; path = EditNavigationController.h; sourceTree = "<group>"; };
		68E260CD1D851DA500425D46 /* EditNavigationController.m */ = {isa = PBXFileReference; fileEncoding = 4; lastKnownFileType = sourcecode.c.objc; path = EditNavigationController.m; sourceTree = "<group>"; };
		68E260CE1D851DA500425D46 /* EditNavigationController.xib */ = {isa = PBXFileReference; fileEncoding = 4; lastKnownFileType = file.xib; path = EditNavigationController.xib; sourceTree = "<group>"; };
		68F3F9A91D70E82E00840DD2 /* HabitRPG2.app */ = {isa = PBXFileReference; explicitFileType = wrapper.application; includeInIndex = 0; path = HabitRPG2.app; sourceTree = BUILT_PRODUCTS_DIR; };
		68F3F9AD1D70E82E00840DD2 /* main.m */ = {isa = PBXFileReference; lastKnownFileType = sourcecode.c.objc; path = main.m; sourceTree = "<group>"; };
		68F3F9AF1D70E82E00840DD2 /* AppDelegate.h */ = {isa = PBXFileReference; lastKnownFileType = sourcecode.c.h; path = AppDelegate.h; sourceTree = "<group>"; };
		68F3F9B01D70E82E00840DD2 /* AppDelegate.m */ = {isa = PBXFileReference; lastKnownFileType = sourcecode.c.objc; path = AppDelegate.m; sourceTree = "<group>"; };
		68F3F9B81D70E82E00840DD2 /* Assets.xcassets */ = {isa = PBXFileReference; lastKnownFileType = folder.assetcatalog; path = Assets.xcassets; sourceTree = "<group>"; };
		68F3F9BD1D70E82E00840DD2 /* Info.plist */ = {isa = PBXFileReference; lastKnownFileType = text.plist.xml; path = Info.plist; sourceTree = "<group>"; };
		68F3F9E11D70E8DB00840DD2 /* CentralViewController.h */ = {isa = PBXFileReference; fileEncoding = 4; lastKnownFileType = sourcecode.c.h; path = CentralViewController.h; sourceTree = "<group>"; };
		68F3F9E21D70E8DB00840DD2 /* CentralViewController.m */ = {isa = PBXFileReference; fileEncoding = 4; lastKnownFileType = sourcecode.c.objc; path = CentralViewController.m; sourceTree = "<group>"; };
		68F3F9E31D70E8DB00840DD2 /* CentralViewController.xib */ = {isa = PBXFileReference; fileEncoding = 4; lastKnownFileType = file.xib; path = CentralViewController.xib; sourceTree = "<group>"; };
		68F3F9E61D70EC9700840DD2 /* DailyViewController.h */ = {isa = PBXFileReference; fileEncoding = 4; lastKnownFileType = sourcecode.c.h; path = DailyViewController.h; sourceTree = "<group>"; };
		68F3F9E71D70EC9700840DD2 /* DailyViewController.m */ = {isa = PBXFileReference; fileEncoding = 4; lastKnownFileType = sourcecode.c.objc; path = DailyViewController.m; sourceTree = "<group>"; };
		68F3F9E81D70EC9700840DD2 /* DailyViewController.xib */ = {isa = PBXFileReference; fileEncoding = 4; lastKnownFileType = file.xib; path = DailyViewController.xib; sourceTree = "<group>"; };
		68F3F9EB1D70FC0D00840DD2 /* HabitController.h */ = {isa = PBXFileReference; fileEncoding = 4; lastKnownFileType = sourcecode.c.h; path = HabitController.h; sourceTree = "<group>"; };
		68F3F9EC1D70FC0D00840DD2 /* HabitController.m */ = {isa = PBXFileReference; fileEncoding = 4; lastKnownFileType = sourcecode.c.objc; path = HabitController.m; sourceTree = "<group>"; };
		68F3F9ED1D70FC0D00840DD2 /* HabitController.xib */ = {isa = PBXFileReference; fileEncoding = 4; lastKnownFileType = file.xib; path = HabitController.xib; sourceTree = "<group>"; };
		68F3F9F01D70FC5E00840DD2 /* TodoViewController.h */ = {isa = PBXFileReference; fileEncoding = 4; lastKnownFileType = sourcecode.c.h; path = TodoViewController.h; sourceTree = "<group>"; };
		68F3F9F11D70FC5E00840DD2 /* TodoViewController.m */ = {isa = PBXFileReference; fileEncoding = 4; lastKnownFileType = sourcecode.c.objc; path = TodoViewController.m; sourceTree = "<group>"; };
		68F3F9F21D70FC5E00840DD2 /* TodoViewController.xib */ = {isa = PBXFileReference; fileEncoding = 4; lastKnownFileType = file.xib; path = TodoViewController.xib; sourceTree = "<group>"; };
		68F3F9F51D70FD3F00840DD2 /* GoodsViewController.h */ = {isa = PBXFileReference; fileEncoding = 4; lastKnownFileType = sourcecode.c.h; path = GoodsViewController.h; sourceTree = "<group>"; };
		68F3F9F61D70FD3F00840DD2 /* GoodsViewController.m */ = {isa = PBXFileReference; fileEncoding = 4; lastKnownFileType = sourcecode.c.objc; path = GoodsViewController.m; sourceTree = "<group>"; };
		68F3F9F71D70FD3F00840DD2 /* GoodsViewController.xib */ = {isa = PBXFileReference; fileEncoding = 4; lastKnownFileType = file.xib; path = GoodsViewController.xib; sourceTree = "<group>"; };
		68F3F9FF1D74897A00840DD2 /* MenuViewController.h */ = {isa = PBXFileReference; fileEncoding = 4; lastKnownFileType = sourcecode.c.h; path = MenuViewController.h; sourceTree = "<group>"; };
		68F3FA001D74897A00840DD2 /* MenuViewController.m */ = {isa = PBXFileReference; fileEncoding = 4; lastKnownFileType = sourcecode.c.objc; path = MenuViewController.m; sourceTree = "<group>"; };
		68F3FA011D74897A00840DD2 /* MenuViewController.xib */ = {isa = PBXFileReference; fileEncoding = 4; lastKnownFileType = file.xib; path = MenuViewController.xib; sourceTree = "<group>"; };
		68F736B01D8B810200AE10A8 /* EditingSaver.h */ = {isa = PBXFileReference; fileEncoding = 4; lastKnownFileType = sourcecode.c.h; path = EditingSaver.h; sourceTree = "<group>"; };
/* End PBXFileReference section */

/* Begin PBXFrameworksBuildPhase section */
		277ABED71E96F68E008CC239 /* Frameworks */ = {
			isa = PBXFrameworksBuildPhase;
			buildActionMask = 2147483647;
			files = (
			);
			runOnlyForDeploymentPostprocessing = 0;
		};
		68F3F9A61D70E82E00840DD2 /* Frameworks */ = {
			isa = PBXFrameworksBuildPhase;
			buildActionMask = 2147483647;
			files = (
			);
			runOnlyForDeploymentPostprocessing = 0;
		};
/* End PBXFrameworksBuildPhase section */

/* Begin PBXGroup section */
		27127E171DDAD6300074A8F5 /* DataInfo */ = {
			isa = PBXGroup;
			children = (
				27127E311DDD42B50074A8F5 /* DataInfo+CoreDataClass.h */,
				27127E321DDD42B50074A8F5 /* DataInfo+CoreDataClass.m */,
				27127E331DDD42B50074A8F5 /* DataInfo+CoreDataProperties.h */,
				27127E341DDD42B50074A8F5 /* DataInfo+CoreDataProperties.m */,
			);
			name = DataInfo;
			sourceTree = "<group>";
		};
		271C047B1E886B49002221E9 /* Helpers */ = {
			isa = PBXGroup;
			children = (
				271C048C1E8C9C06002221E9 /* MonsterHelper.h */,
				271C048D1E8C9C06002221E9 /* MonsterHelper.m */,
			);
			name = Helpers;
			sourceTree = "<group>";
		};
		271C047E1E89ECF7002221E9 /* Lookups */ = {
			isa = PBXGroup;
			children = (
				2739788A1EB843F800F217B4 /* MonsterInfo.plist */,
				271C04811E8A1152002221E9 /* MonsterInfoDictionary.h */,
				271C04821E8A1152002221E9 /* MonsterInfoDictionary.m */,
			);
			name = Lookups;
			sourceTree = "<group>";
		};
		272144FE1EDFB46E00D98C03 /* Model */ = {
			isa = PBXGroup;
			children = (
				68A921E61DBC7FF1007C946C /* Daily+CoreDataProperties.h */,
				271217591DCE84310072ACC6 /* Daily+CoreDataClass.h */,
				2712175A1DCE84310072ACC6 /* Daily+CoreDataClass.m */,
				68A921E71DBC7FF1007C946C /* Daily+CoreDataProperties.m */,
			);
			name = Model;
			sourceTree = "<group>";
		};
		277ABECA1E94A08E008CC239 /* Protocols */ = {
			isa = PBXGroup;
			children = (
				277ABEC61E949B76008CC239 /* P_stdlibWrapper.h */,
				277ABECB1E94A0C0008CC239 /* P_CustomSwitch.h */,
				2709B3961EEF74E900EEE5CC /* P_ReportServiceCaller.h */,
			);
			name = Protocols;
			sourceTree = "<group>";
		};
		277ABEDB1E96F68E008CC239 /* HabitRPG2Tests */ = {
			isa = PBXGroup;
			children = (
				277ABF2B1E9C3189008CC239 /* MockClasses */,
				277ABEF01E97592A008CC239 /* Tests */,
				277ABEDE1E96F68E008CC239 /* Info.plist */,
				277ABF611EA3BC97008CC239 /* TestGlobals.h */,
				275A07B51EDA1FB9001422CD /* TestHelpers.h */,
				275A07B61EDA1FB9001422CD /* TestHelpers.m */,
				273782361EE4D1B200EA5B1D /* FrequentCase.h */,
				273782371EE4D1B200EA5B1D /* FrequentCase.m */,
			);
			path = HabitRPG2Tests;
			sourceTree = "<group>";
		};
		277ABEF01E97592A008CC239 /* Tests */ = {
			isa = PBXGroup;
			children = (
				277ABF6A1EA85AA8008CC239 /* ProbWeight */,
				277ABEF11E975959008CC239 /* ModelsTest.m */,
				277ABF2F1E9C31F3008CC239 /* ZoneHelperTest.m */,
				277ABF5C1EA27A91008CC239 /* CommonUtilitiesTest.m */,
				277ABF5E1EA33320008CC239 /* MonsterHelperTest.m */,
				275FEEFF1EE344BB00AED1A2 /* DateHelperTest.m */,
				275FEF091EE3CF3000AED1A2 /* DailyHelperTest.m */,
			);
			name = Tests;
			sourceTree = "<group>";
		};
		277ABF2B1E9C3189008CC239 /* MockClasses */ = {
			isa = PBXGroup;
			children = (
				277ABF2C1E9C31C0008CC239 /* MockStdLibWrapper.h */,
				277ABF2D1E9C31C0008CC239 /* MockStdLibWrapper.m */,
			);
			name = MockClasses;
			sourceTree = "<group>";
		};
		277ABF6A1EA85AA8008CC239 /* ProbWeight */ = {
			isa = PBXGroup;
			children = (
				277ABF6D1EA86240008CC239 /* TestProbWeightsThreeItems.m */,
				277ABF681EA46CE1008CC239 /* ProbilityWeightTest.m */,
				277ABF6F1EAD98EB008CC239 /* ProbilityWeightTestFourItems.m */,
			);
			name = ProbWeight;
			sourceTree = "<group>";
		};
		277ABF711EAD9DC3008CC239 /* Scripts */ = {
			isa = PBXGroup;
			children = (
				277ABF721EAD9DD7008CC239 /* probWeightsUTBig.py */,
			);
			name = Scripts;
			sourceTree = "<group>";
		};
		27AE66761E876007000F31BD /* Suffix */ = {
			isa = PBXGroup;
			children = (
				27AE666E1E875EFB000F31BD /* Suffix+CoreDataClass.h */,
				27AE666F1E875EFB000F31BD /* Suffix+CoreDataClass.m */,
				27AE66701E875EFB000F31BD /* Suffix+CoreDataProperties.h */,
				27AE66711E875EFB000F31BD /* Suffix+CoreDataProperties.m */,
				271C04911E8F3784002221E9 /* SuffixList.plist */,
			);
			name = Suffix;
			path = ..;
			sourceTree = "<group>";
		};
		27C92C3C1E3313580025727E /* Cell */ = {
			isa = PBXGroup;
			children = (
				27C92C111E28A1330025727E /* ZoneChoiceCell.xib */,
				27C92C131E297F640025727E /* ZoneChoiceCellController.h */,
				27C92C141E297F640025727E /* ZoneChoiceCellController.m */,
			);
			name = Cell;
			sourceTree = "<group>";
		};
		27C92C3E1E3313770025727E /* Model */ = {
			isa = PBXGroup;
			children = (
				2739788C1EB8473100F217B4 /* ZoneTransaction+CoreDataClass.h */,
				2739788D1EB8473100F217B4 /* ZoneTransaction+CoreDataClass.m */,
				2739788E1EB8473100F217B4 /* ZoneTransaction+CoreDataProperties.h */,
				2739788F1EB8473100F217B4 /* ZoneTransaction+CoreDataProperties.m */,
				271217671DCE84310072ACC6 /* Zone+CoreDataClass.h */,
				271217681DCE84310072ACC6 /* Zone+CoreDataClass.m */,
				68A921EA1DBC7FF2007C946C /* Zone+CoreDataProperties.h */,
				68A921EB1DBC7FF2007C946C /* Zone+CoreDataProperties.m */,
			);
			name = Model;
			sourceTree = "<group>";
		};
		27C92C3F1E3313860025727E /* Helpers */ = {
			isa = PBXGroup;
			children = (
				686ED3C51DB481C4004EDD36 /* ZoneHelper.h */,
				686ED3C61DB481C4004EDD36 /* ZoneHelper.m */,
			);
			name = Helpers;
			sourceTree = "<group>";
		};
		27C92C401E3313AD0025727E /* Lookups */ = {
			isa = PBXGroup;
			children = (
				27C92C161E29AD770025727E /* ZoneInfo.plist */,
				27C92C181E29C9F10025727E /* ZoneInfoDictionary.h */,
				27C92C191E29C9F10025727E /* ZoneInfoDictionary.m */,
			);
			name = Lookups;
			sourceTree = "<group>";
		};
		686ED39C1DA5FF28004EDD36 /* Todos */ = {
			isa = PBXGroup;
			children = (
				273978901EB8473100F217B4 /* TodoTransaction+CoreDataClass.h */,
				273978911EB8473100F217B4 /* TodoTransaction+CoreDataClass.m */,
				273978921EB8473100F217B4 /* TodoTransaction+CoreDataProperties.h */,
				273978931EB8473100F217B4 /* TodoTransaction+CoreDataProperties.m */,
				271217651DCE84310072ACC6 /* Todo+CoreDataClass.h */,
				271217661DCE84310072ACC6 /* Todo+CoreDataClass.m */,
				68A921EC1DBC7FF2007C946C /* Todo+CoreDataProperties.h */,
				68A921ED1DBC7FF2007C946C /* Todo+CoreDataProperties.m */,
				68F3F9F21D70FC5E00840DD2 /* TodoViewController.xib */,
				68F3F9F01D70FC5E00840DD2 /* TodoViewController.h */,
				68F3F9F11D70FC5E00840DD2 /* TodoViewController.m */,
			);
			name = Todos;
			sourceTree = "<group>";
		};
		686ED39D1DA6007E004EDD36 /* Habits */ = {
			isa = PBXGroup;
			children = (
				273978941EB8473100F217B4 /* HabitTransaction+CoreDataClass.h */,
				273978951EB8473100F217B4 /* HabitTransaction+CoreDataClass.m */,
				273978961EB8473100F217B4 /* HabitTransaction+CoreDataProperties.h */,
				273978971EB8473100F217B4 /* HabitTransaction+CoreDataProperties.m */,
				2712175D1DCE84310072ACC6 /* Habit+CoreDataClass.h */,
				2712175E1DCE84310072ACC6 /* Habit+CoreDataClass.m */,
				68A921EE1DBC7FF2007C946C /* Habit+CoreDataProperties.h */,
				68A921EF1DBC7FF2007C946C /* Habit+CoreDataProperties.m */,
				68F3F9EB1D70FC0D00840DD2 /* HabitController.h */,
				68F3F9ED1D70FC0D00840DD2 /* HabitController.xib */,
				68F3F9EC1D70FC0D00840DD2 /* HabitController.m */,
			);
			name = Habits;
			sourceTree = "<group>";
		};
		686ED39E1DA600A7004EDD36 /* Goods */ = {
			isa = PBXGroup;
			children = (
				275A07831ED50AF5001422CD /* GoodTransaction+CoreDataClass.h */,
				275A07841ED50AF5001422CD /* GoodTransaction+CoreDataClass.m */,
				275A07851ED50AF5001422CD /* GoodTransaction+CoreDataProperties.h */,
				275A07861ED50AF5001422CD /* GoodTransaction+CoreDataProperties.m */,
				2712175B1DCE84310072ACC6 /* Good+CoreDataClass.h */,
				2712175C1DCE84310072ACC6 /* Good+CoreDataClass.m */,
				68A921E81DBC7FF1007C946C /* Good+CoreDataProperties.h */,
				68A921E91DBC7FF1007C946C /* Good+CoreDataProperties.m */,
				68F3F9F51D70FD3F00840DD2 /* GoodsViewController.h */,
				68F3F9F71D70FD3F00840DD2 /* GoodsViewController.xib */,
				68F3F9F61D70FD3F00840DD2 /* GoodsViewController.m */,
			);
			name = Goods;
			sourceTree = "<group>";
		};
		686ED39F1DA60142004EDD36 /* Menu */ = {
			isa = PBXGroup;
			children = (
				68F3F9FF1D74897A00840DD2 /* MenuViewController.h */,
				68F3FA001D74897A00840DD2 /* MenuViewController.m */,
				68F3FA011D74897A00840DD2 /* MenuViewController.xib */,
			);
			name = Menu;
			sourceTree = "<group>";
		};
		686ED3A81DADDF69004EDD36 /* Protocols */ = {
			isa = PBXGroup;
			children = (
				27AE66541E8720F9000F31BD /* CentralViewControllerP.h */,
				68F736B01D8B810200AE10A8 /* EditingSaver.h */,
				271C047D1E89BCBA002221E9 /* P_CoreData.h */,
				271C04851E8B6323002221E9 /* P_ResourceUtility.h */,
				27E00E981ED3FAE8008B35CD /* P_Transaction.h */,
				272144FD1EDB59F600D98C03 /* P_TaskEditorDelegate.h */,
			);
			name = Protocols;
			sourceTree = "<group>";
		};
		686ED3A91DADE47C004EDD36 /* EditingScreen */ = {
			isa = PBXGroup;
			children = (
				68E260CC1D851DA500425D46 /* EditNavigationController.h */,
				68E260CD1D851DA500425D46 /* EditNavigationController.m */,
				68E260CE1D851DA500425D46 /* EditNavigationController.xib */,
			);
			name = EditingScreen;
			sourceTree = "<group>";
		};
		686ED3AA1DADE4A4004EDD36 /* Settings */ = {
			isa = PBXGroup;
			children = (
				271217631DCE84310072ACC6 /* Settings+CoreDataClass.h */,
				271217641DCE84310072ACC6 /* Settings+CoreDataClass.m */,
				68A921F21DBC7FF2007C946C /* Settings+CoreDataProperties.h */,
				68A921F31DBC7FF2007C946C /* Settings+CoreDataProperties.m */,
			);
			name = Settings;
			sourceTree = "<group>";
		};
		686ED3AB1DADE4B3004EDD36 /* Zone */ = {
			isa = PBXGroup;
			children = (
				27C92C401E3313AD0025727E /* Lookups */,
				27C92C3F1E3313860025727E /* Helpers */,
				27C92C3E1E3313770025727E /* Model */,
				27C92C3C1E3313580025727E /* Cell */,
				686ED3BC1DB47954004EDD36 /* ZoneChoiceViewController.h */,
				686ED3BD1DB47954004EDD36 /* ZoneChoiceViewController.m */,
				27C92C411E3314000025727E /* ZoneDescriptionViewController.h */,
				27C92C421E3314000025727E /* ZoneDescriptionViewController.m */,
				27C92C431E3314000025727E /* ZoneDescriptionViewController.xib */,
				277ABF311E9F1A30008CC239 /* ZoneChoicePicker.xib */,
			);
			name = Zone;
			sourceTree = "<group>";
		};
		686ED3AC1DADE4C5004EDD36 /* Hero */ = {
			isa = PBXGroup;
			children = (
				2712175F1DCE84310072ACC6 /* Hero+CoreDataClass.h */,
				271217601DCE84310072ACC6 /* Hero+CoreDataClass.m */,
				68A921E41DBC7FF1007C946C /* Hero+CoreDataProperties.h */,
				68A921E51DBC7FF1007C946C /* Hero+CoreDataProperties.m */,
			);
			name = Hero;
			sourceTree = "<group>";
		};
		686ED3AD1DADE4DB004EDD36 /* Monster */ = {
			isa = PBXGroup;
			children = (
				271C047E1E89ECF7002221E9 /* Lookups */,
				271217611DCE84310072ACC6 /* Monster+CoreDataClass.h */,
				271217621DCE84310072ACC6 /* Monster+CoreDataClass.m */,
				68A921F01DBC7FF2007C946C /* Monster+CoreDataProperties.h */,
				68A921F11DBC7FF2007C946C /* Monster+CoreDataProperties.m */,
				273978A01EB8473100F217B4 /* MonsterTransaction+CoreDataClass.h */,
				273978A11EB8473100F217B4 /* MonsterTransaction+CoreDataClass.m */,
				273978A21EB8473100F217B4 /* MonsterTransaction+CoreDataProperties.h */,
				273978A31EB8473100F217B4 /* MonsterTransaction+CoreDataProperties.m */,
				271C047B1E886B49002221E9 /* Helpers */,
			);
			name = Monster;
			sourceTree = "<group>";
		};
		68BE458D1D9DE889003F3400 /* Story */ = {
			isa = PBXGroup;
			children = (
				68BE458E1D9DEA0B003F3400 /* IntroViewController.h */,
				68BE458F1D9DEA0B003F3400 /* IntroViewController.m */,
				686ED3A51DA751AC004EDD36 /* StoryConstants.h */,
				686ED3A61DA751AC004EDD36 /* StoryConstants.m */,
				273978821EB55F3700F217B4 /* StoryDumpView.h */,
				273978831EB55F3700F217B4 /* StoryDumpView.m */,
				273978841EB55F3700F217B4 /* StoryDumpView.xib */,
				273978881EB5618200F217B4 /* P_StoryItem.h */,
				273978FF1EC4092A00F217B4 /* IntroViewController.xib */,
			);
			name = Story;
			sourceTree = "<group>";
		};
		68D25C231D8E2ACA00FF1BE0 /* Dailies */ = {
			isa = PBXGroup;
			children = (
				68D25C271D8E2E0500FF1BE0 /* Views */,
				272144FE1EDFB46E00D98C03 /* Model */,
				686686EC1D79060300BB2D09 /* DailyCellController.h */,
				686686ED1D79060300BB2D09 /* DailyCellController.m */,
				68D25C201D8B951B00FF1BE0 /* DailyEditController.h */,
				68D25C211D8B951B00FF1BE0 /* DailyEditController.m */,
				68F3F9E61D70EC9700840DD2 /* DailyViewController.h */,
				68F3F9E71D70EC9700840DD2 /* DailyViewController.m */,
				2739789C1EB8473100F217B4 /* DailyTransaction+CoreDataClass.h */,
				2739789D1EB8473100F217B4 /* DailyTransaction+CoreDataClass.m */,
				2739789E1EB8473100F217B4 /* DailyTransaction+CoreDataProperties.h */,
				2739789F1EB8473100F217B4 /* DailyTransaction+CoreDataProperties.m */,
				275FEF0B1EE45AE600AED1A2 /* Daily+DailyHelper.h */,
				275FEF0C1EE45AE600AED1A2 /* Daily+DailyHelper.m */,
			);
			name = Dailies;
			sourceTree = "<group>";
		};
		68D25C271D8E2E0500FF1BE0 /* Views */ = {
			isa = PBXGroup;
			children = (
				6889C65D1D88F82700598435 /* DailyEditView.xib */,
				68F3F9E81D70EC9700840DD2 /* DailyViewController.xib */,
				687F01211D77CA6500C7B08B /* DailyTablesViewController.xib */,
				686686EA1D79032200BB2D09 /* DailyCell.xib */,
			);
			name = Views;
			sourceTree = "<group>";
		};
		68DD159E1D9CAA010073E7D8 /* Common */ = {
			isa = PBXGroup;
			children = (
				686ED3AA1DADE4A4004EDD36 /* Settings */,
				686ED3A91DADE47C004EDD36 /* EditingScreen */,
				686ED3A81DADDF69004EDD36 /* Protocols */,
				68E260631D7FC3F200425D46 /* CoreDataStackController.h */,
				68E260641D7FC3F200425D46 /* CoreDataStackController.m */,
				68F3F9E31D70E8DB00840DD2 /* CentralViewController.xib */,
				68F3F9E11D70E8DB00840DD2 /* CentralViewController.h */,
				68F3F9E21D70E8DB00840DD2 /* CentralViewController.m */,
				27F4401A1E220097002BEDD4 /* OnlyOneEntities.h */,
				27F4401B1E220097002BEDD4 /* OnlyOneEntities.m */,
				271C04891E8C955A002221E9 /* SingletonCluster.h */,
				271C048A1E8C955A002221E9 /* SingletonCluster.m */,
			);
			name = Common;
			sourceTree = "<group>";
		};
		68F3F9A01D70E82E00840DD2 = {
			isa = PBXGroup;
			children = (
				273782391EE4DB9C00EA5B1D /* Model.xcdatamodeld */,
				277ABF711EAD9DC3008CC239 /* Scripts */,
				68F3F9AB1D70E82E00840DD2 /* HabitRPG2 */,
				277ABEDB1E96F68E008CC239 /* HabitRPG2Tests */,
				68F3F9AA1D70E82E00840DD2 /* Products */,
			);
			sourceTree = "<group>";
		};
		68F3F9AA1D70E82E00840DD2 /* Products */ = {
			isa = PBXGroup;
			children = (
				68F3F9A91D70E82E00840DD2 /* HabitRPG2.app */,
				277ABEDA1E96F68E008CC239 /* HabitRPG2Tests.xctest */,
			);
			name = Products;
			sourceTree = "<group>";
		};
		68F3F9AB1D70E82E00840DD2 /* HabitRPG2 */ = {
			isa = PBXGroup;
			children = (
				27AE66761E876007000F31BD /* Suffix */,
				686ED3AC1DADE4C5004EDD36 /* Hero */,
				686ED3AD1DADE4DB004EDD36 /* Monster */,
				686ED3AB1DADE4B3004EDD36 /* Zone */,
				686ED39E1DA600A7004EDD36 /* Goods */,
				686ED39D1DA6007E004EDD36 /* Habits */,
				686ED39C1DA5FF28004EDD36 /* Todos */,
				27127E171DDAD6300074A8F5 /* DataInfo */,
				686ED39F1DA60142004EDD36 /* Menu */,
				68BE458D1D9DE889003F3400 /* Story */,
				68DD159E1D9CAA010073E7D8 /* Common */,
				68D25C231D8E2ACA00FF1BE0 /* Dailies */,
				68F3F9FA1D71C9A500840DD2 /* Helpers */,
				68F3F9B81D70E82E00840DD2 /* Assets.xcassets */,
				68F3F9AF1D70E82E00840DD2 /* AppDelegate.h */,
				68F3F9B01D70E82E00840DD2 /* AppDelegate.m */,
				68F3F9AD1D70E82E00840DD2 /* main.m */,
				68F3F9BD1D70E82E00840DD2 /* Info.plist */,
				68F3F9AC1D70E82E00840DD2 /* Supporting Files */,
				6886A4871D8F3CB2005E12B3 /* TaskCell.h */,
				6886A4881D8F3CB2005E12B3 /* TaskCell.m */,
			);
			path = HabitRPG2;
			sourceTree = "<group>";
		};
		68F3F9AC1D70E82E00840DD2 /* Supporting Files */ = {
			isa = PBXGroup;
			children = (
				277ABF331E9F1AE8008CC239 /* behind_alert_view.png */,
				686ED3961DA5E0F9004EDD36 /* title_Screen_1x.png */,
				686ED3971DA5E0F9004EDD36 /* title_Screen_R_4.png */,
				686ED3901DA5DD66004EDD36 /* title_Screen_HD_55.png */,
				686ED3B81DB4660F004EDD36 /* white_checked_empty.png */,
				686ED3B91DB4660F004EDD36 /* white_checked_full.png */,
				686ED3C11DB47FA5004EDD36 /* black_checked_empty.png */,
				686ED3C31DB47FAF004EDD36 /* black_checked_full.png */,
				686ED3921DA5DEB5004EDD36 /* title_Screen_HD_47.png */,
				686ED3941DA5DEC0004EDD36 /* title_Screen_2x.png */,
				68DD15991D9A1FC00073E7D8 /* checked_task.png */,
				6886A48E1D8F6F9A005E12B3 /* edit_button.png */,
				6886A48C1D8F6EB3005E12B3 /* switch_checked.png */,
				6886A48A1D8F6EA6005E12B3 /* switch_unchecked.png */,
				6886A4851D8F1C49005E12B3 /* unchecked_task.png */,
			);
			name = "Supporting Files";
			sourceTree = "<group>";
		};
		68F3F9FA1D71C9A500840DD2 /* Helpers */ = {
			isa = PBXGroup;
			children = (
				277ABECA1E94A08E008CC239 /* Protocols */,
				6886A47E1D8E5FD0005E12B3 /* constants.h */,
				6886A47F1D8E5FD0005E12B3 /* constants.m */,
				68BA38841D93576600CB5A76 /* CommonUtilities.h */,
				68BA38851D93576600CB5A76 /* CommonUtilities.m */,
				686ED3B51DAF3DBD004EDD36 /* CustomSwitch.h */,
				686ED3B61DAF3DBD004EDD36 /* CustomSwitch.m */,
				27C92C461E341DA10025727E /* ViewHelper.h */,
				27C92C471E341DA10025727E /* ViewHelper.m */,
				271C04861E8B639D002221E9 /* ResourceUtility.h */,
				271C04871E8B639D002221E9 /* ResourceUtility.m */,
				277ABEC71E949B96008CC239 /* StdLibWrapper.h */,
				277ABEC81E949B96008CC239 /* StdLibWrapper.m */,
				277ABECF1E95DEF6008CC239 /* ProbWeight.h */,
				277ABED01E95DEF6008CC239 /* ProbWeight.m */,
				275FEEFC1EE3172C00AED1A2 /* NSDate+DateHelper.h */,
				275FEEFD1EE3172C00AED1A2 /* NSDate+DateHelper.m */,
				275FEF011EE3A78200AED1A2 /* timeZoneList.txt */,
				2709B3971EEF750800EEE5CC /* ReportServiceCaller.h */,
				2709B3981EEF750800EEE5CC /* ReportServiceCaller.m */,
			);
			name = Helpers;
			sourceTree = "<group>";
		};
/* End PBXGroup section */

/* Begin PBXNativeTarget section */
		277ABED91E96F68E008CC239 /* HabitRPG2Tests */ = {
			isa = PBXNativeTarget;
			buildConfigurationList = 277ABEE11E96F68E008CC239 /* Build configuration list for PBXNativeTarget "HabitRPG2Tests" */;
			buildPhases = (
				277ABED61E96F68E008CC239 /* Sources */,
				277ABED71E96F68E008CC239 /* Frameworks */,
				277ABED81E96F68E008CC239 /* Resources */,
			);
			buildRules = (
			);
			dependencies = (
				277ABEE01E96F68E008CC239 /* PBXTargetDependency */,
			);
			name = HabitRPG2Tests;
			productName = HabitRPG2Tests;
			productReference = 277ABEDA1E96F68E008CC239 /* HabitRPG2Tests.xctest */;
			productType = "com.apple.product-type.bundle.unit-test";
		};
		68F3F9A81D70E82E00840DD2 /* HabitRPG2 */ = {
			isa = PBXNativeTarget;
			buildConfigurationList = 68F3F9D61D70E82E00840DD2 /* Build configuration list for PBXNativeTarget "HabitRPG2" */;
			buildPhases = (
				68F3F9A51D70E82E00840DD2 /* Sources */,
				68F3F9A61D70E82E00840DD2 /* Frameworks */,
				68F3F9A71D70E82E00840DD2 /* Resources */,
			);
			buildRules = (
			);
			dependencies = (
			);
			name = HabitRPG2;
			productName = HabitRPG2;
			productReference = 68F3F9A91D70E82E00840DD2 /* HabitRPG2.app */;
			productType = "com.apple.product-type.application";
		};
/* End PBXNativeTarget section */

/* Begin PBXProject section */
		68F3F9A11D70E82E00840DD2 /* Project object */ = {
			isa = PBXProject;
			attributes = {
				KnownAssetTags = (
					New,
				);
				LastUpgradeCheck = 0830;
				ORGANIZATIONNAME = "Joel Pridgen";
				TargetAttributes = {
					277ABED91E96F68E008CC239 = {
						CreatedOnToolsVersion = 8.3;
						ProvisioningStyle = Automatic;
						TestTargetID = 68F3F9A81D70E82E00840DD2;
					};
					68F3F9A81D70E82E00840DD2 = {
						CreatedOnToolsVersion = 7.3.1;
						DevelopmentTeam = XK3RJ8E2L2;
					};
				};
			};
			buildConfigurationList = 68F3F9A41D70E82E00840DD2 /* Build configuration list for PBXProject "HabitRPG2" */;
			compatibilityVersion = "Xcode 8.0";
			developmentRegion = English;
			hasScannedForEncodings = 0;
			knownRegions = (
				en,
				Base,
			);
			mainGroup = 68F3F9A01D70E82E00840DD2;
			productRefGroup = 68F3F9AA1D70E82E00840DD2 /* Products */;
			projectDirPath = "";
			projectRoot = "";
			targets = (
				68F3F9A81D70E82E00840DD2 /* HabitRPG2 */,
				277ABED91E96F68E008CC239 /* HabitRPG2Tests */,
			);
		};
/* End PBXProject section */

/* Begin PBXResourcesBuildPhase section */
		277ABED81E96F68E008CC239 /* Resources */ = {
			isa = PBXResourcesBuildPhase;
			buildActionMask = 2147483647;
			files = (
				277ABF731EAD9DD7008CC239 /* probWeightsUTBig.py in Resources */,
			);
			runOnlyForDeploymentPostprocessing = 0;
		};
		68F3F9A71D70E82E00840DD2 /* Resources */ = {
			isa = PBXResourcesBuildPhase;
			buildActionMask = 2147483647;
			files = (
				2709B3911EE4FBDC00EEE5CC /* Model.xcdatamodeld in Resources */,
				27C92C1F1E29FE110025727E /* ZoneInfo.plist in Resources */,
				686ED3951DA5DEC0004EDD36 /* title_Screen_2x.png in Resources */,
				2739788B1EB843F800F217B4 /* MonsterInfo.plist in Resources */,
				686686EB1D79032200BB2D09 /* DailyCell.xib in Resources */,
				686ED3991DA5E0F9004EDD36 /* title_Screen_R_4.png in Resources */,
				277ABF341E9F1AE8008CC239 /* behind_alert_view.png in Resources */,
				686ED3BB1DB4660F004EDD36 /* white_checked_full.png in Resources */,
				275FEF021EE3A78200AED1A2 /* timeZoneList.txt in Resources */,
				68F3F9F41D70FC5E00840DD2 /* TodoViewController.xib in Resources */,
				686ED3C41DB47FAF004EDD36 /* black_checked_full.png in Resources */,
				68F3F9EF1D70FC0D00840DD2 /* HabitController.xib in Resources */,
				273979001EC4092A00F217B4 /* IntroViewController.xib in Resources */,
				27C92C451E3314000025727E /* ZoneDescriptionViewController.xib in Resources */,
				6889C65E1D88F82700598435 /* DailyEditView.xib in Resources */,
				273978861EB55F3700F217B4 /* StoryDumpView.xib in Resources */,
				6886A48F1D8F6F9B005E12B3 /* edit_button.png in Resources */,
				68F3F9B91D70E82E00840DD2 /* Assets.xcassets in Resources */,
				687F01231D77CA6500C7B08B /* DailyTablesViewController.xib in Resources */,
				686ED3C21DB47FA5004EDD36 /* black_checked_empty.png in Resources */,
				27C92C121E28A1330025727E /* ZoneChoiceCell.xib in Resources */,
				68F3F9E51D70E8DB00840DD2 /* CentralViewController.xib in Resources */,
				277ABF321E9F1A30008CC239 /* ZoneChoicePicker.xib in Resources */,
				271C04921E8F3784002221E9 /* SuffixList.plist in Resources */,
				68E260D01D851DA500425D46 /* EditNavigationController.xib in Resources */,
				6886A48B1D8F6EA6005E12B3 /* switch_unchecked.png in Resources */,
				686ED3931DA5DEB5004EDD36 /* title_Screen_HD_47.png in Resources */,
				68F3F9EA1D70EC9700840DD2 /* DailyViewController.xib in Resources */,
				6886A4861D8F1C49005E12B3 /* unchecked_task.png in Resources */,
				68DD159A1D9A1FC00073E7D8 /* checked_task.png in Resources */,
				686ED3981DA5E0F9004EDD36 /* title_Screen_1x.png in Resources */,
				6886A48D1D8F6EB3005E12B3 /* switch_checked.png in Resources */,
				686ED3911DA5DD66004EDD36 /* title_Screen_HD_55.png in Resources */,
				68F3FA031D74897A00840DD2 /* MenuViewController.xib in Resources */,
				68F3F9F91D70FD3F00840DD2 /* GoodsViewController.xib in Resources */,
				686ED3BA1DB4660F004EDD36 /* white_checked_empty.png in Resources */,
			);
			runOnlyForDeploymentPostprocessing = 0;
		};
/* End PBXResourcesBuildPhase section */

/* Begin PBXSourcesBuildPhase section */
		277ABED61E96F68E008CC239 /* Sources */ = {
			isa = PBXSourcesBuildPhase;
			buildActionMask = 2147483647;
			files = (
				277ABF301E9C31F3008CC239 /* ZoneHelperTest.m in Sources */,
				275FEF0A1EE3CF3000AED1A2 /* DailyHelperTest.m in Sources */,
				275FEF001EE344BB00AED1A2 /* DateHelperTest.m in Sources */,
				277ABF5F1EA33320008CC239 /* MonsterHelperTest.m in Sources */,
				277ABF6E1EA86240008CC239 /* TestProbWeightsThreeItems.m in Sources */,
				277ABF5D1EA27A91008CC239 /* CommonUtilitiesTest.m in Sources */,
				277ABEF21E975959008CC239 /* ModelsTest.m in Sources */,
				277ABF701EAD98EB008CC239 /* ProbilityWeightTestFourItems.m in Sources */,
				277ABF691EA46CE1008CC239 /* ProbilityWeightTest.m in Sources */,
				275A07B71EDA1FB9001422CD /* TestHelpers.m in Sources */,
				277ABF2E1E9C31C0008CC239 /* MockStdLibWrapper.m in Sources */,
				2737823E1EE4DB9C00EA5B1D /* Model.xcdatamodeld in Sources */,
				273782381EE4D1B200EA5B1D /* FrequentCase.m in Sources */,
			);
			runOnlyForDeploymentPostprocessing = 0;
		};
		68F3F9A51D70E82E00840DD2 /* Sources */ = {
			isa = PBXSourcesBuildPhase;
			buildActionMask = 2147483647;
			files = (
				686686EE1D79060300BB2D09 /* DailyCellController.m in Sources */,
				2709B3991EEF750800EEE5CC /* ReportServiceCaller.m in Sources */,
				275FEEFE1EE3172C00AED1A2 /* NSDate+DateHelper.m in Sources */,
				68A921F91DBC7FF2007C946C /* Habit+CoreDataProperties.m in Sources */,
				68F3F9F31D70FC5E00840DD2 /* TodoViewController.m in Sources */,
				68F3FA021D74897A00840DD2 /* MenuViewController.m in Sources */,
				273978851EB55F3700F217B4 /* StoryDumpView.m in Sources */,
				271C04831E8A1152002221E9 /* MonsterInfoDictionary.m in Sources */,
				27C92C441E3314000025727E /* ZoneDescriptionViewController.m in Sources */,
				68A921FA1DBC7FF2007C946C /* Monster+CoreDataProperties.m in Sources */,
				277ABED11E95DEF6008CC239 /* ProbWeight.m in Sources */,
				275A079D1ED50AF5001422CD /* GoodTransaction+CoreDataProperties.m in Sources */,
				68F3F9EE1D70FC0D00840DD2 /* HabitController.m in Sources */,
				68A921F71DBC7FF2007C946C /* Zone+CoreDataProperties.m in Sources */,
				27F4401C1E220097002BEDD4 /* OnlyOneEntities.m in Sources */,
				2712176B1DCE84310072ACC6 /* Habit+CoreDataClass.m in Sources */,
				68F3F9B11D70E82E00840DD2 /* AppDelegate.m in Sources */,
				27127E351DDD42B50074A8F5 /* DataInfo+CoreDataClass.m in Sources */,
				68BA38861D93576600CB5A76 /* CommonUtilities.m in Sources */,
				27AE66731E875EFB000F31BD /* Suffix+CoreDataProperties.m in Sources */,
				68D25C221D8B951B00FF1BE0 /* DailyEditController.m in Sources */,
				68E260651D7FC3F200425D46 /* CoreDataStackController.m in Sources */,
				2712176E1DCE84310072ACC6 /* Settings+CoreDataClass.m in Sources */,
				273978AD1EB8473100F217B4 /* DailyTransaction+CoreDataProperties.m in Sources */,
				271217691DCE84310072ACC6 /* Daily+CoreDataClass.m in Sources */,
				68BE45911D9DEA0B003F3400 /* IntroViewController.m in Sources */,
				68F3F9E41D70E8DB00840DD2 /* CentralViewController.m in Sources */,
				68A921F61DBC7FF2007C946C /* Good+CoreDataProperties.m in Sources */,
				273978A71EB8473100F217B4 /* TodoTransaction+CoreDataProperties.m in Sources */,
				273978A61EB8473100F217B4 /* TodoTransaction+CoreDataClass.m in Sources */,
				686ED3C71DB481C4004EDD36 /* ZoneHelper.m in Sources */,
				6886A4891D8F3CB2005E12B3 /* TaskCell.m in Sources */,
				68E260CF1D851DA500425D46 /* EditNavigationController.m in Sources */,
				686ED3BF1DB47954004EDD36 /* ZoneChoiceViewController.m in Sources */,
				273978AE1EB8473100F217B4 /* MonsterTransaction+CoreDataClass.m in Sources */,
				27C92C151E297F650025727E /* ZoneChoiceCellController.m in Sources */,
				275FEF0D1EE45AE600AED1A2 /* Daily+DailyHelper.m in Sources */,
				2712176C1DCE84310072ACC6 /* Hero+CoreDataClass.m in Sources */,
				27C92C1A1E29C9F10025727E /* ZoneInfoDictionary.m in Sources */,
				68F3F9F81D70FD3F00840DD2 /* GoodsViewController.m in Sources */,
				2712176F1DCE84310072ACC6 /* Todo+CoreDataClass.m in Sources */,
				68A921FB1DBC7FF2007C946C /* Settings+CoreDataProperties.m in Sources */,
				271C048E1E8C9C06002221E9 /* MonsterHelper.m in Sources */,
				2712176D1DCE84310072ACC6 /* Monster+CoreDataClass.m in Sources */,
				2712176A1DCE84310072ACC6 /* Good+CoreDataClass.m in Sources */,
				68F3F9E91D70EC9700840DD2 /* DailyViewController.m in Sources */,
				686ED3A71DA751AC004EDD36 /* StoryConstants.m in Sources */,
				273978AC1EB8473100F217B4 /* DailyTransaction+CoreDataClass.m in Sources */,
				68A921F81DBC7FF2007C946C /* Todo+CoreDataProperties.m in Sources */,
				273978AF1EB8473100F217B4 /* MonsterTransaction+CoreDataProperties.m in Sources */,
				6886A4801D8E5FD0005E12B3 /* constants.m in Sources */,
				271C04881E8B639D002221E9 /* ResourceUtility.m in Sources */,
				68A921F41DBC7FF2007C946C /* Hero+CoreDataProperties.m in Sources */,
				277ABEC91E949B96008CC239 /* StdLibWrapper.m in Sources */,
				273978A41EB8473100F217B4 /* ZoneTransaction+CoreDataClass.m in Sources */,
				686ED3B71DAF3DBD004EDD36 /* CustomSwitch.m in Sources */,
				68A921F51DBC7FF2007C946C /* Daily+CoreDataProperties.m in Sources */,
				27C92C481E341DA10025727E /* ViewHelper.m in Sources */,
				27127E361DDD42B50074A8F5 /* DataInfo+CoreDataProperties.m in Sources */,
				273978A91EB8473100F217B4 /* HabitTransaction+CoreDataProperties.m in Sources */,
				68F3F9AE1D70E82E00840DD2 /* main.m in Sources */,
				273978A81EB8473100F217B4 /* HabitTransaction+CoreDataClass.m in Sources */,
				273978A51EB8473100F217B4 /* ZoneTransaction+CoreDataProperties.m in Sources */,
				27AE66721E875EFB000F31BD /* Suffix+CoreDataClass.m in Sources */,
				275A079C1ED50AF5001422CD /* GoodTransaction+CoreDataClass.m in Sources */,
				271217701DCE84310072ACC6 /* Zone+CoreDataClass.m in Sources */,
				271C048B1E8C955A002221E9 /* SingletonCluster.m in Sources */,
			);
			runOnlyForDeploymentPostprocessing = 0;
		};
/* End PBXSourcesBuildPhase section */

/* Begin PBXTargetDependency section */
		277ABEE01E96F68E008CC239 /* PBXTargetDependency */ = {
			isa = PBXTargetDependency;
			target = 68F3F9A81D70E82E00840DD2 /* HabitRPG2 */;
			targetProxy = 277ABEDF1E96F68E008CC239 /* PBXContainerItemProxy */;
		};
/* End PBXTargetDependency section */

/* Begin XCBuildConfiguration section */
		277ABEE21E96F68E008CC239 /* Debug */ = {
			isa = XCBuildConfiguration;
			buildSettings = {
				BUNDLE_LOADER = "$(TEST_HOST)";
				CLANG_ANALYZER_NUMBER_OBJECT_CONVERSION = YES_AGGRESSIVE;
				CLANG_WARN_DOCUMENTATION_COMMENTS = YES;
				DEVELOPMENT_TEAM = XK3RJ8E2L2;
				INFOPLIST_FILE = HabitRPG2Tests/Info.plist;
				IPHONEOS_DEPLOYMENT_TARGET = 10.3;
				LD_RUNPATH_SEARCH_PATHS = "$(inherited) @executable_path/Frameworks @loader_path/Frameworks";
				PRODUCT_BUNDLE_IDENTIFIER = JoelliusCzar.HabitRPG2Tests;
				PRODUCT_NAME = "$(TARGET_NAME)";
				TEST_HOST = "$(BUILT_PRODUCTS_DIR)/HabitRPG2.app/HabitRPG2";
			};
			name = Debug;
		};
		277ABEE31E96F68E008CC239 /* Release */ = {
			isa = XCBuildConfiguration;
			buildSettings = {
				BUNDLE_LOADER = "$(TEST_HOST)";
				CLANG_ANALYZER_NUMBER_OBJECT_CONVERSION = YES_AGGRESSIVE;
				CLANG_WARN_DOCUMENTATION_COMMENTS = YES;
				DEVELOPMENT_TEAM = XK3RJ8E2L2;
				INFOPLIST_FILE = HabitRPG2Tests/Info.plist;
				IPHONEOS_DEPLOYMENT_TARGET = 10.3;
				LD_RUNPATH_SEARCH_PATHS = "$(inherited) @executable_path/Frameworks @loader_path/Frameworks";
				PRODUCT_BUNDLE_IDENTIFIER = JoelliusCzar.HabitRPG2Tests;
				PRODUCT_NAME = "$(TARGET_NAME)";
				TEST_HOST = "$(BUILT_PRODUCTS_DIR)/HabitRPG2.app/HabitRPG2";
			};
			name = Release;
		};
		68F3F9D41D70E82E00840DD2 /* Debug */ = {
			isa = XCBuildConfiguration;
			buildSettings = {
				ALWAYS_SEARCH_USER_PATHS = NO;
				CLANG_ANALYZER_NONNULL = YES;
				CLANG_CXX_LANGUAGE_STANDARD = "gnu++0x";
				CLANG_CXX_LIBRARY = "libc++";
				CLANG_ENABLE_MODULES = YES;
				CLANG_ENABLE_OBJC_ARC = YES;
				CLANG_WARN_BOOL_CONVERSION = YES;
				CLANG_WARN_CONSTANT_CONVERSION = YES;
				CLANG_WARN_DIRECT_OBJC_ISA_USAGE = YES_ERROR;
				CLANG_WARN_EMPTY_BODY = YES;
				CLANG_WARN_ENUM_CONVERSION = YES;
				CLANG_WARN_INFINITE_RECURSION = YES;
				CLANG_WARN_INT_CONVERSION = YES;
				CLANG_WARN_OBJC_ROOT_CLASS = YES_ERROR;
				CLANG_WARN_SUSPICIOUS_MOVE = YES;
				CLANG_WARN_UNREACHABLE_CODE = YES;
				CLANG_WARN__DUPLICATE_METHOD_MATCH = YES;
				"CODE_SIGN_IDENTITY[sdk=iphoneos*]" = "iPhone Developer";
				COPY_PHASE_STRIP = NO;
				DEBUG_INFORMATION_FORMAT = dwarf;
				ENABLE_STRICT_OBJC_MSGSEND = YES;
				ENABLE_TESTABILITY = YES;
				GCC_C_LANGUAGE_STANDARD = gnu99;
				GCC_DYNAMIC_NO_PIC = NO;
				GCC_NO_COMMON_BLOCKS = YES;
				GCC_OPTIMIZATION_LEVEL = 0;
				GCC_PREPROCESSOR_DEFINITIONS = (
					"DEBUG=1",
					"$(inherited)",
				);
				GCC_WARN_64_TO_32_BIT_CONVERSION = YES;
				GCC_WARN_ABOUT_RETURN_TYPE = YES_ERROR;
				GCC_WARN_UNDECLARED_SELECTOR = YES;
				GCC_WARN_UNINITIALIZED_AUTOS = YES_AGGRESSIVE;
				GCC_WARN_UNUSED_FUNCTION = YES;
				GCC_WARN_UNUSED_VARIABLE = YES;
				IPHONEOS_DEPLOYMENT_TARGET = 9.3;
				MTL_ENABLE_DEBUG_INFO = YES;
				ONLY_ACTIVE_ARCH = YES;
				SDKROOT = iphoneos;
				TARGETED_DEVICE_FAMILY = "1,2";
			};
			name = Debug;
		};
		68F3F9D51D70E82E00840DD2 /* Release */ = {
			isa = XCBuildConfiguration;
			buildSettings = {
				ALWAYS_SEARCH_USER_PATHS = NO;
				CLANG_ANALYZER_NONNULL = YES;
				CLANG_CXX_LANGUAGE_STANDARD = "gnu++0x";
				CLANG_CXX_LIBRARY = "libc++";
				CLANG_ENABLE_MODULES = YES;
				CLANG_ENABLE_OBJC_ARC = YES;
				CLANG_WARN_BOOL_CONVERSION = YES;
				CLANG_WARN_CONSTANT_CONVERSION = YES;
				CLANG_WARN_DIRECT_OBJC_ISA_USAGE = YES_ERROR;
				CLANG_WARN_EMPTY_BODY = YES;
				CLANG_WARN_ENUM_CONVERSION = YES;
				CLANG_WARN_INFINITE_RECURSION = YES;
				CLANG_WARN_INT_CONVERSION = YES;
				CLANG_WARN_OBJC_ROOT_CLASS = YES_ERROR;
				CLANG_WARN_SUSPICIOUS_MOVE = YES;
				CLANG_WARN_UNREACHABLE_CODE = YES;
				CLANG_WARN__DUPLICATE_METHOD_MATCH = YES;
				"CODE_SIGN_IDENTITY[sdk=iphoneos*]" = "iPhone Developer";
				COPY_PHASE_STRIP = NO;
				DEBUG_INFORMATION_FORMAT = "dwarf-with-dsym";
				ENABLE_NS_ASSERTIONS = NO;
				ENABLE_STRICT_OBJC_MSGSEND = YES;
				GCC_C_LANGUAGE_STANDARD = gnu99;
				GCC_NO_COMMON_BLOCKS = YES;
				GCC_WARN_64_TO_32_BIT_CONVERSION = YES;
				GCC_WARN_ABOUT_RETURN_TYPE = YES_ERROR;
				GCC_WARN_UNDECLARED_SELECTOR = YES;
				GCC_WARN_UNINITIALIZED_AUTOS = YES_AGGRESSIVE;
				GCC_WARN_UNUSED_FUNCTION = YES;
				GCC_WARN_UNUSED_VARIABLE = YES;
				IPHONEOS_DEPLOYMENT_TARGET = 9.3;
				MTL_ENABLE_DEBUG_INFO = NO;
				SDKROOT = iphoneos;
				TARGETED_DEVICE_FAMILY = "1,2";
				VALIDATE_PRODUCT = YES;
			};
			name = Release;
		};
		68F3F9D71D70E82E00840DD2 /* Debug */ = {
			isa = XCBuildConfiguration;
			buildSettings = {
				ASSETCATALOG_COMPILER_APPICON_NAME = AppIcon;
				ASSETCATALOG_COMPILER_LAUNCHIMAGE_NAME = "Brand Assets";
				CODE_SIGN_IDENTITY = "iPhone Developer";
				COPY_HEADERS_RUN_UNIFDEF = NO;
				GCC_NO_COMMON_BLOCKS = YES;
				INFOPLIST_FILE = HabitRPG2/Info.plist;
				LD_RUNPATH_SEARCH_PATHS = "$(inherited) @executable_path/Frameworks";
				PRODUCT_BUNDLE_IDENTIFIER = JoelliusCzar.HabitRPG2;
				PRODUCT_NAME = "$(TARGET_NAME)";
				TARGETED_DEVICE_FAMILY = 1;
			};
			name = Debug;
		};
		68F3F9D81D70E82E00840DD2 /* Release */ = {
			isa = XCBuildConfiguration;
			buildSettings = {
				ASSETCATALOG_COMPILER_APPICON_NAME = AppIcon;
				ASSETCATALOG_COMPILER_LAUNCHIMAGE_NAME = "Brand Assets";
				CODE_SIGN_IDENTITY = "iPhone Developer";
				COPY_HEADERS_RUN_UNIFDEF = NO;
				GCC_NO_COMMON_BLOCKS = YES;
				INFOPLIST_FILE = HabitRPG2/Info.plist;
				LD_RUNPATH_SEARCH_PATHS = "$(inherited) @executable_path/Frameworks";
				PRODUCT_BUNDLE_IDENTIFIER = JoelliusCzar.HabitRPG2;
				PRODUCT_NAME = "$(TARGET_NAME)";
				TARGETED_DEVICE_FAMILY = 1;
			};
			name = Release;
		};
/* End XCBuildConfiguration section */

/* Begin XCConfigurationList section */
		277ABEE11E96F68E008CC239 /* Build configuration list for PBXNativeTarget "HabitRPG2Tests" */ = {
			isa = XCConfigurationList;
			buildConfigurations = (
				277ABEE21E96F68E008CC239 /* Debug */,
				277ABEE31E96F68E008CC239 /* Release */,
			);
			defaultConfigurationIsVisible = 0;
			defaultConfigurationName = Release;
		};
		68F3F9A41D70E82E00840DD2 /* Build configuration list for PBXProject "HabitRPG2" */ = {
			isa = XCConfigurationList;
			buildConfigurations = (
				68F3F9D41D70E82E00840DD2 /* Debug */,
				68F3F9D51D70E82E00840DD2 /* Release */,
			);
			defaultConfigurationIsVisible = 0;
			defaultConfigurationName = Release;
		};
		68F3F9D61D70E82E00840DD2 /* Build configuration list for PBXNativeTarget "HabitRPG2" */ = {
			isa = XCConfigurationList;
			buildConfigurations = (
				68F3F9D71D70E82E00840DD2 /* Debug */,
				68F3F9D81D70E82E00840DD2 /* Release */,
			);
			defaultConfigurationIsVisible = 0;
			defaultConfigurationName = Release;
		};
/* End XCConfigurationList section */

/* Begin XCVersionGroup section */
		273782391EE4DB9C00EA5B1D /* Model.xcdatamodeld */ = {
			isa = XCVersionGroup;
			children = (
				2709B3921EEF733400EEE5CC /* Model 23.xcdatamodel */,
				2737823F1EE4DE6900EA5B1D /* Model 22.xcdatamodel */,
				2737823A1EE4DB9C00EA5B1D /* Model 19.xcdatamodel */,
				2737823B1EE4DB9C00EA5B1D /* Model 20.xcdatamodel */,
				2737823C1EE4DB9C00EA5B1D /* Model 21.xcdatamodel */,
				2737823D1EE4DB9C00EA5B1D /* Model.xcdatamodel */,
			);
			currentVersion = 2709B3921EEF733400EEE5CC /* Model 23.xcdatamodel */;
			name = Model.xcdatamodeld;
			path = HabitRPG2/Model.xcdatamodeld;
			sourceTree = "<group>";
			versionGroupType = wrapper.xcdatamodel;
		};
/* End XCVersionGroup section */
	};
	rootObject = 68F3F9A11D70E82E00840DD2 /* Project object */;
}
